// !$*UTF8*$!
{
	archiveVersion = 1;
	classes = {
	};
	objectVersion = 52;
	objects = {

/* Begin PBXBuildFile section */
		8B0D1D3825324E090056FACA /* SDWebImageSwiftUI in Frameworks */ = {isa = PBXBuildFile; productRef = 8B0D1D3725324E090056FACA /* SDWebImageSwiftUI */; };
		8B0D1D6F253351EA0056FACA /* VisualEffects in Frameworks */ = {isa = PBXBuildFile; productRef = 8B0D1D6E253351EA0056FACA /* VisualEffects */; };
		8B0D1D76253363BF0056FACA /* MissionRecapCard.swift in Sources */ = {isa = PBXBuildFile; fileRef = 8B0D1D75253363BF0056FACA /* MissionRecapCard.swift */; };
		8B0D1D79253365660056FACA /* Card.swift in Sources */ = {isa = PBXBuildFile; fileRef = 8B0D1D78253365660056FACA /* Card.swift */; };
		8B46A5812530CE740084E52D /* NorminalApp.swift in Sources */ = {isa = PBXBuildFile; fileRef = 8B46A5802530CE740084E52D /* NorminalApp.swift */; };
		8B46A5832530CE740084E52D /* MainView.swift in Sources */ = {isa = PBXBuildFile; fileRef = 8B46A5822530CE740084E52D /* MainView.swift */; };
		8B46A5852530CE760084E52D /* Assets.xcassets in Resources */ = {isa = PBXBuildFile; fileRef = 8B46A5842530CE760084E52D /* Assets.xcassets */; };
		8B46A5882530CE760084E52D /* Preview Assets.xcassets in Resources */ = {isa = PBXBuildFile; fileRef = 8B46A5872530CE760084E52D /* Preview Assets.xcassets */; };
		8B46A5922530CF4D0084E52D /* LaunchView.swift in Sources */ = {isa = PBXBuildFile; fileRef = 8B46A5912530CF4D0084E52D /* LaunchView.swift */; };
		8B46A59B2530D87F0084E52D /* LaunchListTile.swift in Sources */ = {isa = PBXBuildFile; fileRef = 8B46A59A2530D87F0084E52D /* LaunchListTile.swift */; };
		8B46A5A0253118160084E52D /* FakeData.swift in Sources */ = {isa = PBXBuildFile; fileRef = 8B46A59F253118160084E52D /* FakeData.swift */; };
		8B46A5B22531EA730084E52D /* Launch.swift in Sources */ = {isa = PBXBuildFile; fileRef = 8B46A5B02531EA730084E52D /* Launch.swift */; };
		8B46A5B32531EA730084E52D /* SpaceXData.swift in Sources */ = {isa = PBXBuildFile; fileRef = 8B46A5B12531EA730084E52D /* SpaceXData.swift */; };
		8B692558253205E800D61C3F /* NavigationSearchBar in Frameworks */ = {isa = PBXBuildFile; productRef = 8B692557253205E800D61C3F /* NavigationSearchBar */; };
		8B69255B253206E900D61C3F /* LaunchDetailView.swift in Sources */ = {isa = PBXBuildFile; fileRef = 8B69255A253206E900D61C3F /* LaunchDetailView.swift */; };
		8B83E8A925375B10002AE62B /* SatelliteKit in Frameworks */ = {isa = PBXBuildFile; productRef = 8B83E8A825375B10002AE62B /* SatelliteKit */; };
		8B83E8B125376A5D002AE62B /* WebcastCard.swift in Sources */ = {isa = PBXBuildFile; fileRef = 8B83E8B025376A5D002AE62B /* WebcastCard.swift */; };
		8B83E8B425377270002AE62B /* RoundedButtonStyle.swift in Sources */ = {isa = PBXBuildFile; fileRef = 8B83E8B325377270002AE62B /* RoundedButtonStyle.swift */; };
		8B83E8B8253778C8002AE62B /* Alamofire in Frameworks */ = {isa = PBXBuildFile; productRef = 8B83E8B7253778C8002AE62B /* Alamofire */; };
		8B83E8BE25379B60002AE62B /* AstronautPicture.swift in Sources */ = {isa = PBXBuildFile; fileRef = 8B83E8BD25379B60002AE62B /* AstronautPicture.swift */; };
		8BB522AC253EE194006A9511 /* Astronaut.swift in Sources */ = {isa = PBXBuildFile; fileRef = 8BB522AB253EE194006A9511 /* Astronaut.swift */; };
		8BB522B1253EE685006A9511 /* AlamofireImage in Frameworks */ = {isa = PBXBuildFile; productRef = 8BB522B0253EE685006A9511 /* AlamofireImage */; };
		8BB5231825478833006A9511 /* CrewCard.swift in Sources */ = {isa = PBXBuildFile; fileRef = 8BB5231725478833006A9511 /* CrewCard.swift */; };
		8BB5231B25485F09006A9511 /* Launchpad.swift in Sources */ = {isa = PBXBuildFile; fileRef = 8BB5231A25485F09006A9511 /* Launchpad.swift */; };
		8BB5231E2548908D006A9511 /* Landpad.swift in Sources */ = {isa = PBXBuildFile; fileRef = 8BB5231D2548908D006A9511 /* Landpad.swift */; };
/* End PBXBuildFile section */

/* Begin PBXFileReference section */
		8B0D1D75253363BF0056FACA /* MissionRecapCard.swift */ = {isa = PBXFileReference; lastKnownFileType = sourcecode.swift; path = MissionRecapCard.swift; sourceTree = "<group>"; };
		8B0D1D78253365660056FACA /* Card.swift */ = {isa = PBXFileReference; lastKnownFileType = sourcecode.swift; path = Card.swift; sourceTree = "<group>"; };
		8B46A57D2530CE740084E52D /* Norminal.app */ = {isa = PBXFileReference; explicitFileType = wrapper.application; includeInIndex = 0; path = Norminal.app; sourceTree = BUILT_PRODUCTS_DIR; };
		8B46A5802530CE740084E52D /* NorminalApp.swift */ = {isa = PBXFileReference; lastKnownFileType = sourcecode.swift; path = NorminalApp.swift; sourceTree = "<group>"; };
		8B46A5822530CE740084E52D /* MainView.swift */ = {isa = PBXFileReference; lastKnownFileType = sourcecode.swift; path = MainView.swift; sourceTree = "<group>"; };
		8B46A5842530CE760084E52D /* Assets.xcassets */ = {isa = PBXFileReference; lastKnownFileType = folder.assetcatalog; path = Assets.xcassets; sourceTree = "<group>"; };
		8B46A5872530CE760084E52D /* Preview Assets.xcassets */ = {isa = PBXFileReference; lastKnownFileType = folder.assetcatalog; path = "Preview Assets.xcassets"; sourceTree = "<group>"; };
		8B46A5892530CE760084E52D /* Info.plist */ = {isa = PBXFileReference; lastKnownFileType = text.plist.xml; path = Info.plist; sourceTree = "<group>"; };
		8B46A5912530CF4D0084E52D /* LaunchView.swift */ = {isa = PBXFileReference; lastKnownFileType = sourcecode.swift; path = LaunchView.swift; sourceTree = "<group>"; };
		8B46A59A2530D87F0084E52D /* LaunchListTile.swift */ = {isa = PBXFileReference; lastKnownFileType = sourcecode.swift; path = LaunchListTile.swift; sourceTree = "<group>"; };
		8B46A59F253118160084E52D /* FakeData.swift */ = {isa = PBXFileReference; lastKnownFileType = sourcecode.swift; path = FakeData.swift; sourceTree = "<group>"; };
		8B46A5B02531EA730084E52D /* Launch.swift */ = {isa = PBXFileReference; fileEncoding = 4; lastKnownFileType = sourcecode.swift; path = Launch.swift; sourceTree = "<group>"; };
		8B46A5B12531EA730084E52D /* SpaceXData.swift */ = {isa = PBXFileReference; fileEncoding = 4; lastKnownFileType = sourcecode.swift; path = SpaceXData.swift; sourceTree = "<group>"; };
		8B69255A253206E900D61C3F /* LaunchDetailView.swift */ = {isa = PBXFileReference; lastKnownFileType = sourcecode.swift; path = LaunchDetailView.swift; sourceTree = "<group>"; };
		8B83E8B025376A5D002AE62B /* WebcastCard.swift */ = {isa = PBXFileReference; lastKnownFileType = sourcecode.swift; path = WebcastCard.swift; sourceTree = "<group>"; };
		8B83E8B325377270002AE62B /* RoundedButtonStyle.swift */ = {isa = PBXFileReference; lastKnownFileType = sourcecode.swift; path = RoundedButtonStyle.swift; sourceTree = "<group>"; };
		8B83E8BD25379B60002AE62B /* AstronautPicture.swift */ = {isa = PBXFileReference; lastKnownFileType = sourcecode.swift; path = AstronautPicture.swift; sourceTree = "<group>"; };
		8BB522AB253EE194006A9511 /* Astronaut.swift */ = {isa = PBXFileReference; lastKnownFileType = sourcecode.swift; path = Astronaut.swift; sourceTree = "<group>"; };
		8BB5231725478833006A9511 /* CrewCard.swift */ = {isa = PBXFileReference; lastKnownFileType = sourcecode.swift; path = CrewCard.swift; sourceTree = "<group>"; };
		8BB5231A25485F09006A9511 /* Launchpad.swift */ = {isa = PBXFileReference; lastKnownFileType = sourcecode.swift; path = Launchpad.swift; sourceTree = "<group>"; };
		8BB5231D2548908D006A9511 /* Landpad.swift */ = {isa = PBXFileReference; lastKnownFileType = sourcecode.swift; path = Landpad.swift; sourceTree = "<group>"; };
		8BB5232025489817006A9511 /* README.md */ = {isa = PBXFileReference; lastKnownFileType = net.daringfireball.markdown; path = README.md; sourceTree = "<group>"; };
		8BB5232225489842006A9511 /* logo.png */ = {isa = PBXFileReference; lastKnownFileType = image.png; path = logo.png; sourceTree = "<group>"; };
/* End PBXFileReference section */

/* Begin PBXFrameworksBuildPhase section */
		8B46A57A2530CE740084E52D /* Frameworks */ = {
			isa = PBXFrameworksBuildPhase;
			buildActionMask = 2147483647;
			files = (
				8B83E8B8253778C8002AE62B /* Alamofire in Frameworks */,
				8B0D1D6F253351EA0056FACA /* VisualEffects in Frameworks */,
				8B0D1D3825324E090056FACA /* SDWebImageSwiftUI in Frameworks */,
				8B692558253205E800D61C3F /* NavigationSearchBar in Frameworks */,
				8B83E8A925375B10002AE62B /* SatelliteKit in Frameworks */,
				8BB522B1253EE685006A9511 /* AlamofireImage in Frameworks */,
			);
			runOnlyForDeploymentPostprocessing = 0;
		};
/* End PBXFrameworksBuildPhase section */

/* Begin PBXGroup section */
		8B46A5742530CE740084E52D = {
			isa = PBXGroup;
			children = (
				8BB5232125489827006A9511 /* res */,
				8BB5232025489817006A9511 /* README.md */,
				8B46A57F2530CE740084E52D /* Norminal */,
			);
			sourceTree = "<group>";
		};
		8B46A57E2530CE740084E52D /* Products */ = {
			isa = PBXGroup;
			children = (
				8B46A57D2530CE740084E52D /* Norminal.app */,
			);
			name = Products;
			path = ..;
			sourceTree = "<group>";
		};
		8B46A57F2530CE740084E52D /* Norminal */ = {
			isa = PBXGroup;
			children = (
				8B83E8AC253769BD002AE62B /* Views */,
				8B46A5AE2531EA730084E52D /* Data */,
				8B46A5802530CE740084E52D /* NorminalApp.swift */,
				8B46A5842530CE760084E52D /* Assets.xcassets */,
				8B46A5892530CE760084E52D /* Info.plist */,
				8B46A57E2530CE740084E52D /* Products */,
				8B46A5862530CE760084E52D /* Preview Content */,
			);
			path = Norminal;
			sourceTree = "<group>";
		};
		8B46A5862530CE760084E52D /* Preview Content */ = {
			isa = PBXGroup;
			children = (
				8B46A5872530CE760084E52D /* Preview Assets.xcassets */,
				8B46A59F253118160084E52D /* FakeData.swift */,
			);
			path = "Preview Content";
			sourceTree = "<group>";
		};
		8B46A5AE2531EA730084E52D /* Data */ = {
			isa = PBXGroup;
			children = (
				8B46A5AF2531EA730084E52D /* SpaceX */,
			);
			path = Data;
			sourceTree = "<group>";
		};
		8B46A5AF2531EA730084E52D /* SpaceX */ = {
			isa = PBXGroup;
			children = (
				8B46A5B12531EA730084E52D /* SpaceXData.swift */,
				8BB522AB253EE194006A9511 /* Astronaut.swift */,
				8B46A5B02531EA730084E52D /* Launch.swift */,
				8BB5231A25485F09006A9511 /* Launchpad.swift */,
				8BB5231D2548908D006A9511 /* Landpad.swift */,
			);
			path = SpaceX;
			sourceTree = "<group>";
		};
		8B83E8AB253769AE002AE62B /* Cards */ = {
			isa = PBXGroup;
			children = (
				8B0D1D78253365660056FACA /* Card.swift */,
				8B83E8B025376A5D002AE62B /* WebcastCard.swift */,
				8BB5231725478833006A9511 /* CrewCard.swift */,
			);
			path = Cards;
			sourceTree = "<group>";
		};
		8B83E8AC253769BD002AE62B /* Views */ = {
			isa = PBXGroup;
			children = (
				8B46A5822530CE740084E52D /* MainView.swift */,
				8B83E8BD25379B60002AE62B /* AstronautPicture.swift */,
				8B83E8AD253769F4002AE62B /* Launch list */,
				8B83E8AE25376A07002AE62B /* Launch detail */,
				8B83E8B325377270002AE62B /* RoundedButtonStyle.swift */,
			);
			path = Views;
			sourceTree = "<group>";
		};
		8B83E8AD253769F4002AE62B /* Launch list */ = {
			isa = PBXGroup;
			children = (
				8B46A5912530CF4D0084E52D /* LaunchView.swift */,
				8B46A59A2530D87F0084E52D /* LaunchListTile.swift */,
			);
			path = "Launch list";
			sourceTree = "<group>";
		};
		8B83E8AE25376A07002AE62B /* Launch detail */ = {
			isa = PBXGroup;
			children = (
				8B83E8AB253769AE002AE62B /* Cards */,
				8B69255A253206E900D61C3F /* LaunchDetailView.swift */,
				8B0D1D75253363BF0056FACA /* MissionRecapCard.swift */,
			);
			path = "Launch detail";
			sourceTree = "<group>";
		};
		8BB5232125489827006A9511 /* res */ = {
			isa = PBXGroup;
			children = (
				8BB5232225489842006A9511 /* logo.png */,
			);
			path = res;
			sourceTree = "<group>";
		};
/* End PBXGroup section */

/* Begin PBXNativeTarget section */
		8B46A57C2530CE740084E52D /* Norminal */ = {
			isa = PBXNativeTarget;
			buildConfigurationList = 8B46A58C2530CE760084E52D /* Build configuration list for PBXNativeTarget "Norminal" */;
			buildPhases = (
				8B46A5792530CE740084E52D /* Sources */,
				8B46A57A2530CE740084E52D /* Frameworks */,
				8B46A57B2530CE740084E52D /* Resources */,
			);
			buildRules = (
			);
			dependencies = (
			);
			name = Norminal;
			packageProductDependencies = (
				8B692557253205E800D61C3F /* NavigationSearchBar */,
				8B0D1D3725324E090056FACA /* SDWebImageSwiftUI */,
				8B0D1D6E253351EA0056FACA /* VisualEffects */,
				8B83E8A825375B10002AE62B /* SatelliteKit */,
				8B83E8B7253778C8002AE62B /* Alamofire */,
				8BB522B0253EE685006A9511 /* AlamofireImage */,
			);
			productName = Norminal;
			productReference = 8B46A57D2530CE740084E52D /* Norminal.app */;
			productType = "com.apple.product-type.application";
		};
/* End PBXNativeTarget section */

/* Begin PBXProject section */
		8B46A5752530CE740084E52D /* Project object */ = {
			isa = PBXProject;
			attributes = {
				LastSwiftUpdateCheck = 1200;
				LastUpgradeCheck = 1200;
				TargetAttributes = {
					8B46A57C2530CE740084E52D = {
						CreatedOnToolsVersion = 12.0.1;
					};
				};
			};
			buildConfigurationList = 8B46A5782530CE740084E52D /* Build configuration list for PBXProject "Norminal" */;
			compatibilityVersion = "Xcode 9.3";
			developmentRegion = en;
			hasScannedForEncodings = 0;
			knownRegions = (
				en,
				Base,
			);
			mainGroup = 8B46A5742530CE740084E52D;
			packageReferences = (
				8B692556253205E800D61C3F /* XCRemoteSwiftPackageReference "NavigationSearchBar" */,
				8B0D1D3625324E090056FACA /* XCRemoteSwiftPackageReference "SDWebImageSwiftUI" */,
				8B0D1D6D253351EA0056FACA /* XCRemoteSwiftPackageReference "VisualEffects" */,
				8B83E8A725375B10002AE62B /* XCRemoteSwiftPackageReference "SatelliteKit" */,
				8B83E8B6253778C8002AE62B /* XCRemoteSwiftPackageReference "Alamofire" */,
				8BB522AF253EE685006A9511 /* XCRemoteSwiftPackageReference "AlamofireImage" */,
			);
			productRefGroup = 8B46A57E2530CE740084E52D /* Products */;
			projectDirPath = "";
			projectRoot = "";
			targets = (
				8B46A57C2530CE740084E52D /* Norminal */,
			);
		};
/* End PBXProject section */

/* Begin PBXResourcesBuildPhase section */
		8B46A57B2530CE740084E52D /* Resources */ = {
			isa = PBXResourcesBuildPhase;
			buildActionMask = 2147483647;
			files = (
				8B46A5882530CE760084E52D /* Preview Assets.xcassets in Resources */,
				8B46A5852530CE760084E52D /* Assets.xcassets in Resources */,
			);
			runOnlyForDeploymentPostprocessing = 0;
		};
/* End PBXResourcesBuildPhase section */

/* Begin PBXSourcesBuildPhase section */
		8B46A5792530CE740084E52D /* Sources */ = {
			isa = PBXSourcesBuildPhase;
			buildActionMask = 2147483647;
			files = (
				8B46A5832530CE740084E52D /* MainView.swift in Sources */,
				8BB5231E2548908D006A9511 /* Landpad.swift in Sources */,
				8BB5231825478833006A9511 /* CrewCard.swift in Sources */,
				8B46A5B32531EA730084E52D /* SpaceXData.swift in Sources */,
				8B69255B253206E900D61C3F /* LaunchDetailView.swift in Sources */,
				8BB522AC253EE194006A9511 /* Astronaut.swift in Sources */,
				8B46A5922530CF4D0084E52D /* LaunchView.swift in Sources */,
				8B46A5B22531EA730084E52D /* Launch.swift in Sources */,
				8B83E8B425377270002AE62B /* RoundedButtonStyle.swift in Sources */,
				8B83E8BE25379B60002AE62B /* AstronautPicture.swift in Sources */,
				8B46A5A0253118160084E52D /* FakeData.swift in Sources */,
				8BB5231B25485F09006A9511 /* Launchpad.swift in Sources */,
				8B83E8B125376A5D002AE62B /* WebcastCard.swift in Sources */,
				8B46A5812530CE740084E52D /* NorminalApp.swift in Sources */,
				8B0D1D79253365660056FACA /* Card.swift in Sources */,
				8B0D1D76253363BF0056FACA /* MissionRecapCard.swift in Sources */,
				8B46A59B2530D87F0084E52D /* LaunchListTile.swift in Sources */,
			);
			runOnlyForDeploymentPostprocessing = 0;
		};
/* End PBXSourcesBuildPhase section */

/* Begin XCBuildConfiguration section */
		8B46A58A2530CE760084E52D /* Debug */ = {
			isa = XCBuildConfiguration;
			buildSettings = {
				ALWAYS_SEARCH_USER_PATHS = NO;
				CLANG_ANALYZER_NONNULL = YES;
				CLANG_ANALYZER_NUMBER_OBJECT_CONVERSION = YES_AGGRESSIVE;
				CLANG_CXX_LANGUAGE_STANDARD = "gnu++14";
				CLANG_CXX_LIBRARY = "libc++";
				CLANG_ENABLE_MODULES = YES;
				CLANG_ENABLE_OBJC_ARC = YES;
				CLANG_ENABLE_OBJC_WEAK = YES;
				CLANG_WARN_BLOCK_CAPTURE_AUTORELEASING = YES;
				CLANG_WARN_BOOL_CONVERSION = YES;
				CLANG_WARN_COMMA = YES;
				CLANG_WARN_CONSTANT_CONVERSION = YES;
				CLANG_WARN_DEPRECATED_OBJC_IMPLEMENTATIONS = YES;
				CLANG_WARN_DIRECT_OBJC_ISA_USAGE = YES_ERROR;
				CLANG_WARN_DOCUMENTATION_COMMENTS = YES;
				CLANG_WARN_EMPTY_BODY = YES;
				CLANG_WARN_ENUM_CONVERSION = YES;
				CLANG_WARN_INFINITE_RECURSION = YES;
				CLANG_WARN_INT_CONVERSION = YES;
				CLANG_WARN_NON_LITERAL_NULL_CONVERSION = YES;
				CLANG_WARN_OBJC_IMPLICIT_RETAIN_SELF = YES;
				CLANG_WARN_OBJC_LITERAL_CONVERSION = YES;
				CLANG_WARN_OBJC_ROOT_CLASS = YES_ERROR;
				CLANG_WARN_QUOTED_INCLUDE_IN_FRAMEWORK_HEADER = YES;
				CLANG_WARN_RANGE_LOOP_ANALYSIS = YES;
				CLANG_WARN_STRICT_PROTOTYPES = YES;
				CLANG_WARN_SUSPICIOUS_MOVE = YES;
				CLANG_WARN_UNGUARDED_AVAILABILITY = YES_AGGRESSIVE;
				CLANG_WARN_UNREACHABLE_CODE = YES;
				CLANG_WARN__DUPLICATE_METHOD_MATCH = YES;
				COPY_PHASE_STRIP = NO;
				DEBUG_INFORMATION_FORMAT = dwarf;
				ENABLE_STRICT_OBJC_MSGSEND = YES;
				ENABLE_TESTABILITY = YES;
				GCC_C_LANGUAGE_STANDARD = gnu11;
				GCC_DYNAMIC_NO_PIC = NO;
				GCC_NO_COMMON_BLOCKS = YES;
				GCC_OPTIMIZATION_LEVEL = 0;
				GCC_PREPROCESSOR_DEFINITIONS = (
					"DEBUG=1",
					"$(inherited)",
				);
				GCC_WARN_64_TO_32_BIT_CONVERSION = YES;
				GCC_WARN_ABOUT_RETURN_TYPE = YES_ERROR;
				GCC_WARN_UNDECLARED_SELECTOR = YES;
				GCC_WARN_UNINITIALIZED_AUTOS = YES_AGGRESSIVE;
				GCC_WARN_UNUSED_FUNCTION = YES;
				GCC_WARN_UNUSED_VARIABLE = YES;
				IPHONEOS_DEPLOYMENT_TARGET = 14.0;
				MTL_ENABLE_DEBUG_INFO = INCLUDE_SOURCE;
				MTL_FAST_MATH = YES;
				ONLY_ACTIVE_ARCH = YES;
				SDKROOT = iphoneos;
				SWIFT_ACTIVE_COMPILATION_CONDITIONS = DEBUG;
				SWIFT_OPTIMIZATION_LEVEL = "-Onone";
			};
			name = Debug;
		};
		8B46A58B2530CE760084E52D /* Release */ = {
			isa = XCBuildConfiguration;
			buildSettings = {
				ALWAYS_SEARCH_USER_PATHS = NO;
				CLANG_ANALYZER_NONNULL = YES;
				CLANG_ANALYZER_NUMBER_OBJECT_CONVERSION = YES_AGGRESSIVE;
				CLANG_CXX_LANGUAGE_STANDARD = "gnu++14";
				CLANG_CXX_LIBRARY = "libc++";
				CLANG_ENABLE_MODULES = YES;
				CLANG_ENABLE_OBJC_ARC = YES;
				CLANG_ENABLE_OBJC_WEAK = YES;
				CLANG_WARN_BLOCK_CAPTURE_AUTORELEASING = YES;
				CLANG_WARN_BOOL_CONVERSION = YES;
				CLANG_WARN_COMMA = YES;
				CLANG_WARN_CONSTANT_CONVERSION = YES;
				CLANG_WARN_DEPRECATED_OBJC_IMPLEMENTATIONS = YES;
				CLANG_WARN_DIRECT_OBJC_ISA_USAGE = YES_ERROR;
				CLANG_WARN_DOCUMENTATION_COMMENTS = YES;
				CLANG_WARN_EMPTY_BODY = YES;
				CLANG_WARN_ENUM_CONVERSION = YES;
				CLANG_WARN_INFINITE_RECURSION = YES;
				CLANG_WARN_INT_CONVERSION = YES;
				CLANG_WARN_NON_LITERAL_NULL_CONVERSION = YES;
				CLANG_WARN_OBJC_IMPLICIT_RETAIN_SELF = YES;
				CLANG_WARN_OBJC_LITERAL_CONVERSION = YES;
				CLANG_WARN_OBJC_ROOT_CLASS = YES_ERROR;
				CLANG_WARN_QUOTED_INCLUDE_IN_FRAMEWORK_HEADER = YES;
				CLANG_WARN_RANGE_LOOP_ANALYSIS = YES;
				CLANG_WARN_STRICT_PROTOTYPES = YES;
				CLANG_WARN_SUSPICIOUS_MOVE = YES;
				CLANG_WARN_UNGUARDED_AVAILABILITY = YES_AGGRESSIVE;
				CLANG_WARN_UNREACHABLE_CODE = YES;
				CLANG_WARN__DUPLICATE_METHOD_MATCH = YES;
				COPY_PHASE_STRIP = NO;
				DEBUG_INFORMATION_FORMAT = "dwarf-with-dsym";
				ENABLE_NS_ASSERTIONS = NO;
				ENABLE_STRICT_OBJC_MSGSEND = YES;
				GCC_C_LANGUAGE_STANDARD = gnu11;
				GCC_NO_COMMON_BLOCKS = YES;
				GCC_WARN_64_TO_32_BIT_CONVERSION = YES;
				GCC_WARN_ABOUT_RETURN_TYPE = YES_ERROR;
				GCC_WARN_UNDECLARED_SELECTOR = YES;
				GCC_WARN_UNINITIALIZED_AUTOS = YES_AGGRESSIVE;
				GCC_WARN_UNUSED_FUNCTION = YES;
				GCC_WARN_UNUSED_VARIABLE = YES;
				IPHONEOS_DEPLOYMENT_TARGET = 14.0;
				MTL_ENABLE_DEBUG_INFO = NO;
				MTL_FAST_MATH = YES;
				SDKROOT = iphoneos;
				SWIFT_COMPILATION_MODE = wholemodule;
				SWIFT_OPTIMIZATION_LEVEL = "-O";
				VALIDATE_PRODUCT = YES;
			};
			name = Release;
		};
		8B46A58D2530CE760084E52D /* Debug */ = {
			isa = XCBuildConfiguration;
			buildSettings = {
				ASSETCATALOG_COMPILER_APPICON_NAME = AppIcon;
				ASSETCATALOG_COMPILER_GLOBAL_ACCENT_COLOR_NAME = AccentColor;
				CODE_SIGN_STYLE = Automatic;
				DEVELOPMENT_ASSET_PATHS = "\"Norminal/Preview Content\"";
				DEVELOPMENT_TEAM = BZTVD28H6K;
				ENABLE_PREVIEWS = YES;
				INFOPLIST_FILE = Norminal/Info.plist;
				IPHONEOS_DEPLOYMENT_TARGET = 14.0;
				LD_RUNPATH_SEARCH_PATHS = (
					"$(inherited)",
					"@executable_path/Frameworks",
				);
				PRODUCT_BUNDLE_IDENTIFIER = com.persello.Norminal;
				PRODUCT_NAME = "$(TARGET_NAME)";
				SWIFT_VERSION = 5.0;
				TARGETED_DEVICE_FAMILY = "1,2";
			};
			name = Debug;
		};
		8B46A58E2530CE760084E52D /* Release */ = {
			isa = XCBuildConfiguration;
			buildSettings = {
				ASSETCATALOG_COMPILER_APPICON_NAME = AppIcon;
				ASSETCATALOG_COMPILER_GLOBAL_ACCENT_COLOR_NAME = AccentColor;
				CODE_SIGN_STYLE = Automatic;
				DEVELOPMENT_ASSET_PATHS = "\"Norminal/Preview Content\"";
				DEVELOPMENT_TEAM = BZTVD28H6K;
				ENABLE_PREVIEWS = YES;
				INFOPLIST_FILE = Norminal/Info.plist;
				IPHONEOS_DEPLOYMENT_TARGET = 14.0;
				LD_RUNPATH_SEARCH_PATHS = (
					"$(inherited)",
					"@executable_path/Frameworks",
				);
				PRODUCT_BUNDLE_IDENTIFIER = com.persello.Norminal;
				PRODUCT_NAME = "$(TARGET_NAME)";
				SWIFT_VERSION = 5.0;
				TARGETED_DEVICE_FAMILY = "1,2";
			};
			name = Release;
		};
/* End XCBuildConfiguration section */

/* Begin XCConfigurationList section */
		8B46A5782530CE740084E52D /* Build configuration list for PBXProject "Norminal" */ = {
			isa = XCConfigurationList;
			buildConfigurations = (
				8B46A58A2530CE760084E52D /* Debug */,
				8B46A58B2530CE760084E52D /* Release */,
			);
			defaultConfigurationIsVisible = 0;
			defaultConfigurationName = Release;
		};
		8B46A58C2530CE760084E52D /* Build configuration list for PBXNativeTarget "Norminal" */ = {
			isa = XCConfigurationList;
			buildConfigurations = (
				8B46A58D2530CE760084E52D /* Debug */,
				8B46A58E2530CE760084E52D /* Release */,
			);
			defaultConfigurationIsVisible = 0;
			defaultConfigurationName = Release;
		};
/* End XCConfigurationList section */

/* Begin XCRemoteSwiftPackageReference section */
		8B0D1D3625324E090056FACA /* XCRemoteSwiftPackageReference "SDWebImageSwiftUI" */ = {
			isa = XCRemoteSwiftPackageReference;
			repositoryURL = "https://github.com/SDWebImage/SDWebImageSwiftUI.git";
			requirement = {
				kind = upToNextMajorVersion;
				minimumVersion = 1.5.0;
			};
		};
		8B0D1D6D253351EA0056FACA /* XCRemoteSwiftPackageReference "VisualEffects" */ = {
			isa = XCRemoteSwiftPackageReference;
			repositoryURL = "https://github.com/twostraws/VisualEffects";
			requirement = {
				kind = upToNextMajorVersion;
				minimumVersion = 1.0.3;
			};
		};
		8B692556253205E800D61C3F /* XCRemoteSwiftPackageReference "NavigationSearchBar" */ = {
			isa = XCRemoteSwiftPackageReference;
			repositoryURL = "https://github.com/markvanwijnen/NavigationSearchBar.git";
			requirement = {
				kind = upToNextMajorVersion;
				minimumVersion = 1.0.0;
			};
		};
		8B83E8A725375B10002AE62B /* XCRemoteSwiftPackageReference "SatelliteKit" */ = {
			isa = XCRemoteSwiftPackageReference;
			repositoryURL = "https://github.com/gavineadie/SatelliteKit.git";
			requirement = {
				kind = upToNextMajorVersion;
				minimumVersion = 1.0.25;
			};
		};
		8B83E8B6253778C8002AE62B /* XCRemoteSwiftPackageReference "Alamofire" */ = {
			isa = XCRemoteSwiftPackageReference;
			repositoryURL = "https://github.com/Alamofire/Alamofire.git";
			requirement = {
				kind = upToNextMajorVersion;
				minimumVersion = 5.2.2;
			};
		};
		8BB522AF253EE685006A9511 /* XCRemoteSwiftPackageReference "AlamofireImage" */ = {
			isa = XCRemoteSwiftPackageReference;
			repositoryURL = "https://github.com/Alamofire/AlamofireImage.git";
			requirement = {
				kind = upToNextMajorVersion;
				minimumVersion = 4.1.0;
			};
		};
/* End XCRemoteSwiftPackageReference section */

/* Begin XCSwiftPackageProductDependency section */
		8B0D1D3725324E090056FACA /* SDWebImageSwiftUI */ = {
			isa = XCSwiftPackageProductDependency;
			package = 8B0D1D3625324E090056FACA /* XCRemoteSwiftPackageReference "SDWebImageSwiftUI" */;
			productName = SDWebImageSwiftUI;
		};
		8B0D1D6E253351EA0056FACA /* VisualEffects */ = {
			isa = XCSwiftPackageProductDependency;
			package = 8B0D1D6D253351EA0056FACA /* XCRemoteSwiftPackageReference "VisualEffects" */;
			productName = VisualEffects;
		};
		8B692557253205E800D61C3F /* NavigationSearchBar */ = {
			isa = XCSwiftPackageProductDependency;
			package = 8B692556253205E800D61C3F /* XCRemoteSwiftPackageReference "NavigationSearchBar" */;
			productName = NavigationSearchBar;
		};
		8B83E8A825375B10002AE62B /* SatelliteKit */ = {
			isa = XCSwiftPackageProductDependency;
			package = 8B83E8A725375B10002AE62B /* XCRemoteSwiftPackageReference "SatelliteKit" */;
			productName = SatelliteKit;
		};
		8B83E8B7253778C8002AE62B /* Alamofire */ = {
			isa = XCSwiftPackageProductDependency;
			package = 8B83E8B6253778C8002AE62B /* XCRemoteSwiftPackageReference "Alamofire" */;
			productName = Alamofire;
		};
		8BB522B0253EE685006A9511 /* AlamofireImage */ = {
			isa = XCSwiftPackageProductDependency;
			package = 8BB522AF253EE685006A9511 /* XCRemoteSwiftPackageReference "AlamofireImage" */;
			productName = AlamofireImage;
		};
/* End XCSwiftPackageProductDependency section */
	};
	rootObject = 8B46A5752530CE740084E52D /* Project object */;
}
