// !$*UTF8*$!
{
	archiveVersion = 1;
	classes = {
	};
	objectVersion = 54;
	objects = {

/* Begin PBXBuildFile section */
		8B01A0302653132C009E2CD9 /* RocketSecondStageSection.swift in Sources */ = {isa = PBXBuildFile; fileRef = 8B01A02F2653132C009E2CD9 /* RocketSecondStageSection.swift */; };
		8B01A03226531680009E2CD9 /* RocketEnginesSection.swift in Sources */ = {isa = PBXBuildFile; fileRef = 8B01A03126531680009E2CD9 /* RocketEnginesSection.swift */; };
		8B03EF5326507969006FCC35 /* RocketSheet.swift in Sources */ = {isa = PBXBuildFile; fileRef = 8BBCBC1C264DDCEF00937206 /* RocketSheet.swift */; };
		8B03EF5526507C4C006FCC35 /* InformationRow.swift in Sources */ = {isa = PBXBuildFile; fileRef = 8B03EF5426507C4C006FCC35 /* InformationRow.swift */; };
		8B03EF5626507C4C006FCC35 /* InformationRow.swift in Sources */ = {isa = PBXBuildFile; fileRef = 8B03EF5426507C4C006FCC35 /* InformationRow.swift */; };
		8B07905225F2FC41006CD9BE /* PayloadCard.swift in Sources */ = {isa = PBXBuildFile; fileRef = 8B07905125F2FC41006CD9BE /* PayloadCard.swift */; };
		8B0D1D6F253351EA0056FACA /* VisualEffects in Frameworks */ = {isa = PBXBuildFile; productRef = 8B0D1D6E253351EA0056FACA /* VisualEffects */; };
		8B0D1D76253363BF0056FACA /* MissionRecapView.swift in Sources */ = {isa = PBXBuildFile; fileRef = 8B0D1D75253363BF0056FACA /* MissionRecapView.swift */; };
		8B0D1D79253365660056FACA /* Card.swift in Sources */ = {isa = PBXBuildFile; fileRef = 8B0D1D78253365660056FACA /* Card.swift */; };
		8B133205264164E400638038 /* MapMarkers.swift in Sources */ = {isa = PBXBuildFile; fileRef = 8B5459F92641469800373B8B /* MapMarkers.swift */; };
		8B133206264164E500638038 /* MapMarkers.swift in Sources */ = {isa = PBXBuildFile; fileRef = 8B5459F92641469800373B8B /* MapMarkers.swift */; };
		8B29D08F2610B3F700FBA0C5 /* NotSelectedView.swift in Sources */ = {isa = PBXBuildFile; fileRef = 8B29D08E2610B3F700FBA0C5 /* NotSelectedView.swift */; };
		8B29D0922610B78500FBA0C5 /* LaunchListView.swift in Sources */ = {isa = PBXBuildFile; fileRef = 8B29D0912610B78500FBA0C5 /* LaunchListView.swift */; };
		8B29D0932610B80C00FBA0C5 /* Capsule.swift in Sources */ = {isa = PBXBuildFile; fileRef = 8BA4D6EA260E50150096CE96 /* Capsule.swift */; };
		8B29D0942610B80C00FBA0C5 /* AdditionalCodingKeys.swift in Sources */ = {isa = PBXBuildFile; fileRef = 8BB7202E260E260F00B8433C /* AdditionalCodingKeys.swift */; };
		8B29D0962610B80C00FBA0C5 /* FakeData.swift in Sources */ = {isa = PBXBuildFile; fileRef = 8B46A59F253118160084E52D /* FakeData.swift */; };
		8B29D0972610B80C00FBA0C5 /* History.swift in Sources */ = {isa = PBXBuildFile; fileRef = 8BA4D705260E50890096CE96 /* History.swift */; };
		8B29D0992610B80C00FBA0C5 /* Landpad.swift in Sources */ = {isa = PBXBuildFile; fileRef = 8BF143E025F10C370045B95D /* Landpad.swift */; };
		8B29D09A2610B80C00FBA0C5 /* UnitForce.swift in Sources */ = {isa = PBXBuildFile; fileRef = 8BDF3D98260D4D2400DE48DD /* UnitForce.swift */; };
		8B29D09B2610B80C00FBA0C5 /* Launch.swift in Sources */ = {isa = PBXBuildFile; fileRef = 8BF143DF25F10C370045B95D /* Launch.swift */; };
		8B29D09C2610B80C00FBA0C5 /* Secrets.swift in Sources */ = {isa = PBXBuildFile; fileRef = 8BF143DA25F10C370045B95D /* Secrets.swift */; };
		8B29D09D2610B80C00FBA0C5 /* WeatherAPI.swift in Sources */ = {isa = PBXBuildFile; fileRef = 8BF143DC25F10C370045B95D /* WeatherAPI.swift */; };
		8B29D09E2610B80C00FBA0C5 /* CompanyInfo.swift in Sources */ = {isa = PBXBuildFile; fileRef = 8BA4D6ED260E50240096CE96 /* CompanyInfo.swift */; };
		8B29D09F2610B80C00FBA0C5 /* Astronaut.swift in Sources */ = {isa = PBXBuildFile; fileRef = 8BF143E225F10C370045B95D /* Astronaut.swift */; };
		8B29D0A02610B80C00FBA0C5 /* Rocket.swift in Sources */ = {isa = PBXBuildFile; fileRef = 8B9255B725F2DB4E0059CB2E /* Rocket.swift */; };
		8B29D0A12610B80C00FBA0C5 /* Core.swift in Sources */ = {isa = PBXBuildFile; fileRef = 8BA4D6F0260E502F0096CE96 /* Core.swift */; };
		8B29D0A22610B80C00FBA0C5 /* Ship.swift in Sources */ = {isa = PBXBuildFile; fileRef = 8BA4D6FF260E50740096CE96 /* Ship.swift */; };
		8B29D0A32610B80C00FBA0C5 /* Dragon.swift in Sources */ = {isa = PBXBuildFile; fileRef = 8BA4D6F3260E503C0096CE96 /* Dragon.swift */; };
		8B29D0A42610B80C00FBA0C5 /* Fairing.swift in Sources */ = {isa = PBXBuildFile; fileRef = 8BA4D6F9260E505B0096CE96 /* Fairing.swift */; };
		8B29D0A52610B80C00FBA0C5 /* Roadster.swift in Sources */ = {isa = PBXBuildFile; fileRef = 8BA4D6FC260E50690096CE96 /* Roadster.swift */; };
		8B29D0A72610B80C00FBA0C5 /* FaceCropper.swift in Sources */ = {isa = PBXBuildFile; fileRef = 8B7F8D3B2607A756008A226B /* FaceCropper.swift */; };
		8B29D0A82610B80C00FBA0C5 /* Payload.swift in Sources */ = {isa = PBXBuildFile; fileRef = 8BA4D6F6260E50500096CE96 /* Payload.swift */; };
		8B29D0AA2610B84800FBA0C5 /* SatelliteKit in Frameworks */ = {isa = PBXBuildFile; productRef = 8B29D0A92610B84800FBA0C5 /* SatelliteKit */; };
		8B29D0AE2610B84800FBA0C5 /* Telescope in Frameworks */ = {isa = PBXBuildFile; productRef = 8B29D0AD2610B84800FBA0C5 /* Telescope */; };
		8B29D0B02610B88A00FBA0C5 /* CrossPlatformImage.swift in Sources */ = {isa = PBXBuildFile; fileRef = 8B29D0AF2610B88A00FBA0C5 /* CrossPlatformImage.swift */; };
		8B29D0B12610B8B900FBA0C5 /* CrossPlatformImage.swift in Sources */ = {isa = PBXBuildFile; fileRef = 8B29D0AF2610B88A00FBA0C5 /* CrossPlatformImage.swift */; };
		8B29D0B62610BAF200FBA0C5 /* RoundedButtonStyle.swift in Sources */ = {isa = PBXBuildFile; fileRef = 8B83E8B325377270002AE62B /* RoundedButtonStyle.swift */; };
		8B29D0B82610BAF200FBA0C5 /* NotSelectedView.swift in Sources */ = {isa = PBXBuildFile; fileRef = 8B29D08E2610B3F700FBA0C5 /* NotSelectedView.swift */; };
		8B29D0B92610BAF200FBA0C5 /* AstronautPicture.swift in Sources */ = {isa = PBXBuildFile; fileRef = 8B83E8BD25379B60002AE62B /* AstronautPicture.swift */; };
		8B29D0BA2610BAF200FBA0C5 /* MissionRecapView.swift in Sources */ = {isa = PBXBuildFile; fileRef = 8B0D1D75253363BF0056FACA /* MissionRecapView.swift */; };
		8B29D0BD2610BB8000FBA0C5 /* LaunchCountdownView.swift in Sources */ = {isa = PBXBuildFile; fileRef = 8B29D0BC2610BB8000FBA0C5 /* LaunchCountdownView.swift */; };
		8B29D0BF2610BBA800FBA0C5 /* Color.swift in Sources */ = {isa = PBXBuildFile; fileRef = 8B29D0BE2610BBA800FBA0C5 /* Color.swift */; };
		8B29D0C02610BC7300FBA0C5 /* Color.swift in Sources */ = {isa = PBXBuildFile; fileRef = 8B29D0BE2610BBA800FBA0C5 /* Color.swift */; };
		8B29D0C22610BE8600FBA0C5 /* ColorfulShadow.swift in Sources */ = {isa = PBXBuildFile; fileRef = 8B29D0C12610BE8600FBA0C5 /* ColorfulShadow.swift */; };
		8B29D0C32610BE9900FBA0C5 /* ColorfulShadow.swift in Sources */ = {isa = PBXBuildFile; fileRef = 8B29D0C12610BE8600FBA0C5 /* ColorfulShadow.swift */; };
		8B29D0CA2610EF8E00FBA0C5 /* SearchBar.swift in Sources */ = {isa = PBXBuildFile; fileRef = 8B29D0C92610EF8E00FBA0C5 /* SearchBar.swift */; };
		8B29D0CC2611178800FBA0C5 /* LaunchOrderingControls.swift in Sources */ = {isa = PBXBuildFile; fileRef = 8B29D0CB2611178800FBA0C5 /* LaunchOrderingControls.swift */; };
		8B29D0CE26111D3D00FBA0C5 /* Filter.swift in Sources */ = {isa = PBXBuildFile; fileRef = 8B29D0CD26111D3D00FBA0C5 /* Filter.swift */; };
		8B29D0CF26111D4200FBA0C5 /* Filter.swift in Sources */ = {isa = PBXBuildFile; fileRef = 8B29D0CD26111D3D00FBA0C5 /* Filter.swift */; };
		8B2E86EC265A96900072735B /* AstronautListTile.swift in Sources */ = {isa = PBXBuildFile; fileRef = 8B2E86EB265A96900072735B /* AstronautListTile.swift */; };
		8B2E86EE265A97D60072735B /* PayloadListView.swift in Sources */ = {isa = PBXBuildFile; fileRef = 8B2E86ED265A97D60072735B /* PayloadListView.swift */; };
		8B2E86F0265A984D0072735B /* PayloadListTile.swift in Sources */ = {isa = PBXBuildFile; fileRef = 8B2E86EF265A984D0072735B /* PayloadListTile.swift */; };
		8B2E86F2265A99AD0072735B /* VehicleListView.swift in Sources */ = {isa = PBXBuildFile; fileRef = 8B2E86F1265A99AD0072735B /* VehicleListView.swift */; };
		8B2E86F4265A9B770072735B /* RocketListTile.swift in Sources */ = {isa = PBXBuildFile; fileRef = 8B2E86F3265A9B770072735B /* RocketListTile.swift */; };
		8B2E86F6265A9F0D0072735B /* PadListView.swift in Sources */ = {isa = PBXBuildFile; fileRef = 8B2E86F5265A9F0D0072735B /* PadListView.swift */; };
		8B2E86F9265AA0260072735B /* CompanySheet.swift in Sources */ = {isa = PBXBuildFile; fileRef = 8B2E86F8265AA0260072735B /* CompanySheet.swift */; };
		8B2E86FB265AA56E0072735B /* HistoryEntryTile.swift in Sources */ = {isa = PBXBuildFile; fileRef = 8B2E86FA265AA56E0072735B /* HistoryEntryTile.swift */; };
		8B2E86FD265AA9560072735B /* AboutView.swift in Sources */ = {isa = PBXBuildFile; fileRef = 8B2E86FC265AA9560072735B /* AboutView.swift */; };
		8B2E86FF265AABC80072735B /* WhereAmIRunning.swift in Sources */ = {isa = PBXBuildFile; fileRef = 8B2E86FE265AABC80072735B /* WhereAmIRunning.swift */; };
		8B32865E264C8F930039ADE8 /* Secrets.plist in Resources */ = {isa = PBXBuildFile; fileRef = 8B32865D264C8F930039ADE8 /* Secrets.plist */; };
		8B328660264C8F930039ADE8 /* Secrets.plist in Resources */ = {isa = PBXBuildFile; fileRef = 8B32865D264C8F930039ADE8 /* Secrets.plist */; };
		8B32E6E02655093000AD854E /* OrbitMap.swift in Sources */ = {isa = PBXBuildFile; fileRef = 8B32E6DF2655093000AD854E /* OrbitMap.swift */; };
		8B32E6E12655093000AD854E /* OrbitMap.swift in Sources */ = {isa = PBXBuildFile; fileRef = 8B32E6DF2655093000AD854E /* OrbitMap.swift */; };
		8B32E6E326550BA600AD854E /* SatelliteKitExtensions.swift in Sources */ = {isa = PBXBuildFile; fileRef = 8B32E6E226550BA600AD854E /* SatelliteKitExtensions.swift */; };
		8B32E6E426550BA600AD854E /* SatelliteKitExtensions.swift in Sources */ = {isa = PBXBuildFile; fileRef = 8B32E6E226550BA600AD854E /* SatelliteKitExtensions.swift */; };
		8B44B2B0265A4D310047DD49 /* XCDYouTubeKit in Frameworks */ = {isa = PBXBuildFile; productRef = 8B44B2AF265A4D310047DD49 /* XCDYouTubeKit */; };
		8B44B2B3265A54DA0047DD49 /* CapsuleListView.swift in Sources */ = {isa = PBXBuildFile; fileRef = 8B44B2B2265A54DA0047DD49 /* CapsuleListView.swift */; };
		8B44B2B5265A55160047DD49 /* CoreListView.swift in Sources */ = {isa = PBXBuildFile; fileRef = 8B44B2B4265A55160047DD49 /* CoreListView.swift */; };
		8B44B2B7265A553F0047DD49 /* StarlinkListView.swift in Sources */ = {isa = PBXBuildFile; fileRef = 8B44B2B6265A553F0047DD49 /* StarlinkListView.swift */; };
		8B44B2BA265A5C830047DD49 /* CoreListTile.swift in Sources */ = {isa = PBXBuildFile; fileRef = 8B44B2B9265A5C830047DD49 /* CoreListTile.swift */; };
		8B44B2BC265A5CD40047DD49 /* CapsuleListTile.swift in Sources */ = {isa = PBXBuildFile; fileRef = 8B44B2BB265A5CD40047DD49 /* CapsuleListTile.swift */; };
		8B44B2BE265A63B80047DD49 /* ShipListView.swift in Sources */ = {isa = PBXBuildFile; fileRef = 8B44B2BD265A63B80047DD49 /* ShipListView.swift */; };
		8B44B2C0265A69C60047DD49 /* ShipListTile.swift in Sources */ = {isa = PBXBuildFile; fileRef = 8B44B2BF265A69C60047DD49 /* ShipListTile.swift */; };
		8B44B2C2265A6A920047DD49 /* AstronautListView.swift in Sources */ = {isa = PBXBuildFile; fileRef = 8B44B2C1265A6A920047DD49 /* AstronautListView.swift */; };
		8B46A5812530CE740084E52D /* NorminalApp.swift in Sources */ = {isa = PBXBuildFile; fileRef = 8B46A5802530CE740084E52D /* NorminalApp.swift */; };
		8B46A5832530CE740084E52D /* MainView.swift in Sources */ = {isa = PBXBuildFile; fileRef = 8B46A5822530CE740084E52D /* MainView.swift */; };
		8B46A5852530CE760084E52D /* Assets.xcassets in Resources */ = {isa = PBXBuildFile; fileRef = 8B46A5842530CE760084E52D /* Assets.xcassets */; };
		8B46A5922530CF4D0084E52D /* LaunchListView.swift in Sources */ = {isa = PBXBuildFile; fileRef = 8B46A5912530CF4D0084E52D /* LaunchListView.swift */; };
		8B46A59B2530D87F0084E52D /* LaunchListTile.swift in Sources */ = {isa = PBXBuildFile; fileRef = 8B46A59A2530D87F0084E52D /* LaunchListTile.swift */; };
		8B46A5A0253118160084E52D /* FakeData.swift in Sources */ = {isa = PBXBuildFile; fileRef = 8B46A59F253118160084E52D /* FakeData.swift */; };
		8B4AEFFA26571E0300675E88 /* BottomSheet in Frameworks */ = {isa = PBXBuildFile; productRef = 8B4AEFF926571E0300675E88 /* BottomSheet */; };
		8B4AEFFC26571E2700675E88 /* FullscreenMapView.swift in Sources */ = {isa = PBXBuildFile; fileRef = 8B4AEFFB26571E2600675E88 /* FullscreenMapView.swift */; };
		8B692558253205E800D61C3F /* NavigationSearchBar in Frameworks */ = {isa = PBXBuildFile; productRef = 8B692557253205E800D61C3F /* NavigationSearchBar */; };
		8B69255B253206E900D61C3F /* LaunchDetailView.swift in Sources */ = {isa = PBXBuildFile; fileRef = 8B69255A253206E900D61C3F /* LaunchDetailView.swift */; };
		8B6A231C2653236900056726 /* ShipSheet.swift in Sources */ = {isa = PBXBuildFile; fileRef = 8B6A231B2653236900056726 /* ShipSheet.swift */; };
		8B6A231E2653246100056726 /* ShipDetailsSection.swift in Sources */ = {isa = PBXBuildFile; fileRef = 8B6A231D2653246100056726 /* ShipDetailsSection.swift */; };
		8B6A2320265328FF00056726 /* ShipLocationSection.swift in Sources */ = {isa = PBXBuildFile; fileRef = 8B6A231F265328FF00056726 /* ShipLocationSection.swift */; };
		8B75FBE826526B42001E7E1E /* GlobeView.swift in Sources */ = {isa = PBXBuildFile; fileRef = 8BF5D53126431DE000309466 /* GlobeView.swift */; };
		8B75FBE926526B45001E7E1E /* TestScene.swift in Sources */ = {isa = PBXBuildFile; fileRef = 8BF5D53326431E3100309466 /* TestScene.swift */; };
		8B75FBEC26527171001E7E1E /* RocketCoresSection.swift in Sources */ = {isa = PBXBuildFile; fileRef = 8B75FBEB26527171001E7E1E /* RocketCoresSection.swift */; };
		8B75FBEE265271FC001E7E1E /* RocketFairingsSection.swift in Sources */ = {isa = PBXBuildFile; fileRef = 8B75FBED265271FB001E7E1E /* RocketFairingsSection.swift */; };
		8B75FBF026527239001E7E1E /* UsefulFormatters.swift in Sources */ = {isa = PBXBuildFile; fileRef = 8B75FBEF26527239001E7E1E /* UsefulFormatters.swift */; };
		8B75FBF126527239001E7E1E /* UsefulFormatters.swift in Sources */ = {isa = PBXBuildFile; fileRef = 8B75FBEF26527239001E7E1E /* UsefulFormatters.swift */; };
		8B75FBF32652729A001E7E1E /* RocketModelSection.swift in Sources */ = {isa = PBXBuildFile; fileRef = 8B75FBF22652729A001E7E1E /* RocketModelSection.swift */; };
		8B75FBF42652729A001E7E1E /* RocketModelSection.swift in Sources */ = {isa = PBXBuildFile; fileRef = 8B75FBF22652729A001E7E1E /* RocketModelSection.swift */; };
		8B75FBF626527339001E7E1E /* RocketPhysicalSpecificationsSection.swift in Sources */ = {isa = PBXBuildFile; fileRef = 8B75FBF526527339001E7E1E /* RocketPhysicalSpecificationsSection.swift */; };
		8B75FBF82652736F001E7E1E /* RocketPayloadWeightsSection.swift in Sources */ = {isa = PBXBuildFile; fileRef = 8B75FBF72652736F001E7E1E /* RocketPayloadWeightsSection.swift */; };
		8B75FBFA26527B7D001E7E1E /* RocketFirstStageSection.swift in Sources */ = {isa = PBXBuildFile; fileRef = 8B75FBF926527B7D001E7E1E /* RocketFirstStageSection.swift */; };
		8B76C257268CD2B500C121EF /* FirebaseCrashlytics in Frameworks */ = {isa = PBXBuildFile; productRef = 8B76C256268CD2B500C121EF /* FirebaseCrashlytics */; };
		8B7C68C826408A870075116B /* Starlink.swift in Sources */ = {isa = PBXBuildFile; fileRef = 8B7C68C726408A870075116B /* Starlink.swift */; };
		8B7C68CA26408A870075116B /* Starlink.swift in Sources */ = {isa = PBXBuildFile; fileRef = 8B7C68C726408A870075116B /* Starlink.swift */; };
		8B7F8D3C2607A756008A226B /* FaceCropper.swift in Sources */ = {isa = PBXBuildFile; fileRef = 8B7F8D3B2607A756008A226B /* FaceCropper.swift */; };
		8B83E8A925375B10002AE62B /* SatelliteKit in Frameworks */ = {isa = PBXBuildFile; productRef = 8B83E8A825375B10002AE62B /* SatelliteKit */; };
		8B83E8B125376A5D002AE62B /* WebcastCard.swift in Sources */ = {isa = PBXBuildFile; fileRef = 8B83E8B025376A5D002AE62B /* WebcastCard.swift */; };
		8B83E8B425377270002AE62B /* RoundedButtonStyle.swift in Sources */ = {isa = PBXBuildFile; fileRef = 8B83E8B325377270002AE62B /* RoundedButtonStyle.swift */; };
		8B83E8BE25379B60002AE62B /* AstronautPicture.swift in Sources */ = {isa = PBXBuildFile; fileRef = 8B83E8BD25379B60002AE62B /* AstronautPicture.swift */; };
		8B8498D92653C30A0002505D /* LandpadSheet.swift in Sources */ = {isa = PBXBuildFile; fileRef = 8B8498D82653C30A0002505D /* LandpadSheet.swift */; };
		8B8498DB2653C3410002505D /* LandpadHeaderSection.swift in Sources */ = {isa = PBXBuildFile; fileRef = 8B8498DA2653C3410002505D /* LandpadHeaderSection.swift */; };
		8B919B0625F14F27007D992E /* MissionDetailsCard.swift in Sources */ = {isa = PBXBuildFile; fileRef = 8B919B0525F14F27007D992E /* MissionDetailsCard.swift */; };
		8B9255B225F2DA810059CB2E /* RocketCard.swift in Sources */ = {isa = PBXBuildFile; fileRef = 8B9255B125F2DA810059CB2E /* RocketCard.swift */; };
		8B9255B825F2DB4E0059CB2E /* Rocket.swift in Sources */ = {isa = PBXBuildFile; fileRef = 8B9255B725F2DB4E0059CB2E /* Rocket.swift */; };
		8B9524C4265D073000816574 /* Alamofire in Frameworks */ = {isa = PBXBuildFile; productRef = 8B9524C3265D073000816574 /* Alamofire */; };
		8B9524C6265D091500816574 /* Fetchable.swift in Sources */ = {isa = PBXBuildFile; fileRef = 8B9524C5265D091500816574 /* Fetchable.swift */; };
		8B9524C8265D091500816574 /* Fetchable.swift in Sources */ = {isa = PBXBuildFile; fileRef = 8B9524C5265D091500816574 /* Fetchable.swift */; };
		8B98C945261C966A00FDF70E /* Assets.xcassets in Resources */ = {isa = PBXBuildFile; fileRef = 8B46A5842530CE760084E52D /* Assets.xcassets */; };
		8BA4D6EB260E50150096CE96 /* Capsule.swift in Sources */ = {isa = PBXBuildFile; fileRef = 8BA4D6EA260E50150096CE96 /* Capsule.swift */; };
		8BA4D6EE260E50240096CE96 /* CompanyInfo.swift in Sources */ = {isa = PBXBuildFile; fileRef = 8BA4D6ED260E50240096CE96 /* CompanyInfo.swift */; };
		8BA4D6F1260E502F0096CE96 /* Core.swift in Sources */ = {isa = PBXBuildFile; fileRef = 8BA4D6F0260E502F0096CE96 /* Core.swift */; };
		8BA4D6F4260E503C0096CE96 /* Dragon.swift in Sources */ = {isa = PBXBuildFile; fileRef = 8BA4D6F3260E503C0096CE96 /* Dragon.swift */; };
		8BA4D6F7260E50500096CE96 /* Payload.swift in Sources */ = {isa = PBXBuildFile; fileRef = 8BA4D6F6260E50500096CE96 /* Payload.swift */; };
		8BA4D6FA260E505B0096CE96 /* Fairing.swift in Sources */ = {isa = PBXBuildFile; fileRef = 8BA4D6F9260E505B0096CE96 /* Fairing.swift */; };
		8BA4D6FD260E50690096CE96 /* Roadster.swift in Sources */ = {isa = PBXBuildFile; fileRef = 8BA4D6FC260E50690096CE96 /* Roadster.swift */; };
		8BA4D700260E50740096CE96 /* Ship.swift in Sources */ = {isa = PBXBuildFile; fileRef = 8BA4D6FF260E50740096CE96 /* Ship.swift */; };
		8BA4D706260E50890096CE96 /* History.swift in Sources */ = {isa = PBXBuildFile; fileRef = 8BA4D705260E50890096CE96 /* History.swift */; };
		8BA63E88263CC2D600E019BC /* GoogleService-Info.plist in Resources */ = {isa = PBXBuildFile; fileRef = 8BA63E87263CC2D600E019BC /* GoogleService-Info.plist */; };
		8BA90E13257D9AA200168722 /* GalleryCard.swift in Sources */ = {isa = PBXBuildFile; fileRef = 8BA90E12257D9AA200168722 /* GalleryCard.swift */; };
		8BB288AF2658224A00A441A7 /* PayloadCapsuleInstanceSections.swift in Sources */ = {isa = PBXBuildFile; fileRef = 8BB288AE2658224A00A441A7 /* PayloadCapsuleInstanceSections.swift */; };
		8BB288B1265827A800A441A7 /* TImageWithGalleryButton.swift in Sources */ = {isa = PBXBuildFile; fileRef = 8BB288B0265827A800A441A7 /* TImageWithGalleryButton.swift */; };
		8BB288B32659187800A441A7 /* PayloadStarlinkSection.swift in Sources */ = {isa = PBXBuildFile; fileRef = 8BB288B22659187800A441A7 /* PayloadStarlinkSection.swift */; };
		8BB288B526591A5A00A441A7 /* PayloadRoadsterSection.swift in Sources */ = {isa = PBXBuildFile; fileRef = 8BB288B426591A5A00A441A7 /* PayloadRoadsterSection.swift */; };
		8BB288BA26593E3500A441A7 /* Settings.bundle in Resources */ = {isa = PBXBuildFile; fileRef = 8BB288B926593E3500A441A7 /* Settings.bundle */; };
		8BB288BC265940BE00A441A7 /* ArchiveView.swift in Sources */ = {isa = PBXBuildFile; fileRef = 8BB288BB265940BE00A441A7 /* ArchiveView.swift */; };
		8BB5231825478833006A9511 /* CrewCard.swift in Sources */ = {isa = PBXBuildFile; fileRef = 8BB5231725478833006A9511 /* CrewCard.swift */; };
		8BB5232B254A009B006A9511 /* CardOverlay.swift in Sources */ = {isa = PBXBuildFile; fileRef = 8BB5232A254A009B006A9511 /* CardOverlay.swift */; };
		8BB7202F260E260F00B8433C /* AdditionalCodingKeys.swift in Sources */ = {isa = PBXBuildFile; fileRef = 8BB7202E260E260F00B8433C /* AdditionalCodingKeys.swift */; };
		8BB89E7B265428470026275E /* LandpadMapSection.swift in Sources */ = {isa = PBXBuildFile; fileRef = 8BB89E7A265428470026275E /* LandpadMapSection.swift */; };
		8BB89E7E26544A7D0026275E /* CoreSheet.swift in Sources */ = {isa = PBXBuildFile; fileRef = 8BB89E7D26544A7D0026275E /* CoreSheet.swift */; };
		8BB89E812654545E0026275E /* PayloadSheet.swift in Sources */ = {isa = PBXBuildFile; fileRef = 8BB89E802654545D0026275E /* PayloadSheet.swift */; };
		8BB89E83265458150026275E /* SinglePayloadSheet.swift in Sources */ = {isa = PBXBuildFile; fileRef = 8BB89E82265458150026275E /* SinglePayloadSheet.swift */; };
		8BB89E852654603F0026275E /* PayloadSection.swift in Sources */ = {isa = PBXBuildFile; fileRef = 8BB89E842654603F0026275E /* PayloadSection.swift */; };
		8BB89E87265468DD0026275E /* PayloadNORADSection.swift in Sources */ = {isa = PBXBuildFile; fileRef = 8BB89E86265468DD0026275E /* PayloadNORADSection.swift */; };
		8BB89E8926546FF10026275E /* PayloadOrbitSection.swift in Sources */ = {isa = PBXBuildFile; fileRef = 8BB89E8826546FF10026275E /* PayloadOrbitSection.swift */; };
		8BBC5F262651CA2D00E4CA2B /* StringCapitalization.swift in Sources */ = {isa = PBXBuildFile; fileRef = 8BBC5F252651CA2D00E4CA2B /* StringCapitalization.swift */; };
		8BBC5F282651CA2D00E4CA2B /* StringCapitalization.swift in Sources */ = {isa = PBXBuildFile; fileRef = 8BBC5F252651CA2D00E4CA2B /* StringCapitalization.swift */; };
		8BBCBC2C264DDCEF00937206 /* PinchToZoom.swift in Sources */ = {isa = PBXBuildFile; fileRef = 8BBCBC11264DDCEF00937206 /* PinchToZoom.swift */; };
		8BBCBC2D264DDCEF00937206 /* WebcastSheet.swift in Sources */ = {isa = PBXBuildFile; fileRef = 8BBCBC14264DDCEF00937206 /* WebcastSheet.swift */; };
		8BBCBC2E264DDCEF00937206 /* CrewSheet.swift in Sources */ = {isa = PBXBuildFile; fileRef = 8BBCBC15264DDCEF00937206 /* CrewSheet.swift */; };
		8BBCBC2F264DDCEF00937206 /* PointOfInterestRow.swift in Sources */ = {isa = PBXBuildFile; fileRef = 8BBCBC17264DDCEF00937206 /* PointOfInterestRow.swift */; };
		8BBCBC30264DDCEF00937206 /* LaunchMapSection.swift in Sources */ = {isa = PBXBuildFile; fileRef = 8BBCBC18264DDCEF00937206 /* LaunchMapSection.swift */; };
		8BBCBC31264DDCEF00937206 /* LaunchDetailsSection.swift in Sources */ = {isa = PBXBuildFile; fileRef = 8BBCBC19264DDCEF00937206 /* LaunchDetailsSection.swift */; };
		8BBCBC32264DDCEF00937206 /* PointOfInterest.swift in Sources */ = {isa = PBXBuildFile; fileRef = 8BBCBC1A264DDCEF00937206 /* PointOfInterest.swift */; };
		8BBCBC33264DDCEF00937206 /* DetailsSheet.swift in Sources */ = {isa = PBXBuildFile; fileRef = 8BBCBC1B264DDCEF00937206 /* DetailsSheet.swift */; };
		8BBCBC35264DDCEF00937206 /* LaunchFilterSheet.swift in Sources */ = {isa = PBXBuildFile; fileRef = 8BBCBC1D264DDCEF00937206 /* LaunchFilterSheet.swift */; };
		8BBCBC36264DDCEF00937206 /* AstronautSheet.swift in Sources */ = {isa = PBXBuildFile; fileRef = 8BBCBC1E264DDCEF00937206 /* AstronautSheet.swift */; };
		8BBCBC37264DDCEF00937206 /* GallerySheet.swift in Sources */ = {isa = PBXBuildFile; fileRef = 8BBCBC1F264DDCEF00937206 /* GallerySheet.swift */; };
		8BBCBC38264DDCEF00937206 /* LaunchpadSheet.swift in Sources */ = {isa = PBXBuildFile; fileRef = 8BBCBC21264DDCEF00937206 /* LaunchpadSheet.swift */; };
		8BBCBC39264DDCEF00937206 /* LaunchpadMapSection.swift in Sources */ = {isa = PBXBuildFile; fileRef = 8BBCBC22264DDCEF00937206 /* LaunchpadMapSection.swift */; };
		8BBCBC3A264DDCEF00937206 /* LaunchpadDetailsSection.swift in Sources */ = {isa = PBXBuildFile; fileRef = 8BBCBC23264DDCEF00937206 /* LaunchpadDetailsSection.swift */; };
		8BBCBC3B264DDCEF00937206 /* PhotoSheet.swift in Sources */ = {isa = PBXBuildFile; fileRef = 8BBCBC25264DDCEF00937206 /* PhotoSheet.swift */; };
		8BBCBC3C264DDCEF00937206 /* ShareSheet.swift in Sources */ = {isa = PBXBuildFile; fileRef = 8BBCBC26264DDCEF00937206 /* ShareSheet.swift */; };
		8BBCBC3D264DDCEF00937206 /* RootSheet.swift in Sources */ = {isa = PBXBuildFile; fileRef = 8BBCBC27264DDCEF00937206 /* RootSheet.swift */; };
		8BBCBC3F264DDCEF00937206 /* LaunchDetailResourcesView.swift in Sources */ = {isa = PBXBuildFile; fileRef = 8BBCBC29264DDCEF00937206 /* LaunchDetailResourcesView.swift */; };
		8BBCBC40264DDCEF00937206 /* LaunchDetailHeaderView.swift in Sources */ = {isa = PBXBuildFile; fileRef = 8BBCBC2A264DDCEF00937206 /* LaunchDetailHeaderView.swift */; };
		8BBCBC41264DDCEF00937206 /* LaunchCountdownView.swift in Sources */ = {isa = PBXBuildFile; fileRef = 8BBCBC2B264DDCEF00937206 /* LaunchCountdownView.swift */; };
		8BD13FB625FF762C003AB69C /* Telescope in Frameworks */ = {isa = PBXBuildFile; productRef = 8BD13FB525FF762C003AB69C /* Telescope */; };
		8BDF3D99260D4D2400DE48DD /* UnitForce.swift in Sources */ = {isa = PBXBuildFile; fileRef = 8BDF3D98260D4D2400DE48DD /* UnitForce.swift */; };
		8BE09FC7264201DD0001C9D9 /* Launchpad.swift in Sources */ = {isa = PBXBuildFile; fileRef = 8BF143DE25F10C370045B95D /* Launchpad.swift */; };
		8BE2683526109FB7003B0C62 /* NorminalMacApp.swift in Sources */ = {isa = PBXBuildFile; fileRef = 8BE2683426109FB7003B0C62 /* NorminalMacApp.swift */; };
		8BE268442610A031003B0C62 /* MainView.swift in Sources */ = {isa = PBXBuildFile; fileRef = 8BE268432610A031003B0C62 /* MainView.swift */; };
		8BF143E725F10C370045B95D /* Secrets.swift in Sources */ = {isa = PBXBuildFile; fileRef = 8BF143DA25F10C370045B95D /* Secrets.swift */; };
		8BF143E925F10C370045B95D /* WeatherAPI.swift in Sources */ = {isa = PBXBuildFile; fileRef = 8BF143DC25F10C370045B95D /* WeatherAPI.swift */; };
		8BF143EB25F10C370045B95D /* Launchpad.swift in Sources */ = {isa = PBXBuildFile; fileRef = 8BF143DE25F10C370045B95D /* Launchpad.swift */; };
		8BF143ED25F10C370045B95D /* Launch.swift in Sources */ = {isa = PBXBuildFile; fileRef = 8BF143DF25F10C370045B95D /* Launch.swift */; };
		8BF143EF25F10C370045B95D /* Landpad.swift in Sources */ = {isa = PBXBuildFile; fileRef = 8BF143E025F10C370045B95D /* Landpad.swift */; };
		8BF143F325F10C370045B95D /* Astronaut.swift in Sources */ = {isa = PBXBuildFile; fileRef = 8BF143E225F10C370045B95D /* Astronaut.swift */; };
		8BF5F6ED2611211B00060A0E /* GlobalSettings.swift in Sources */ = {isa = PBXBuildFile; fileRef = 8BF5F6EC2611211B00060A0E /* GlobalSettings.swift */; };
		8BF5F6EF2611211B00060A0E /* GlobalSettings.swift in Sources */ = {isa = PBXBuildFile; fileRef = 8BF5F6EC2611211B00060A0E /* GlobalSettings.swift */; };
/* End PBXBuildFile section */

/* Begin PBXCopyFilesBuildPhase section */
		8B208B94258EBC6C009107EC /* Embed App Extensions */ = {
			isa = PBXCopyFilesBuildPhase;
			buildActionMask = 2147483647;
			dstPath = "";
			dstSubfolderSpec = 13;
			files = (
			);
			name = "Embed App Extensions";
			runOnlyForDeploymentPostprocessing = 0;
		};
/* End PBXCopyFilesBuildPhase section */

/* Begin PBXFileReference section */
		8B01A02F2653132C009E2CD9 /* RocketSecondStageSection.swift */ = {isa = PBXFileReference; lastKnownFileType = sourcecode.swift; path = RocketSecondStageSection.swift; sourceTree = "<group>"; };
		8B01A03126531680009E2CD9 /* RocketEnginesSection.swift */ = {isa = PBXFileReference; lastKnownFileType = sourcecode.swift; path = RocketEnginesSection.swift; sourceTree = "<group>"; };
		8B03EF5426507C4C006FCC35 /* InformationRow.swift */ = {isa = PBXFileReference; lastKnownFileType = sourcecode.swift; path = InformationRow.swift; sourceTree = "<group>"; };
		8B07905125F2FC41006CD9BE /* PayloadCard.swift */ = {isa = PBXFileReference; lastKnownFileType = sourcecode.swift; path = PayloadCard.swift; sourceTree = "<group>"; };
		8B0D1D75253363BF0056FACA /* MissionRecapView.swift */ = {isa = PBXFileReference; lastKnownFileType = sourcecode.swift; path = MissionRecapView.swift; sourceTree = "<group>"; };
		8B0D1D78253365660056FACA /* Card.swift */ = {isa = PBXFileReference; lastKnownFileType = sourcecode.swift; path = Card.swift; sourceTree = "<group>"; };
		8B17527525EDA8A300A760C5 /* Norminal.entitlements */ = {isa = PBXFileReference; lastKnownFileType = text.plist.entitlements; path = Norminal.entitlements; sourceTree = "<group>"; };
		8B29D08E2610B3F700FBA0C5 /* NotSelectedView.swift */ = {isa = PBXFileReference; lastKnownFileType = sourcecode.swift; path = NotSelectedView.swift; sourceTree = "<group>"; };
		8B29D0912610B78500FBA0C5 /* LaunchListView.swift */ = {isa = PBXFileReference; lastKnownFileType = sourcecode.swift; path = LaunchListView.swift; sourceTree = "<group>"; };
		8B29D0AF2610B88A00FBA0C5 /* CrossPlatformImage.swift */ = {isa = PBXFileReference; fileEncoding = 4; lastKnownFileType = sourcecode.swift; path = CrossPlatformImage.swift; sourceTree = "<group>"; };
		8B29D0BC2610BB8000FBA0C5 /* LaunchCountdownView.swift */ = {isa = PBXFileReference; lastKnownFileType = sourcecode.swift; path = LaunchCountdownView.swift; sourceTree = "<group>"; };
		8B29D0BE2610BBA800FBA0C5 /* Color.swift */ = {isa = PBXFileReference; lastKnownFileType = sourcecode.swift; path = Color.swift; sourceTree = "<group>"; };
		8B29D0C12610BE8600FBA0C5 /* ColorfulShadow.swift */ = {isa = PBXFileReference; lastKnownFileType = sourcecode.swift; path = ColorfulShadow.swift; sourceTree = "<group>"; };
		8B29D0C92610EF8E00FBA0C5 /* SearchBar.swift */ = {isa = PBXFileReference; lastKnownFileType = sourcecode.swift; path = SearchBar.swift; sourceTree = "<group>"; };
		8B29D0CB2611178800FBA0C5 /* LaunchOrderingControls.swift */ = {isa = PBXFileReference; lastKnownFileType = sourcecode.swift; path = LaunchOrderingControls.swift; sourceTree = "<group>"; };
		8B29D0CD26111D3D00FBA0C5 /* Filter.swift */ = {isa = PBXFileReference; lastKnownFileType = sourcecode.swift; path = Filter.swift; sourceTree = "<group>"; };
		8B2E86EB265A96900072735B /* AstronautListTile.swift */ = {isa = PBXFileReference; lastKnownFileType = sourcecode.swift; path = AstronautListTile.swift; sourceTree = "<group>"; };
		8B2E86ED265A97D60072735B /* PayloadListView.swift */ = {isa = PBXFileReference; lastKnownFileType = sourcecode.swift; path = PayloadListView.swift; sourceTree = "<group>"; };
		8B2E86EF265A984D0072735B /* PayloadListTile.swift */ = {isa = PBXFileReference; lastKnownFileType = sourcecode.swift; path = PayloadListTile.swift; sourceTree = "<group>"; };
		8B2E86F1265A99AD0072735B /* VehicleListView.swift */ = {isa = PBXFileReference; lastKnownFileType = sourcecode.swift; path = VehicleListView.swift; sourceTree = "<group>"; };
		8B2E86F3265A9B770072735B /* RocketListTile.swift */ = {isa = PBXFileReference; lastKnownFileType = sourcecode.swift; path = RocketListTile.swift; sourceTree = "<group>"; };
		8B2E86F5265A9F0D0072735B /* PadListView.swift */ = {isa = PBXFileReference; lastKnownFileType = sourcecode.swift; path = PadListView.swift; sourceTree = "<group>"; };
		8B2E86F8265AA0260072735B /* CompanySheet.swift */ = {isa = PBXFileReference; lastKnownFileType = sourcecode.swift; path = CompanySheet.swift; sourceTree = "<group>"; };
		8B2E86FA265AA56E0072735B /* HistoryEntryTile.swift */ = {isa = PBXFileReference; lastKnownFileType = sourcecode.swift; path = HistoryEntryTile.swift; sourceTree = "<group>"; };
		8B2E86FC265AA9560072735B /* AboutView.swift */ = {isa = PBXFileReference; lastKnownFileType = sourcecode.swift; path = AboutView.swift; sourceTree = "<group>"; };
		8B2E86FE265AABC80072735B /* WhereAmIRunning.swift */ = {isa = PBXFileReference; lastKnownFileType = sourcecode.swift; path = WhereAmIRunning.swift; sourceTree = "<group>"; };
		8B32865D264C8F930039ADE8 /* Secrets.plist */ = {isa = PBXFileReference; lastKnownFileType = text.plist.xml; path = Secrets.plist; sourceTree = "<group>"; };
		8B32E6DF2655093000AD854E /* OrbitMap.swift */ = {isa = PBXFileReference; lastKnownFileType = sourcecode.swift; path = OrbitMap.swift; sourceTree = "<group>"; };
		8B32E6E226550BA600AD854E /* SatelliteKitExtensions.swift */ = {isa = PBXFileReference; lastKnownFileType = sourcecode.swift; path = SatelliteKitExtensions.swift; sourceTree = "<group>"; };
		8B44B2B2265A54DA0047DD49 /* CapsuleListView.swift */ = {isa = PBXFileReference; lastKnownFileType = sourcecode.swift; path = CapsuleListView.swift; sourceTree = "<group>"; };
		8B44B2B4265A55160047DD49 /* CoreListView.swift */ = {isa = PBXFileReference; lastKnownFileType = sourcecode.swift; path = CoreListView.swift; sourceTree = "<group>"; };
		8B44B2B6265A553F0047DD49 /* StarlinkListView.swift */ = {isa = PBXFileReference; lastKnownFileType = sourcecode.swift; path = StarlinkListView.swift; sourceTree = "<group>"; };
		8B44B2B9265A5C830047DD49 /* CoreListTile.swift */ = {isa = PBXFileReference; lastKnownFileType = sourcecode.swift; path = CoreListTile.swift; sourceTree = "<group>"; };
		8B44B2BB265A5CD40047DD49 /* CapsuleListTile.swift */ = {isa = PBXFileReference; lastKnownFileType = sourcecode.swift; path = CapsuleListTile.swift; sourceTree = "<group>"; };
		8B44B2BD265A63B80047DD49 /* ShipListView.swift */ = {isa = PBXFileReference; lastKnownFileType = sourcecode.swift; path = ShipListView.swift; sourceTree = "<group>"; };
		8B44B2BF265A69C60047DD49 /* ShipListTile.swift */ = {isa = PBXFileReference; lastKnownFileType = sourcecode.swift; path = ShipListTile.swift; sourceTree = "<group>"; };
		8B44B2C1265A6A920047DD49 /* AstronautListView.swift */ = {isa = PBXFileReference; lastKnownFileType = sourcecode.swift; path = AstronautListView.swift; sourceTree = "<group>"; };
		8B46A57D2530CE740084E52D /* Norminal.app */ = {isa = PBXFileReference; explicitFileType = wrapper.application; includeInIndex = 0; path = Norminal.app; sourceTree = BUILT_PRODUCTS_DIR; };
		8B46A5802530CE740084E52D /* NorminalApp.swift */ = {isa = PBXFileReference; lastKnownFileType = sourcecode.swift; path = NorminalApp.swift; sourceTree = "<group>"; };
		8B46A5822530CE740084E52D /* MainView.swift */ = {isa = PBXFileReference; lastKnownFileType = sourcecode.swift; path = MainView.swift; sourceTree = "<group>"; };
		8B46A5842530CE760084E52D /* Assets.xcassets */ = {isa = PBXFileReference; lastKnownFileType = folder.assetcatalog; path = Assets.xcassets; sourceTree = "<group>"; };
		8B46A5892530CE760084E52D /* Info.plist */ = {isa = PBXFileReference; lastKnownFileType = text.plist.xml; path = Info.plist; sourceTree = "<group>"; };
		8B46A5912530CF4D0084E52D /* LaunchListView.swift */ = {isa = PBXFileReference; lastKnownFileType = sourcecode.swift; path = LaunchListView.swift; sourceTree = "<group>"; };
		8B46A59A2530D87F0084E52D /* LaunchListTile.swift */ = {isa = PBXFileReference; lastKnownFileType = sourcecode.swift; path = LaunchListTile.swift; sourceTree = "<group>"; };
		8B46A59F253118160084E52D /* FakeData.swift */ = {isa = PBXFileReference; lastKnownFileType = sourcecode.swift; path = FakeData.swift; sourceTree = "<group>"; };
		8B4AEFFB26571E2600675E88 /* FullscreenMapView.swift */ = {isa = PBXFileReference; lastKnownFileType = sourcecode.swift; path = FullscreenMapView.swift; sourceTree = "<group>"; };
		8B5459F92641469800373B8B /* MapMarkers.swift */ = {isa = PBXFileReference; lastKnownFileType = sourcecode.swift; path = MapMarkers.swift; sourceTree = "<group>"; };
		8B69255A253206E900D61C3F /* LaunchDetailView.swift */ = {isa = PBXFileReference; lastKnownFileType = sourcecode.swift; path = LaunchDetailView.swift; sourceTree = "<group>"; };
		8B6A231B2653236900056726 /* ShipSheet.swift */ = {isa = PBXFileReference; lastKnownFileType = sourcecode.swift; path = ShipSheet.swift; sourceTree = "<group>"; };
		8B6A231D2653246100056726 /* ShipDetailsSection.swift */ = {isa = PBXFileReference; lastKnownFileType = sourcecode.swift; path = ShipDetailsSection.swift; sourceTree = "<group>"; };
		8B6A231F265328FF00056726 /* ShipLocationSection.swift */ = {isa = PBXFileReference; lastKnownFileType = sourcecode.swift; path = ShipLocationSection.swift; sourceTree = "<group>"; };
		8B75FBEB26527171001E7E1E /* RocketCoresSection.swift */ = {isa = PBXFileReference; lastKnownFileType = sourcecode.swift; path = RocketCoresSection.swift; sourceTree = "<group>"; };
		8B75FBED265271FB001E7E1E /* RocketFairingsSection.swift */ = {isa = PBXFileReference; lastKnownFileType = sourcecode.swift; path = RocketFairingsSection.swift; sourceTree = "<group>"; };
		8B75FBEF26527239001E7E1E /* UsefulFormatters.swift */ = {isa = PBXFileReference; lastKnownFileType = sourcecode.swift; path = UsefulFormatters.swift; sourceTree = "<group>"; };
		8B75FBF22652729A001E7E1E /* RocketModelSection.swift */ = {isa = PBXFileReference; lastKnownFileType = sourcecode.swift; path = RocketModelSection.swift; sourceTree = "<group>"; };
		8B75FBF526527339001E7E1E /* RocketPhysicalSpecificationsSection.swift */ = {isa = PBXFileReference; lastKnownFileType = sourcecode.swift; path = RocketPhysicalSpecificationsSection.swift; sourceTree = "<group>"; };
		8B75FBF72652736F001E7E1E /* RocketPayloadWeightsSection.swift */ = {isa = PBXFileReference; lastKnownFileType = sourcecode.swift; path = RocketPayloadWeightsSection.swift; sourceTree = "<group>"; };
		8B75FBF926527B7D001E7E1E /* RocketFirstStageSection.swift */ = {isa = PBXFileReference; lastKnownFileType = sourcecode.swift; path = RocketFirstStageSection.swift; sourceTree = "<group>"; };
		8B7C68C726408A870075116B /* Starlink.swift */ = {isa = PBXFileReference; fileEncoding = 4; lastKnownFileType = sourcecode.swift; path = Starlink.swift; sourceTree = "<group>"; };
		8B7F8D3B2607A756008A226B /* FaceCropper.swift */ = {isa = PBXFileReference; lastKnownFileType = sourcecode.swift; path = FaceCropper.swift; sourceTree = "<group>"; };
		8B83E8B025376A5D002AE62B /* WebcastCard.swift */ = {isa = PBXFileReference; lastKnownFileType = sourcecode.swift; path = WebcastCard.swift; sourceTree = "<group>"; };
		8B83E8B325377270002AE62B /* RoundedButtonStyle.swift */ = {isa = PBXFileReference; lastKnownFileType = sourcecode.swift; path = RoundedButtonStyle.swift; sourceTree = "<group>"; };
		8B83E8BD25379B60002AE62B /* AstronautPicture.swift */ = {isa = PBXFileReference; lastKnownFileType = sourcecode.swift; path = AstronautPicture.swift; sourceTree = "<group>"; };
		8B8498D82653C30A0002505D /* LandpadSheet.swift */ = {isa = PBXFileReference; lastKnownFileType = sourcecode.swift; path = LandpadSheet.swift; sourceTree = "<group>"; };
		8B8498DA2653C3410002505D /* LandpadHeaderSection.swift */ = {isa = PBXFileReference; lastKnownFileType = sourcecode.swift; path = LandpadHeaderSection.swift; sourceTree = "<group>"; };
		8B919B0525F14F27007D992E /* MissionDetailsCard.swift */ = {isa = PBXFileReference; lastKnownFileType = sourcecode.swift; path = MissionDetailsCard.swift; sourceTree = "<group>"; };
		8B9255B125F2DA810059CB2E /* RocketCard.swift */ = {isa = PBXFileReference; lastKnownFileType = sourcecode.swift; path = RocketCard.swift; sourceTree = "<group>"; };
		8B9255B725F2DB4E0059CB2E /* Rocket.swift */ = {isa = PBXFileReference; lastKnownFileType = sourcecode.swift; path = Rocket.swift; sourceTree = "<group>"; };
		8B9524C5265D091500816574 /* Fetchable.swift */ = {isa = PBXFileReference; lastKnownFileType = sourcecode.swift; path = Fetchable.swift; sourceTree = "<group>"; };
		8BA4D6EA260E50150096CE96 /* Capsule.swift */ = {isa = PBXFileReference; lastKnownFileType = sourcecode.swift; path = Capsule.swift; sourceTree = "<group>"; };
		8BA4D6ED260E50240096CE96 /* CompanyInfo.swift */ = {isa = PBXFileReference; lastKnownFileType = sourcecode.swift; path = CompanyInfo.swift; sourceTree = "<group>"; };
		8BA4D6F0260E502F0096CE96 /* Core.swift */ = {isa = PBXFileReference; lastKnownFileType = sourcecode.swift; path = Core.swift; sourceTree = "<group>"; };
		8BA4D6F3260E503C0096CE96 /* Dragon.swift */ = {isa = PBXFileReference; lastKnownFileType = sourcecode.swift; path = Dragon.swift; sourceTree = "<group>"; };
		8BA4D6F6260E50500096CE96 /* Payload.swift */ = {isa = PBXFileReference; lastKnownFileType = sourcecode.swift; path = Payload.swift; sourceTree = "<group>"; };
		8BA4D6F9260E505B0096CE96 /* Fairing.swift */ = {isa = PBXFileReference; lastKnownFileType = sourcecode.swift; path = Fairing.swift; sourceTree = "<group>"; };
		8BA4D6FC260E50690096CE96 /* Roadster.swift */ = {isa = PBXFileReference; lastKnownFileType = sourcecode.swift; path = Roadster.swift; sourceTree = "<group>"; };
		8BA4D6FF260E50740096CE96 /* Ship.swift */ = {isa = PBXFileReference; lastKnownFileType = sourcecode.swift; path = Ship.swift; sourceTree = "<group>"; };
		8BA4D705260E50890096CE96 /* History.swift */ = {isa = PBXFileReference; lastKnownFileType = sourcecode.swift; path = History.swift; sourceTree = "<group>"; };
		8BA63E87263CC2D600E019BC /* GoogleService-Info.plist */ = {isa = PBXFileReference; fileEncoding = 4; lastKnownFileType = text.plist.xml; path = "GoogleService-Info.plist"; sourceTree = "<group>"; };
		8BA90E12257D9AA200168722 /* GalleryCard.swift */ = {isa = PBXFileReference; lastKnownFileType = sourcecode.swift; path = GalleryCard.swift; sourceTree = "<group>"; };
		8BB288AE2658224A00A441A7 /* PayloadCapsuleInstanceSections.swift */ = {isa = PBXFileReference; lastKnownFileType = sourcecode.swift; path = PayloadCapsuleInstanceSections.swift; sourceTree = "<group>"; };
		8BB288B0265827A800A441A7 /* TImageWithGalleryButton.swift */ = {isa = PBXFileReference; lastKnownFileType = sourcecode.swift; path = TImageWithGalleryButton.swift; sourceTree = "<group>"; };
		8BB288B22659187800A441A7 /* PayloadStarlinkSection.swift */ = {isa = PBXFileReference; lastKnownFileType = sourcecode.swift; path = PayloadStarlinkSection.swift; sourceTree = "<group>"; };
		8BB288B426591A5A00A441A7 /* PayloadRoadsterSection.swift */ = {isa = PBXFileReference; lastKnownFileType = sourcecode.swift; path = PayloadRoadsterSection.swift; sourceTree = "<group>"; };
		8BB288B926593E3500A441A7 /* Settings.bundle */ = {isa = PBXFileReference; lastKnownFileType = "wrapper.plug-in"; path = Settings.bundle; sourceTree = "<group>"; };
		8BB288BB265940BE00A441A7 /* ArchiveView.swift */ = {isa = PBXFileReference; lastKnownFileType = sourcecode.swift; path = ArchiveView.swift; sourceTree = "<group>"; };
		8BB5231725478833006A9511 /* CrewCard.swift */ = {isa = PBXFileReference; lastKnownFileType = sourcecode.swift; path = CrewCard.swift; sourceTree = "<group>"; };
		8BB5232025489817006A9511 /* README.md */ = {isa = PBXFileReference; lastKnownFileType = net.daringfireball.markdown; path = README.md; sourceTree = "<group>"; };
		8BB5232225489842006A9511 /* logo.png */ = {isa = PBXFileReference; lastKnownFileType = image.png; path = logo.png; sourceTree = "<group>"; };
		8BB5232A254A009B006A9511 /* CardOverlay.swift */ = {isa = PBXFileReference; lastKnownFileType = sourcecode.swift; path = CardOverlay.swift; sourceTree = "<group>"; };
		8BB7202E260E260F00B8433C /* AdditionalCodingKeys.swift */ = {isa = PBXFileReference; lastKnownFileType = sourcecode.swift; path = AdditionalCodingKeys.swift; sourceTree = "<group>"; };
		8BB89E7A265428470026275E /* LandpadMapSection.swift */ = {isa = PBXFileReference; lastKnownFileType = sourcecode.swift; path = LandpadMapSection.swift; sourceTree = "<group>"; };
		8BB89E7D26544A7D0026275E /* CoreSheet.swift */ = {isa = PBXFileReference; lastKnownFileType = sourcecode.swift; path = CoreSheet.swift; sourceTree = "<group>"; };
		8BB89E802654545D0026275E /* PayloadSheet.swift */ = {isa = PBXFileReference; lastKnownFileType = sourcecode.swift; path = PayloadSheet.swift; sourceTree = "<group>"; };
		8BB89E82265458150026275E /* SinglePayloadSheet.swift */ = {isa = PBXFileReference; lastKnownFileType = sourcecode.swift; path = SinglePayloadSheet.swift; sourceTree = "<group>"; };
		8BB89E842654603F0026275E /* PayloadSection.swift */ = {isa = PBXFileReference; lastKnownFileType = sourcecode.swift; path = PayloadSection.swift; sourceTree = "<group>"; };
		8BB89E86265468DD0026275E /* PayloadNORADSection.swift */ = {isa = PBXFileReference; lastKnownFileType = sourcecode.swift; path = PayloadNORADSection.swift; sourceTree = "<group>"; };
		8BB89E8826546FF10026275E /* PayloadOrbitSection.swift */ = {isa = PBXFileReference; lastKnownFileType = sourcecode.swift; path = PayloadOrbitSection.swift; sourceTree = "<group>"; };
		8BBC5F252651CA2D00E4CA2B /* StringCapitalization.swift */ = {isa = PBXFileReference; lastKnownFileType = sourcecode.swift; path = StringCapitalization.swift; sourceTree = "<group>"; };
		8BBCBC11264DDCEF00937206 /* PinchToZoom.swift */ = {isa = PBXFileReference; fileEncoding = 4; lastKnownFileType = sourcecode.swift; path = PinchToZoom.swift; sourceTree = "<group>"; };
		8BBCBC14264DDCEF00937206 /* WebcastSheet.swift */ = {isa = PBXFileReference; fileEncoding = 4; lastKnownFileType = sourcecode.swift; path = WebcastSheet.swift; sourceTree = "<group>"; };
		8BBCBC15264DDCEF00937206 /* CrewSheet.swift */ = {isa = PBXFileReference; fileEncoding = 4; lastKnownFileType = sourcecode.swift; path = CrewSheet.swift; sourceTree = "<group>"; };
		8BBCBC17264DDCEF00937206 /* PointOfInterestRow.swift */ = {isa = PBXFileReference; fileEncoding = 4; lastKnownFileType = sourcecode.swift; path = PointOfInterestRow.swift; sourceTree = "<group>"; };
		8BBCBC18264DDCEF00937206 /* LaunchMapSection.swift */ = {isa = PBXFileReference; fileEncoding = 4; lastKnownFileType = sourcecode.swift; path = LaunchMapSection.swift; sourceTree = "<group>"; };
		8BBCBC19264DDCEF00937206 /* LaunchDetailsSection.swift */ = {isa = PBXFileReference; fileEncoding = 4; lastKnownFileType = sourcecode.swift; path = LaunchDetailsSection.swift; sourceTree = "<group>"; };
		8BBCBC1A264DDCEF00937206 /* PointOfInterest.swift */ = {isa = PBXFileReference; fileEncoding = 4; lastKnownFileType = sourcecode.swift; path = PointOfInterest.swift; sourceTree = "<group>"; };
		8BBCBC1B264DDCEF00937206 /* DetailsSheet.swift */ = {isa = PBXFileReference; fileEncoding = 4; lastKnownFileType = sourcecode.swift; path = DetailsSheet.swift; sourceTree = "<group>"; };
		8BBCBC1C264DDCEF00937206 /* RocketSheet.swift */ = {isa = PBXFileReference; fileEncoding = 4; lastKnownFileType = sourcecode.swift; path = RocketSheet.swift; sourceTree = "<group>"; };
		8BBCBC1D264DDCEF00937206 /* LaunchFilterSheet.swift */ = {isa = PBXFileReference; fileEncoding = 4; lastKnownFileType = sourcecode.swift; path = LaunchFilterSheet.swift; sourceTree = "<group>"; };
		8BBCBC1E264DDCEF00937206 /* AstronautSheet.swift */ = {isa = PBXFileReference; fileEncoding = 4; lastKnownFileType = sourcecode.swift; path = AstronautSheet.swift; sourceTree = "<group>"; };
		8BBCBC1F264DDCEF00937206 /* GallerySheet.swift */ = {isa = PBXFileReference; fileEncoding = 4; lastKnownFileType = sourcecode.swift; path = GallerySheet.swift; sourceTree = "<group>"; };
		8BBCBC21264DDCEF00937206 /* LaunchpadSheet.swift */ = {isa = PBXFileReference; fileEncoding = 4; lastKnownFileType = sourcecode.swift; path = LaunchpadSheet.swift; sourceTree = "<group>"; };
		8BBCBC22264DDCEF00937206 /* LaunchpadMapSection.swift */ = {isa = PBXFileReference; fileEncoding = 4; lastKnownFileType = sourcecode.swift; path = LaunchpadMapSection.swift; sourceTree = "<group>"; };
		8BBCBC23264DDCEF00937206 /* LaunchpadDetailsSection.swift */ = {isa = PBXFileReference; fileEncoding = 4; lastKnownFileType = sourcecode.swift; path = LaunchpadDetailsSection.swift; sourceTree = "<group>"; };
		8BBCBC25264DDCEF00937206 /* PhotoSheet.swift */ = {isa = PBXFileReference; fileEncoding = 4; lastKnownFileType = sourcecode.swift; path = PhotoSheet.swift; sourceTree = "<group>"; };
		8BBCBC26264DDCEF00937206 /* ShareSheet.swift */ = {isa = PBXFileReference; fileEncoding = 4; lastKnownFileType = sourcecode.swift; path = ShareSheet.swift; sourceTree = "<group>"; };
		8BBCBC27264DDCEF00937206 /* RootSheet.swift */ = {isa = PBXFileReference; fileEncoding = 4; lastKnownFileType = sourcecode.swift; path = RootSheet.swift; sourceTree = "<group>"; };
		8BBCBC29264DDCEF00937206 /* LaunchDetailResourcesView.swift */ = {isa = PBXFileReference; fileEncoding = 4; lastKnownFileType = sourcecode.swift; path = LaunchDetailResourcesView.swift; sourceTree = "<group>"; };
		8BBCBC2A264DDCEF00937206 /* LaunchDetailHeaderView.swift */ = {isa = PBXFileReference; fileEncoding = 4; lastKnownFileType = sourcecode.swift; path = LaunchDetailHeaderView.swift; sourceTree = "<group>"; };
		8BBCBC2B264DDCEF00937206 /* LaunchCountdownView.swift */ = {isa = PBXFileReference; fileEncoding = 4; lastKnownFileType = sourcecode.swift; path = LaunchCountdownView.swift; sourceTree = "<group>"; };
		8BDF3D98260D4D2400DE48DD /* UnitForce.swift */ = {isa = PBXFileReference; lastKnownFileType = sourcecode.swift; path = UnitForce.swift; sourceTree = "<group>"; };
		8BE2683226109FB7003B0C62 /* Norminal for Mac.app */ = {isa = PBXFileReference; explicitFileType = wrapper.application; includeInIndex = 0; path = "Norminal for Mac.app"; sourceTree = BUILT_PRODUCTS_DIR; };
		8BE2683426109FB7003B0C62 /* NorminalMacApp.swift */ = {isa = PBXFileReference; lastKnownFileType = sourcecode.swift; path = NorminalMacApp.swift; sourceTree = "<group>"; };
		8BE2683D26109FB8003B0C62 /* Info.plist */ = {isa = PBXFileReference; lastKnownFileType = text.plist.xml; path = Info.plist; sourceTree = "<group>"; };
		8BE2683E26109FB8003B0C62 /* NorminalMac.entitlements */ = {isa = PBXFileReference; lastKnownFileType = text.plist.entitlements; path = NorminalMac.entitlements; sourceTree = "<group>"; };
		8BE268432610A031003B0C62 /* MainView.swift */ = {isa = PBXFileReference; lastKnownFileType = sourcecode.swift; path = MainView.swift; sourceTree = "<group>"; };
		8BF143DA25F10C370045B95D /* Secrets.swift */ = {isa = PBXFileReference; fileEncoding = 4; lastKnownFileType = sourcecode.swift; path = Secrets.swift; sourceTree = "<group>"; };
		8BF143DC25F10C370045B95D /* WeatherAPI.swift */ = {isa = PBXFileReference; fileEncoding = 4; lastKnownFileType = sourcecode.swift; path = WeatherAPI.swift; sourceTree = "<group>"; };
		8BF143DE25F10C370045B95D /* Launchpad.swift */ = {isa = PBXFileReference; fileEncoding = 4; lastKnownFileType = sourcecode.swift; path = Launchpad.swift; sourceTree = "<group>"; };
		8BF143DF25F10C370045B95D /* Launch.swift */ = {isa = PBXFileReference; fileEncoding = 4; lastKnownFileType = sourcecode.swift; path = Launch.swift; sourceTree = "<group>"; };
		8BF143E025F10C370045B95D /* Landpad.swift */ = {isa = PBXFileReference; fileEncoding = 4; lastKnownFileType = sourcecode.swift; path = Landpad.swift; sourceTree = "<group>"; };
		8BF143E225F10C370045B95D /* Astronaut.swift */ = {isa = PBXFileReference; fileEncoding = 4; lastKnownFileType = sourcecode.swift; path = Astronaut.swift; sourceTree = "<group>"; };
		8BF5D53126431DE000309466 /* GlobeView.swift */ = {isa = PBXFileReference; lastKnownFileType = sourcecode.swift; path = GlobeView.swift; sourceTree = "<group>"; };
		8BF5D53326431E3100309466 /* TestScene.swift */ = {isa = PBXFileReference; lastKnownFileType = sourcecode.swift; path = TestScene.swift; sourceTree = "<group>"; };
		8BF5D53526431E6600309466 /* Media.xcassets */ = {isa = PBXFileReference; lastKnownFileType = folder.assetcatalog; path = Media.xcassets; sourceTree = "<group>"; };
		8BF5F6EC2611211B00060A0E /* GlobalSettings.swift */ = {isa = PBXFileReference; lastKnownFileType = sourcecode.swift; path = GlobalSettings.swift; sourceTree = "<group>"; };
/* End PBXFileReference section */

/* Begin PBXFrameworksBuildPhase section */
		8B46A57A2530CE740084E52D /* Frameworks */ = {
			isa = PBXFrameworksBuildPhase;
			buildActionMask = 2147483647;
			files = (
				8B0D1D6F253351EA0056FACA /* VisualEffects in Frameworks */,
				8B44B2B0265A4D310047DD49 /* XCDYouTubeKit in Frameworks */,
				8B76C257268CD2B500C121EF /* FirebaseCrashlytics in Frameworks */,
				8BD13FB625FF762C003AB69C /* Telescope in Frameworks */,
				8B4AEFFA26571E0300675E88 /* BottomSheet in Frameworks */,
				8B9524C4265D073000816574 /* Alamofire in Frameworks */,
				8B692558253205E800D61C3F /* NavigationSearchBar in Frameworks */,
				8B83E8A925375B10002AE62B /* SatelliteKit in Frameworks */,
			);
			runOnlyForDeploymentPostprocessing = 0;
		};
		8BE2682F26109FB7003B0C62 /* Frameworks */ = {
			isa = PBXFrameworksBuildPhase;
			buildActionMask = 2147483647;
			files = (
				8B29D0AE2610B84800FBA0C5 /* Telescope in Frameworks */,
				8B29D0AA2610B84800FBA0C5 /* SatelliteKit in Frameworks */,
			);
			runOnlyForDeploymentPostprocessing = 0;
		};
/* End PBXFrameworksBuildPhase section */

/* Begin PBXGroup section */
		8B01B15226428D3A0012833E /* Globe */ = {
			isa = PBXGroup;
			children = (
				8BF5D53126431DE000309466 /* GlobeView.swift */,
				8BF5D53326431E3100309466 /* TestScene.swift */,
				8BF5D53526431E6600309466 /* Media.xcassets */,
			);
			path = Globe;
			sourceTree = "<group>";
		};
		8B2E86F7265AA0170072735B /* Company Sheet */ = {
			isa = PBXGroup;
			children = (
				8B2E86F8265AA0260072735B /* CompanySheet.swift */,
			);
			path = "Company Sheet";
			sourceTree = "<group>";
		};
		8B44B2B1265A54C30047DD49 /* Lists */ = {
			isa = PBXGroup;
			children = (
				8B44B2B8265A5C560047DD49 /* Tiles */,
				8B44B2C1265A6A920047DD49 /* AstronautListView.swift */,
				8B44B2B2265A54DA0047DD49 /* CapsuleListView.swift */,
				8B44B2B4265A55160047DD49 /* CoreListView.swift */,
				8B46A5912530CF4D0084E52D /* LaunchListView.swift */,
				8B2E86ED265A97D60072735B /* PayloadListView.swift */,
				8B44B2BD265A63B80047DD49 /* ShipListView.swift */,
				8B44B2B6265A553F0047DD49 /* StarlinkListView.swift */,
				8B2E86F1265A99AD0072735B /* VehicleListView.swift */,
				8B2E86F5265A9F0D0072735B /* PadListView.swift */,
			);
			path = Lists;
			sourceTree = "<group>";
		};
		8B44B2B8265A5C560047DD49 /* Tiles */ = {
			isa = PBXGroup;
			children = (
				8B2E86EB265A96900072735B /* AstronautListTile.swift */,
				8B44B2BB265A5CD40047DD49 /* CapsuleListTile.swift */,
				8B44B2B9265A5C830047DD49 /* CoreListTile.swift */,
				8B46A59A2530D87F0084E52D /* LaunchListTile.swift */,
				8B2E86EF265A984D0072735B /* PayloadListTile.swift */,
				8B2E86F3265A9B770072735B /* RocketListTile.swift */,
				8B44B2BF265A69C60047DD49 /* ShipListTile.swift */,
				8B2E86FA265AA56E0072735B /* HistoryEntryTile.swift */,
			);
			path = Tiles;
			sourceTree = "<group>";
		};
		8B46A5742530CE740084E52D = {
			isa = PBXGroup;
			children = (
				8BE2684A2610A191003B0C62 /* Common Views */,
				8BF143D725F10C370045B95D /* Data */,
				8B46A57F2530CE740084E52D /* Norminal */,
				8BE2683326109FB7003B0C62 /* NorminalMac */,
				8BB5232125489827006A9511 /* Resources */,
				8B46A5842530CE760084E52D /* Assets.xcassets */,
				8BB5232025489817006A9511 /* README.md */,
				8BA63E87263CC2D600E019BC /* GoogleService-Info.plist */,
			);
			sourceTree = "<group>";
		};
		8B46A57E2530CE740084E52D /* Products */ = {
			isa = PBXGroup;
			children = (
				8B46A57D2530CE740084E52D /* Norminal.app */,
				8BE2683226109FB7003B0C62 /* Norminal for Mac.app */,
			);
			name = Products;
			path = ..;
			sourceTree = "<group>";
		};
		8B46A57F2530CE740084E52D /* Norminal */ = {
			isa = PBXGroup;
			children = (
				8B46A5892530CE760084E52D /* Info.plist */,
				8B17527525EDA8A300A760C5 /* Norminal.entitlements */,
				8B46A5802530CE740084E52D /* NorminalApp.swift */,
				8BB288B926593E3500A441A7 /* Settings.bundle */,
				8B46A57E2530CE740084E52D /* Products */,
				8BBCBC10264DDCEF00937206 /* Support Views */,
				8B83E8AC253769BD002AE62B /* Views */,
			);
			path = Norminal;
			sourceTree = "<group>";
		};
		8B6A231A2653235400056726 /* Ship Sheet */ = {
			isa = PBXGroup;
			children = (
				8B6A231B2653236900056726 /* ShipSheet.swift */,
				8B6A231D2653246100056726 /* ShipDetailsSection.swift */,
				8B6A231F265328FF00056726 /* ShipLocationSection.swift */,
			);
			path = "Ship Sheet";
			sourceTree = "<group>";
		};
		8B75FBEA26527149001E7E1E /* Rocket Sheet */ = {
			isa = PBXGroup;
			children = (
				8B75FBEB26527171001E7E1E /* RocketCoresSection.swift */,
				8B01A03126531680009E2CD9 /* RocketEnginesSection.swift */,
				8B75FBED265271FB001E7E1E /* RocketFairingsSection.swift */,
				8B75FBF926527B7D001E7E1E /* RocketFirstStageSection.swift */,
				8B75FBF22652729A001E7E1E /* RocketModelSection.swift */,
				8B75FBF72652736F001E7E1E /* RocketPayloadWeightsSection.swift */,
				8B75FBF526527339001E7E1E /* RocketPhysicalSpecificationsSection.swift */,
				8B01A02F2653132C009E2CD9 /* RocketSecondStageSection.swift */,
				8BBCBC1C264DDCEF00937206 /* RocketSheet.swift */,
			);
			path = "Rocket Sheet";
			sourceTree = "<group>";
		};
		8B83E8AB253769AE002AE62B /* Cards */ = {
			isa = PBXGroup;
			children = (
				8B0D1D78253365660056FACA /* Card.swift */,
				8BB5232A254A009B006A9511 /* CardOverlay.swift */,
				8BB5231725478833006A9511 /* CrewCard.swift */,
				8BA90E12257D9AA200168722 /* GalleryCard.swift */,
				8B919B0525F14F27007D992E /* MissionDetailsCard.swift */,
				8B07905125F2FC41006CD9BE /* PayloadCard.swift */,
				8B9255B125F2DA810059CB2E /* RocketCard.swift */,
				8B83E8B025376A5D002AE62B /* WebcastCard.swift */,
			);
			path = Cards;
			sourceTree = "<group>";
		};
		8B83E8AC253769BD002AE62B /* Views */ = {
			isa = PBXGroup;
			children = (
				8BB288BB265940BE00A441A7 /* ArchiveView.swift */,
				8B46A5822530CE740084E52D /* MainView.swift */,
				8B69255A253206E900D61C3F /* LaunchDetailView.swift */,
			);
			path = Views;
			sourceTree = "<group>";
		};
		8B8498D62653C2E40002505D /* Crew Sheet */ = {
			isa = PBXGroup;
			children = (
				8BBCBC1E264DDCEF00937206 /* AstronautSheet.swift */,
				8BBCBC15264DDCEF00937206 /* CrewSheet.swift */,
			);
			path = "Crew Sheet";
			sourceTree = "<group>";
		};
		8B8498D72653C2F90002505D /* Landpad Sheet */ = {
			isa = PBXGroup;
			children = (
				8B8498D82653C30A0002505D /* LandpadSheet.swift */,
				8B8498DA2653C3410002505D /* LandpadHeaderSection.swift */,
				8BB89E7A265428470026275E /* LandpadMapSection.swift */,
			);
			path = "Landpad Sheet";
			sourceTree = "<group>";
		};
		8BB5232125489827006A9511 /* Resources */ = {
			isa = PBXGroup;
			children = (
				8BB5232225489842006A9511 /* logo.png */,
			);
			path = Resources;
			sourceTree = "<group>";
		};
		8BB89E7C26544A6E0026275E /* Core Sheet */ = {
			isa = PBXGroup;
			children = (
				8BB89E7D26544A7D0026275E /* CoreSheet.swift */,
			);
			path = "Core Sheet";
			sourceTree = "<group>";
		};
		8BB89E7F265454470026275E /* Payload Sheet */ = {
			isa = PBXGroup;
			children = (
				8B4AEFFB26571E2600675E88 /* FullscreenMapView.swift */,
				8BB288AE2658224A00A441A7 /* PayloadCapsuleInstanceSections.swift */,
				8BB89E86265468DD0026275E /* PayloadNORADSection.swift */,
				8BB89E8826546FF10026275E /* PayloadOrbitSection.swift */,
				8BB288B426591A5A00A441A7 /* PayloadRoadsterSection.swift */,
				8BB89E842654603F0026275E /* PayloadSection.swift */,
				8BB89E802654545D0026275E /* PayloadSheet.swift */,
				8BB288B22659187800A441A7 /* PayloadStarlinkSection.swift */,
				8BB89E82265458150026275E /* SinglePayloadSheet.swift */,
			);
			path = "Payload Sheet";
			sourceTree = "<group>";
		};
		8BBCBC10264DDCEF00937206 /* Support Views */ = {
			isa = PBXGroup;
			children = (
				8BBCBC2B264DDCEF00937206 /* LaunchCountdownView.swift */,
				8BBCBC2A264DDCEF00937206 /* LaunchDetailHeaderView.swift */,
				8BBCBC29264DDCEF00937206 /* LaunchDetailResourcesView.swift */,
				8BBCBC11264DDCEF00937206 /* PinchToZoom.swift */,
				8BBCBC12264DDCEF00937206 /* Sheets */,
			);
			path = "Support Views";
			sourceTree = "<group>";
		};
		8BBCBC12264DDCEF00937206 /* Sheets */ = {
			isa = PBXGroup;
			children = (
				8B2E86FC265AA9560072735B /* AboutView.swift */,
				8BBCBC1D264DDCEF00937206 /* LaunchFilterSheet.swift */,
				8BBCBC27264DDCEF00937206 /* RootSheet.swift */,
				8B2E86F7265AA0170072735B /* Company Sheet */,
				8BB89E7C26544A6E0026275E /* Core Sheet */,
				8B8498D62653C2E40002505D /* Crew Sheet */,
				8BBCBC16264DDCEF00937206 /* Details Sheet */,
				8B8498D72653C2F90002505D /* Landpad Sheet */,
				8BBCBC20264DDCEF00937206 /* Launchpad Sheet */,
				8BBCBC24264DDCEF00937206 /* Gallery Sheet */,
				8BB89E7F265454470026275E /* Payload Sheet */,
				8B75FBEA26527149001E7E1E /* Rocket Sheet */,
				8B6A231A2653235400056726 /* Ship Sheet */,
				8BBCBC13264DDCEF00937206 /* Webcast Sheet */,
			);
			path = Sheets;
			sourceTree = "<group>";
		};
		8BBCBC13264DDCEF00937206 /* Webcast Sheet */ = {
			isa = PBXGroup;
			children = (
				8BBCBC14264DDCEF00937206 /* WebcastSheet.swift */,
			);
			path = "Webcast Sheet";
			sourceTree = "<group>";
		};
		8BBCBC16264DDCEF00937206 /* Details Sheet */ = {
			isa = PBXGroup;
			children = (
				8BBCBC1B264DDCEF00937206 /* DetailsSheet.swift */,
				8BBCBC19264DDCEF00937206 /* LaunchDetailsSection.swift */,
				8BBCBC18264DDCEF00937206 /* LaunchMapSection.swift */,
				8BBCBC1A264DDCEF00937206 /* PointOfInterest.swift */,
				8BBCBC17264DDCEF00937206 /* PointOfInterestRow.swift */,
			);
			path = "Details Sheet";
			sourceTree = "<group>";
		};
		8BBCBC20264DDCEF00937206 /* Launchpad Sheet */ = {
			isa = PBXGroup;
			children = (
				8BBCBC21264DDCEF00937206 /* LaunchpadSheet.swift */,
				8BBCBC22264DDCEF00937206 /* LaunchpadMapSection.swift */,
				8BBCBC23264DDCEF00937206 /* LaunchpadDetailsSection.swift */,
			);
			path = "Launchpad Sheet";
			sourceTree = "<group>";
		};
		8BBCBC24264DDCEF00937206 /* Gallery Sheet */ = {
			isa = PBXGroup;
			children = (
				8BBCBC1F264DDCEF00937206 /* GallerySheet.swift */,
				8BBCBC25264DDCEF00937206 /* PhotoSheet.swift */,
				8BBCBC26264DDCEF00937206 /* ShareSheet.swift */,
			);
			path = "Gallery Sheet";
			sourceTree = "<group>";
		};
		8BDF3D9A260D4D3500DE48DD /* Utilities */ = {
			isa = PBXGroup;
			children = (
				8B46A59F253118160084E52D /* FakeData.swift */,
				8B29D0CD26111D3D00FBA0C5 /* Filter.swift */,
				8B32E6E226550BA600AD854E /* SatelliteKitExtensions.swift */,
				8BBC5F252651CA2D00E4CA2B /* StringCapitalization.swift */,
				8BDF3D98260D4D2400DE48DD /* UnitForce.swift */,
				8B75FBEF26527239001E7E1E /* UsefulFormatters.swift */,
				8B2E86FE265AABC80072735B /* WhereAmIRunning.swift */,
			);
			path = Utilities;
			sourceTree = "<group>";
		};
		8BE2683326109FB7003B0C62 /* NorminalMac */ = {
			isa = PBXGroup;
			children = (
				8BE2683D26109FB8003B0C62 /* Info.plist */,
				8BE2683E26109FB8003B0C62 /* NorminalMac.entitlements */,
				8BE2683426109FB7003B0C62 /* NorminalMacApp.swift */,
				8BE2684B2610A296003B0C62 /* Support Views */,
				8BE268422610A021003B0C62 /* Views */,
			);
			path = NorminalMac;
			sourceTree = "<group>";
		};
		8BE268422610A021003B0C62 /* Views */ = {
			isa = PBXGroup;
			children = (
				8BE268432610A031003B0C62 /* MainView.swift */,
				8B29D0912610B78500FBA0C5 /* LaunchListView.swift */,
			);
			path = Views;
			sourceTree = "<group>";
		};
		8BE2684A2610A191003B0C62 /* Common Views */ = {
			isa = PBXGroup;
			children = (
				8B01B15226428D3A0012833E /* Globe */,
				8B83E8AB253769AE002AE62B /* Cards */,
				8B44B2B1265A54C30047DD49 /* Lists */,
				8B83E8BD25379B60002AE62B /* AstronautPicture.swift */,
				8B29D0BE2610BBA800FBA0C5 /* Color.swift */,
				8B29D0C12610BE8600FBA0C5 /* ColorfulShadow.swift */,
				8B29D0AF2610B88A00FBA0C5 /* CrossPlatformImage.swift */,
				8B03EF5426507C4C006FCC35 /* InformationRow.swift */,
				8B29D08E2610B3F700FBA0C5 /* NotSelectedView.swift */,
				8B5459F92641469800373B8B /* MapMarkers.swift */,
				8B0D1D75253363BF0056FACA /* MissionRecapView.swift */,
				8B32E6DF2655093000AD854E /* OrbitMap.swift */,
				8B83E8B325377270002AE62B /* RoundedButtonStyle.swift */,
				8BB288B0265827A800A441A7 /* TImageWithGalleryButton.swift */,
			);
			path = "Common Views";
			sourceTree = "<group>";
		};
		8BE2684B2610A296003B0C62 /* Support Views */ = {
			isa = PBXGroup;
			children = (
				8B29D0BC2610BB8000FBA0C5 /* LaunchCountdownView.swift */,
				8B29D0CB2611178800FBA0C5 /* LaunchOrderingControls.swift */,
				8B29D0C92610EF8E00FBA0C5 /* SearchBar.swift */,
			);
			path = "Support Views";
			sourceTree = "<group>";
		};
		8BF143D725F10C370045B95D /* Data */ = {
			isa = PBXGroup;
			children = (
				8B9524C5265D091500816574 /* Fetchable.swift */,
				8BF5F6EC2611211B00060A0E /* GlobalSettings.swift */,
				8B32865D264C8F930039ADE8 /* Secrets.plist */,
				8BF143DA25F10C370045B95D /* Secrets.swift */,
				8BDF3D9A260D4D3500DE48DD /* Utilities */,
				8BF143DD25F10C370045B95D /* SpaceX */,
				8BF143DB25F10C370045B95D /* Weather */,
			);
			path = Data;
			sourceTree = "<group>";
		};
		8BF143DB25F10C370045B95D /* Weather */ = {
			isa = PBXGroup;
			children = (
				8BF143DC25F10C370045B95D /* WeatherAPI.swift */,
			);
			path = Weather;
			sourceTree = "<group>";
		};
		8BF143DD25F10C370045B95D /* SpaceX */ = {
			isa = PBXGroup;
			children = (
				8BB7202E260E260F00B8433C /* AdditionalCodingKeys.swift */,
				8BF143E225F10C370045B95D /* Astronaut.swift */,
				8BA4D6EA260E50150096CE96 /* Capsule.swift */,
				8BA4D6ED260E50240096CE96 /* CompanyInfo.swift */,
				8BA4D6F0260E502F0096CE96 /* Core.swift */,
				8BA4D6F3260E503C0096CE96 /* Dragon.swift */,
				8B7F8D3B2607A756008A226B /* FaceCropper.swift */,
				8BA4D6F9260E505B0096CE96 /* Fairing.swift */,
				8BA4D705260E50890096CE96 /* History.swift */,
				8BF143E025F10C370045B95D /* Landpad.swift */,
				8BF143DF25F10C370045B95D /* Launch.swift */,
				8BF143DE25F10C370045B95D /* Launchpad.swift */,
				8BA4D6F6260E50500096CE96 /* Payload.swift */,
				8BA4D6FC260E50690096CE96 /* Roadster.swift */,
				8B9255B725F2DB4E0059CB2E /* Rocket.swift */,
				8BA4D6FF260E50740096CE96 /* Ship.swift */,
				8B7C68C726408A870075116B /* Starlink.swift */,
			);
			path = SpaceX;
			sourceTree = "<group>";
		};
/* End PBXGroup section */

/* Begin PBXNativeTarget section */
		8B46A57C2530CE740084E52D /* Norminal */ = {
			isa = PBXNativeTarget;
			buildConfigurationList = 8B46A58C2530CE760084E52D /* Build configuration list for PBXNativeTarget "Norminal" */;
			buildPhases = (
				8B46A5792530CE740084E52D /* Sources */,
				8B46A57A2530CE740084E52D /* Frameworks */,
				8B46A57B2530CE740084E52D /* Resources */,
				8B208B94258EBC6C009107EC /* Embed App Extensions */,
				8B76C246268C754F00C121EF /* Firebase Crashlytics */,
			);
			buildRules = (
			);
			dependencies = (
			);
			name = Norminal;
			packageProductDependencies = (
				8B692557253205E800D61C3F /* NavigationSearchBar */,
				8B0D1D6E253351EA0056FACA /* VisualEffects */,
				8B83E8A825375B10002AE62B /* SatelliteKit */,
				8BD13FB525FF762C003AB69C /* Telescope */,
				8B4AEFF926571E0300675E88 /* BottomSheet */,
				8B44B2AF265A4D310047DD49 /* XCDYouTubeKit */,
				8B9524C3265D073000816574 /* Alamofire */,
				8B76C256268CD2B500C121EF /* FirebaseCrashlytics */,
			);
			productName = Norminal;
			productReference = 8B46A57D2530CE740084E52D /* Norminal.app */;
			productType = "com.apple.product-type.application";
		};
		8BE2683126109FB7003B0C62 /* Norminal for Mac */ = {
			isa = PBXNativeTarget;
			buildConfigurationList = 8BE2684126109FB8003B0C62 /* Build configuration list for PBXNativeTarget "Norminal for Mac" */;
			buildPhases = (
				8BE2682E26109FB7003B0C62 /* Sources */,
				8BE2682F26109FB7003B0C62 /* Frameworks */,
				8BE2683026109FB7003B0C62 /* Resources */,
			);
			buildRules = (
			);
			dependencies = (
			);
			name = "Norminal for Mac";
			packageProductDependencies = (
				8B29D0A92610B84800FBA0C5 /* SatelliteKit */,
				8B29D0AD2610B84800FBA0C5 /* Telescope */,
			);
			productName = NorminalMac;
			productReference = 8BE2683226109FB7003B0C62 /* Norminal for Mac.app */;
			productType = "com.apple.product-type.application";
		};
/* End PBXNativeTarget section */

/* Begin PBXProject section */
		8B46A5752530CE740084E52D /* Project object */ = {
			isa = PBXProject;
			attributes = {
				LastSwiftUpdateCheck = 1250;
				LastUpgradeCheck = 1250;
				TargetAttributes = {
					8B46A57C2530CE740084E52D = {
						CreatedOnToolsVersion = 12.0.1;
					};
					8BE2683126109FB7003B0C62 = {
						CreatedOnToolsVersion = 12.5;
					};
				};
			};
			buildConfigurationList = 8B46A5782530CE740084E52D /* Build configuration list for PBXProject "Norminal" */;
			compatibilityVersion = "Xcode 9.3";
			developmentRegion = en;
			hasScannedForEncodings = 0;
			knownRegions = (
				en,
				Base,
			);
			mainGroup = 8B46A5742530CE740084E52D;
			packageReferences = (
				8B692556253205E800D61C3F /* XCRemoteSwiftPackageReference "NavigationSearchBar" */,
				8B0D1D6D253351EA0056FACA /* XCRemoteSwiftPackageReference "VisualEffects" */,
				8B83E8A725375B10002AE62B /* XCRemoteSwiftPackageReference "SatelliteKit" */,
				8BD13FB425FF762C003AB69C /* XCRemoteSwiftPackageReference "telescope" */,
				8B4AEFF826571E0200675E88 /* XCRemoteSwiftPackageReference "BottomSheet" */,
				8B44B2AE265A4D310047DD49 /* XCRemoteSwiftPackageReference "XCDYouTubeKit" */,
				8B9524C2265D073000816574 /* XCRemoteSwiftPackageReference "Alamofire" */,
				8B76C244268C735C00C121EF /* XCRemoteSwiftPackageReference "firebase-ios-sdk" */,
			);
			productRefGroup = 8B46A57E2530CE740084E52D /* Products */;
			projectDirPath = "";
			projectRoot = "";
			targets = (
				8B46A57C2530CE740084E52D /* Norminal */,
				8BE2683126109FB7003B0C62 /* Norminal for Mac */,
			);
		};
/* End PBXProject section */

/* Begin PBXResourcesBuildPhase section */
		8B46A57B2530CE740084E52D /* Resources */ = {
			isa = PBXResourcesBuildPhase;
			buildActionMask = 2147483647;
			files = (
				8BB288BA26593E3500A441A7 /* Settings.bundle in Resources */,
				8B32865E264C8F930039ADE8 /* Secrets.plist in Resources */,
				8B46A5852530CE760084E52D /* Assets.xcassets in Resources */,
				8BA63E88263CC2D600E019BC /* GoogleService-Info.plist in Resources */,
			);
			runOnlyForDeploymentPostprocessing = 0;
		};
		8BE2683026109FB7003B0C62 /* Resources */ = {
			isa = PBXResourcesBuildPhase;
			buildActionMask = 2147483647;
			files = (
				8B328660264C8F930039ADE8 /* Secrets.plist in Resources */,
				8B98C945261C966A00FDF70E /* Assets.xcassets in Resources */,
			);
			runOnlyForDeploymentPostprocessing = 0;
		};
/* End PBXResourcesBuildPhase section */

/* Begin PBXShellScriptBuildPhase section */
		8B76C246268C754F00C121EF /* Firebase Crashlytics */ = {
			isa = PBXShellScriptBuildPhase;
			alwaysOutOfDate = 1;
			buildActionMask = 8;
			files = (
			);
			inputFileListPaths = (
			);
			inputPaths = (
			);
			name = "Firebase Crashlytics";
			outputFileListPaths = (
			);
			outputPaths = (
			);
			runOnlyForDeploymentPostprocessing = 1;
			shellPath = /bin/sh;
			shellScript = "if [ \"${CONFIGURATION}\" = \"Release\" ]; then\necho =========== Uploading symbols to Crashlytics ============\n${BUILD_DIR%Build/*}/SourcePackages/checkouts/firebase-ios-sdk/Crashlytics/run\necho ============ Upload to Crashlytics complete =============\nelse\necho ========== Not a release build, no Crashlytics ==========\nfi\n";
		};
/* End PBXShellScriptBuildPhase section */

/* Begin PBXSourcesBuildPhase section */
		8B46A5792530CE740084E52D /* Sources */ = {
			isa = PBXSourcesBuildPhase;
			buildActionMask = 2147483647;
			files = (
				8B7C68C826408A870075116B /* Starlink.swift in Sources */,
				8B2E86F4265A9B770072735B /* RocketListTile.swift in Sources */,
				8BF143F325F10C370045B95D /* Astronaut.swift in Sources */,
				8B2E86F9265AA0260072735B /* CompanySheet.swift in Sources */,
				8B75FBF626527339001E7E1E /* RocketPhysicalSpecificationsSection.swift in Sources */,
				8BBCBC32264DDCEF00937206 /* PointOfInterest.swift in Sources */,
				8BBCBC39264DDCEF00937206 /* LaunchpadMapSection.swift in Sources */,
				8BA4D6FD260E50690096CE96 /* Roadster.swift in Sources */,
				8B6A231C2653236900056726 /* ShipSheet.swift in Sources */,
				8BA4D6F7260E50500096CE96 /* Payload.swift in Sources */,
				8B9524C6265D091500816574 /* Fetchable.swift in Sources */,
				8B2E86F2265A99AD0072735B /* VehicleListView.swift in Sources */,
				8BB89E812654545E0026275E /* PayloadSheet.swift in Sources */,
				8B919B0625F14F27007D992E /* MissionDetailsCard.swift in Sources */,
				8BBCBC2E264DDCEF00937206 /* CrewSheet.swift in Sources */,
				8B46A5832530CE740084E52D /* MainView.swift in Sources */,
				8BB7202F260E260F00B8433C /* AdditionalCodingKeys.swift in Sources */,
				8B01A03226531680009E2CD9 /* RocketEnginesSection.swift in Sources */,
				8B32E6E326550BA600AD854E /* SatelliteKitExtensions.swift in Sources */,
				8BB5231825478833006A9511 /* CrewCard.swift in Sources */,
				8BA4D6F4260E503C0096CE96 /* Dragon.swift in Sources */,
				8B2E86FB265AA56E0072735B /* HistoryEntryTile.swift in Sources */,
				8B44B2C2265A6A920047DD49 /* AstronautListView.swift in Sources */,
				8B75FBEC26527171001E7E1E /* RocketCoresSection.swift in Sources */,
				8BBCBC40264DDCEF00937206 /* LaunchDetailHeaderView.swift in Sources */,
				8BB89E7B265428470026275E /* LandpadMapSection.swift in Sources */,
				8BBCBC2D264DDCEF00937206 /* WebcastSheet.swift in Sources */,
				8B69255B253206E900D61C3F /* LaunchDetailView.swift in Sources */,
				8BB288B32659187800A441A7 /* PayloadStarlinkSection.swift in Sources */,
				8BA4D700260E50740096CE96 /* Ship.swift in Sources */,
				8B32E6E02655093000AD854E /* OrbitMap.swift in Sources */,
				8B46A5922530CF4D0084E52D /* LaunchListView.swift in Sources */,
				8B29D0B12610B8B900FBA0C5 /* CrossPlatformImage.swift in Sources */,
				8B2E86FD265AA9560072735B /* AboutView.swift in Sources */,
				8B83E8B425377270002AE62B /* RoundedButtonStyle.swift in Sources */,
				8BA4D6F1260E502F0096CE96 /* Core.swift in Sources */,
				8B07905225F2FC41006CD9BE /* PayloadCard.swift in Sources */,
				8B9255B225F2DA810059CB2E /* RocketCard.swift in Sources */,
				8B83E8BE25379B60002AE62B /* AstronautPicture.swift in Sources */,
				8BDF3D99260D4D2400DE48DD /* UnitForce.swift in Sources */,
				8BF143ED25F10C370045B95D /* Launch.swift in Sources */,
				8B9255B825F2DB4E0059CB2E /* Rocket.swift in Sources */,
				8BB89E83265458150026275E /* SinglePayloadSheet.swift in Sources */,
				8BB288B1265827A800A441A7 /* TImageWithGalleryButton.swift in Sources */,
				8B75FBEE265271FC001E7E1E /* RocketFairingsSection.swift in Sources */,
				8B75FBE926526B45001E7E1E /* TestScene.swift in Sources */,
				8BBCBC2C264DDCEF00937206 /* PinchToZoom.swift in Sources */,
				8B29D0C32610BE9900FBA0C5 /* ColorfulShadow.swift in Sources */,
				8BA4D6FA260E505B0096CE96 /* Fairing.swift in Sources */,
				8B46A5A0253118160084E52D /* FakeData.swift in Sources */,
				8B44B2B3265A54DA0047DD49 /* CapsuleListView.swift in Sources */,
				8BBCBC3C264DDCEF00937206 /* ShareSheet.swift in Sources */,
				8B44B2BA265A5C830047DD49 /* CoreListTile.swift in Sources */,
				8B2E86F0265A984D0072735B /* PayloadListTile.swift in Sources */,
				8B44B2BC265A5CD40047DD49 /* CapsuleListTile.swift in Sources */,
				8B2E86EC265A96900072735B /* AstronautListTile.swift in Sources */,
				8BBCBC38264DDCEF00937206 /* LaunchpadSheet.swift in Sources */,
				8B6A231E2653246100056726 /* ShipDetailsSection.swift in Sources */,
				8BBCBC36264DDCEF00937206 /* AstronautSheet.swift in Sources */,
				8BA90E13257D9AA200168722 /* GalleryCard.swift in Sources */,
				8B83E8B125376A5D002AE62B /* WebcastCard.swift in Sources */,
				8B46A5812530CE740084E52D /* NorminalApp.swift in Sources */,
				8BBCBC3F264DDCEF00937206 /* LaunchDetailResourcesView.swift in Sources */,
				8B29D08F2610B3F700FBA0C5 /* NotSelectedView.swift in Sources */,
				8BBCBC30264DDCEF00937206 /* LaunchMapSection.swift in Sources */,
				8B2E86EE265A97D60072735B /* PayloadListView.swift in Sources */,
				8B75FBF026527239001E7E1E /* UsefulFormatters.swift in Sources */,
				8BB89E7E26544A7D0026275E /* CoreSheet.swift in Sources */,
				8BBCBC31264DDCEF00937206 /* LaunchDetailsSection.swift in Sources */,
				8BB89E852654603F0026275E /* PayloadSection.swift in Sources */,
				8B03EF5526507C4C006FCC35 /* InformationRow.swift in Sources */,
				8B29D0C02610BC7300FBA0C5 /* Color.swift in Sources */,
				8BF143EB25F10C370045B95D /* Launchpad.swift in Sources */,
				8B75FBF32652729A001E7E1E /* RocketModelSection.swift in Sources */,
				8B2E86F6265A9F0D0072735B /* PadListView.swift in Sources */,
				8B44B2C0265A69C60047DD49 /* ShipListTile.swift in Sources */,
				8BB89E87265468DD0026275E /* PayloadNORADSection.swift in Sources */,
				8BB288AF2658224A00A441A7 /* PayloadCapsuleInstanceSections.swift in Sources */,
				8B44B2BE265A63B80047DD49 /* ShipListView.swift in Sources */,
				8BBCBC3A264DDCEF00937206 /* LaunchpadDetailsSection.swift in Sources */,
				8B0D1D79253365660056FACA /* Card.swift in Sources */,
				8BBCBC3B264DDCEF00937206 /* PhotoSheet.swift in Sources */,
				8B29D0CF26111D4200FBA0C5 /* Filter.swift in Sources */,
				8B8498D92653C30A0002505D /* LandpadSheet.swift in Sources */,
				8B8498DB2653C3410002505D /* LandpadHeaderSection.swift in Sources */,
				8BA4D6EE260E50240096CE96 /* CompanyInfo.swift in Sources */,
				8BBCBC2F264DDCEF00937206 /* PointOfInterestRow.swift in Sources */,
				8BBCBC33264DDCEF00937206 /* DetailsSheet.swift in Sources */,
				8B0D1D76253363BF0056FACA /* MissionRecapView.swift in Sources */,
				8BF143E725F10C370045B95D /* Secrets.swift in Sources */,
				8B6A2320265328FF00056726 /* ShipLocationSection.swift in Sources */,
				8BB288BC265940BE00A441A7 /* ArchiveView.swift in Sources */,
				8B01A0302653132C009E2CD9 /* RocketSecondStageSection.swift in Sources */,
				8BB288B526591A5A00A441A7 /* PayloadRoadsterSection.swift in Sources */,
				8BF143E925F10C370045B95D /* WeatherAPI.swift in Sources */,
				8BF5F6ED2611211B00060A0E /* GlobalSettings.swift in Sources */,
				8BBCBC41264DDCEF00937206 /* LaunchCountdownView.swift in Sources */,
				8BA4D706260E50890096CE96 /* History.swift in Sources */,
				8B03EF5326507969006FCC35 /* RocketSheet.swift in Sources */,
				8B4AEFFC26571E2700675E88 /* FullscreenMapView.swift in Sources */,
				8B133206264164E500638038 /* MapMarkers.swift in Sources */,
				8BB89E8926546FF10026275E /* PayloadOrbitSection.swift in Sources */,
				8B2E86FF265AABC80072735B /* WhereAmIRunning.swift in Sources */,
				8BBCBC35264DDCEF00937206 /* LaunchFilterSheet.swift in Sources */,
				8BBCBC37264DDCEF00937206 /* GallerySheet.swift in Sources */,
				8B75FBE826526B42001E7E1E /* GlobeView.swift in Sources */,
				8B44B2B7265A553F0047DD49 /* StarlinkListView.swift in Sources */,
				8BF143EF25F10C370045B95D /* Landpad.swift in Sources */,
				8B44B2B5265A55160047DD49 /* CoreListView.swift in Sources */,
				8B46A59B2530D87F0084E52D /* LaunchListTile.swift in Sources */,
				8B75FBFA26527B7D001E7E1E /* RocketFirstStageSection.swift in Sources */,
				8B7F8D3C2607A756008A226B /* FaceCropper.swift in Sources */,
				8BBC5F262651CA2D00E4CA2B /* StringCapitalization.swift in Sources */,
				8B75FBF82652736F001E7E1E /* RocketPayloadWeightsSection.swift in Sources */,
				8BA4D6EB260E50150096CE96 /* Capsule.swift in Sources */,
				8BB5232B254A009B006A9511 /* CardOverlay.swift in Sources */,
				8BBCBC3D264DDCEF00937206 /* RootSheet.swift in Sources */,
			);
			runOnlyForDeploymentPostprocessing = 0;
		};
		8BE2682E26109FB7003B0C62 /* Sources */ = {
			isa = PBXSourcesBuildPhase;
			buildActionMask = 2147483647;
			files = (
				8B29D0BA2610BAF200FBA0C5 /* MissionRecapView.swift in Sources */,
				8B29D0932610B80C00FBA0C5 /* Capsule.swift in Sources */,
				8B29D0BF2610BBA800FBA0C5 /* Color.swift in Sources */,
				8B29D0A32610B80C00FBA0C5 /* Dragon.swift in Sources */,
				8B32E6E426550BA600AD854E /* SatelliteKitExtensions.swift in Sources */,
				8B75FBF126527239001E7E1E /* UsefulFormatters.swift in Sources */,
				8B75FBF42652729A001E7E1E /* RocketModelSection.swift in Sources */,
				8B29D0A42610B80C00FBA0C5 /* Fairing.swift in Sources */,
				8B29D0A82610B80C00FBA0C5 /* Payload.swift in Sources */,
				8B29D0B62610BAF200FBA0C5 /* RoundedButtonStyle.swift in Sources */,
				8B29D0972610B80C00FBA0C5 /* History.swift in Sources */,
				8B29D0962610B80C00FBA0C5 /* FakeData.swift in Sources */,
				8B29D0CA2610EF8E00FBA0C5 /* SearchBar.swift in Sources */,
				8B29D0942610B80C00FBA0C5 /* AdditionalCodingKeys.swift in Sources */,
				8B29D0BD2610BB8000FBA0C5 /* LaunchCountdownView.swift in Sources */,
				8B03EF5626507C4C006FCC35 /* InformationRow.swift in Sources */,
				8B29D09A2610B80C00FBA0C5 /* UnitForce.swift in Sources */,
				8BE09FC7264201DD0001C9D9 /* Launchpad.swift in Sources */,
				8B29D0A22610B80C00FBA0C5 /* Ship.swift in Sources */,
				8B32E6E12655093000AD854E /* OrbitMap.swift in Sources */,
				8B29D09F2610B80C00FBA0C5 /* Astronaut.swift in Sources */,
				8B29D0922610B78500FBA0C5 /* LaunchListView.swift in Sources */,
				8B29D0A52610B80C00FBA0C5 /* Roadster.swift in Sources */,
				8B29D0B82610BAF200FBA0C5 /* NotSelectedView.swift in Sources */,
				8B29D0C22610BE8600FBA0C5 /* ColorfulShadow.swift in Sources */,
				8BE2683526109FB7003B0C62 /* NorminalMacApp.swift in Sources */,
				8B29D0A72610B80C00FBA0C5 /* FaceCropper.swift in Sources */,
				8B133205264164E400638038 /* MapMarkers.swift in Sources */,
				8BF5F6EF2611211B00060A0E /* GlobalSettings.swift in Sources */,
				8B29D0A02610B80C00FBA0C5 /* Rocket.swift in Sources */,
				8BE268442610A031003B0C62 /* MainView.swift in Sources */,
				8B29D09C2610B80C00FBA0C5 /* Secrets.swift in Sources */,
				8B29D09B2610B80C00FBA0C5 /* Launch.swift in Sources */,
				8B29D0CC2611178800FBA0C5 /* LaunchOrderingControls.swift in Sources */,
				8B29D0B02610B88A00FBA0C5 /* CrossPlatformImage.swift in Sources */,
				8B29D09D2610B80C00FBA0C5 /* WeatherAPI.swift in Sources */,
				8B29D0A12610B80C00FBA0C5 /* Core.swift in Sources */,
				8B29D0CE26111D3D00FBA0C5 /* Filter.swift in Sources */,
				8B9524C8265D091500816574 /* Fetchable.swift in Sources */,
				8B29D0992610B80C00FBA0C5 /* Landpad.swift in Sources */,
				8B29D0B92610BAF200FBA0C5 /* AstronautPicture.swift in Sources */,
				8B7C68CA26408A870075116B /* Starlink.swift in Sources */,
				8B29D09E2610B80C00FBA0C5 /* CompanyInfo.swift in Sources */,
				8BBC5F282651CA2D00E4CA2B /* StringCapitalization.swift in Sources */,
			);
			runOnlyForDeploymentPostprocessing = 0;
		};
/* End PBXSourcesBuildPhase section */

/* Begin XCBuildConfiguration section */
		8B46A58A2530CE760084E52D /* Debug */ = {
			isa = XCBuildConfiguration;
			buildSettings = {
				ALWAYS_SEARCH_USER_PATHS = YES;
				CLANG_ANALYZER_NONNULL = YES;
				CLANG_ANALYZER_NUMBER_OBJECT_CONVERSION = YES_AGGRESSIVE;
				CLANG_CXX_LANGUAGE_STANDARD = "gnu++14";
				CLANG_CXX_LIBRARY = "libc++";
				CLANG_ENABLE_MODULES = YES;
				CLANG_ENABLE_OBJC_ARC = YES;
				CLANG_ENABLE_OBJC_WEAK = YES;
				CLANG_WARN_BLOCK_CAPTURE_AUTORELEASING = YES;
				CLANG_WARN_BOOL_CONVERSION = YES;
				CLANG_WARN_COMMA = YES;
				CLANG_WARN_CONSTANT_CONVERSION = YES;
				CLANG_WARN_DEPRECATED_OBJC_IMPLEMENTATIONS = YES;
				CLANG_WARN_DIRECT_OBJC_ISA_USAGE = YES_ERROR;
				CLANG_WARN_DOCUMENTATION_COMMENTS = YES;
				CLANG_WARN_EMPTY_BODY = YES;
				CLANG_WARN_ENUM_CONVERSION = YES;
				CLANG_WARN_INFINITE_RECURSION = YES;
				CLANG_WARN_INT_CONVERSION = YES;
				CLANG_WARN_NON_LITERAL_NULL_CONVERSION = YES;
				CLANG_WARN_OBJC_IMPLICIT_RETAIN_SELF = YES;
				CLANG_WARN_OBJC_LITERAL_CONVERSION = YES;
				CLANG_WARN_OBJC_ROOT_CLASS = YES_ERROR;
				CLANG_WARN_QUOTED_INCLUDE_IN_FRAMEWORK_HEADER = YES;
				CLANG_WARN_RANGE_LOOP_ANALYSIS = YES;
				CLANG_WARN_STRICT_PROTOTYPES = YES;
				CLANG_WARN_SUSPICIOUS_MOVE = YES;
				CLANG_WARN_UNGUARDED_AVAILABILITY = YES_AGGRESSIVE;
				CLANG_WARN_UNREACHABLE_CODE = YES;
				CLANG_WARN__DUPLICATE_METHOD_MATCH = YES;
				COPY_PHASE_STRIP = NO;
				DEBUG_INFORMATION_FORMAT = dwarf;
				ENABLE_STRICT_OBJC_MSGSEND = YES;
				ENABLE_TESTABILITY = YES;
				FRAMEWORK_SEARCH_PATHS = "$(inherited)";
				GCC_C_LANGUAGE_STANDARD = gnu11;
				GCC_DYNAMIC_NO_PIC = NO;
				GCC_NO_COMMON_BLOCKS = YES;
				GCC_OPTIMIZATION_LEVEL = 0;
				GCC_PREPROCESSOR_DEFINITIONS = (
					"DEBUG=1",
					"$(inherited)",
				);
				GCC_WARN_64_TO_32_BIT_CONVERSION = YES;
				GCC_WARN_ABOUT_RETURN_TYPE = YES_ERROR;
				GCC_WARN_UNDECLARED_SELECTOR = YES;
				GCC_WARN_UNINITIALIZED_AUTOS = YES_AGGRESSIVE;
				GCC_WARN_UNUSED_FUNCTION = YES;
				GCC_WARN_UNUSED_VARIABLE = YES;
				IPHONEOS_DEPLOYMENT_TARGET = 14.0;
				MTL_ENABLE_DEBUG_INFO = INCLUDE_SOURCE;
				MTL_FAST_MATH = YES;
				ONLY_ACTIVE_ARCH = YES;
				OTHER_LDFLAGS = "-ObjC";
				SDKROOT = iphoneos;
				SWIFT_ACTIVE_COMPILATION_CONDITIONS = DEBUG;
				SWIFT_OPTIMIZATION_LEVEL = "-Onone";
				USER_HEADER_SEARCH_PATHS = "$(SRCROOT)";
			};
			name = Debug;
		};
		8B46A58B2530CE760084E52D /* Release */ = {
			isa = XCBuildConfiguration;
			buildSettings = {
				ALWAYS_SEARCH_USER_PATHS = YES;
				CLANG_ANALYZER_NONNULL = YES;
				CLANG_ANALYZER_NUMBER_OBJECT_CONVERSION = YES_AGGRESSIVE;
				CLANG_CXX_LANGUAGE_STANDARD = "gnu++14";
				CLANG_CXX_LIBRARY = "libc++";
				CLANG_ENABLE_MODULES = YES;
				CLANG_ENABLE_OBJC_ARC = YES;
				CLANG_ENABLE_OBJC_WEAK = YES;
				CLANG_WARN_BLOCK_CAPTURE_AUTORELEASING = YES;
				CLANG_WARN_BOOL_CONVERSION = YES;
				CLANG_WARN_COMMA = YES;
				CLANG_WARN_CONSTANT_CONVERSION = YES;
				CLANG_WARN_DEPRECATED_OBJC_IMPLEMENTATIONS = YES;
				CLANG_WARN_DIRECT_OBJC_ISA_USAGE = YES_ERROR;
				CLANG_WARN_DOCUMENTATION_COMMENTS = YES;
				CLANG_WARN_EMPTY_BODY = YES;
				CLANG_WARN_ENUM_CONVERSION = YES;
				CLANG_WARN_INFINITE_RECURSION = YES;
				CLANG_WARN_INT_CONVERSION = YES;
				CLANG_WARN_NON_LITERAL_NULL_CONVERSION = YES;
				CLANG_WARN_OBJC_IMPLICIT_RETAIN_SELF = YES;
				CLANG_WARN_OBJC_LITERAL_CONVERSION = YES;
				CLANG_WARN_OBJC_ROOT_CLASS = YES_ERROR;
				CLANG_WARN_QUOTED_INCLUDE_IN_FRAMEWORK_HEADER = YES;
				CLANG_WARN_RANGE_LOOP_ANALYSIS = YES;
				CLANG_WARN_STRICT_PROTOTYPES = YES;
				CLANG_WARN_SUSPICIOUS_MOVE = YES;
				CLANG_WARN_UNGUARDED_AVAILABILITY = YES_AGGRESSIVE;
				CLANG_WARN_UNREACHABLE_CODE = YES;
				CLANG_WARN__DUPLICATE_METHOD_MATCH = YES;
				COPY_PHASE_STRIP = NO;
				DEBUG_INFORMATION_FORMAT = "dwarf-with-dsym";
				ENABLE_NS_ASSERTIONS = NO;
				ENABLE_STRICT_OBJC_MSGSEND = YES;
				FRAMEWORK_SEARCH_PATHS = "$(inherited)";
				GCC_C_LANGUAGE_STANDARD = gnu11;
				GCC_NO_COMMON_BLOCKS = YES;
				GCC_WARN_64_TO_32_BIT_CONVERSION = YES;
				GCC_WARN_ABOUT_RETURN_TYPE = YES_ERROR;
				GCC_WARN_UNDECLARED_SELECTOR = YES;
				GCC_WARN_UNINITIALIZED_AUTOS = YES_AGGRESSIVE;
				GCC_WARN_UNUSED_FUNCTION = YES;
				GCC_WARN_UNUSED_VARIABLE = YES;
				IPHONEOS_DEPLOYMENT_TARGET = 14.0;
				MTL_ENABLE_DEBUG_INFO = NO;
				MTL_FAST_MATH = YES;
				OTHER_LDFLAGS = "-ObjC";
				SDKROOT = iphoneos;
				SWIFT_COMPILATION_MODE = wholemodule;
				SWIFT_OPTIMIZATION_LEVEL = "-O";
				USER_HEADER_SEARCH_PATHS = "$(SRCROOT)";
				VALIDATE_PRODUCT = YES;
			};
			name = Release;
		};
		8B46A58D2530CE760084E52D /* Debug */ = {
			isa = XCBuildConfiguration;
			buildSettings = {
				ALWAYS_EMBED_SWIFT_STANDARD_LIBRARIES = YES;
				ASSETCATALOG_COMPILER_APPICON_NAME = AppIcon;
				ASSETCATALOG_COMPILER_GLOBAL_ACCENT_COLOR_NAME = AccentColor;
				CODE_SIGN_ENTITLEMENTS = Norminal/Norminal.entitlements;
				CODE_SIGN_STYLE = Automatic;
				CURRENT_PROJECT_VERSION = 149;
				DEBUG_INFORMATION_FORMAT = "dwarf-with-dsym";
				DEVELOPMENT_ASSET_PATHS = "";
				DEVELOPMENT_TEAM = BZTVD28H6K;
				ENABLE_PREVIEWS = YES;
				INFOPLIST_FILE = Norminal/Info.plist;
				IPHONEOS_DEPLOYMENT_TARGET = 14.3;
				LD_RUNPATH_SEARCH_PATHS = (
					"$(inherited)",
					"@executable_path/Frameworks",
				);
				MARKETING_VERSION = 1.1;
				OTHER_LDFLAGS = "-ObjC";
				PRODUCT_BUNDLE_IDENTIFIER = com.persello.norminal;
				PRODUCT_NAME = "$(TARGET_NAME)";
				SUPPORTS_MACCATALYST = NO;
				SUPPORTS_MAC_DESIGNED_FOR_IPHONE_IPAD = NO;
				SWIFT_VERSION = 5.0;
				TARGETED_DEVICE_FAMILY = "1,2";
				USER_HEADER_SEARCH_PATHS = "$(SRCROOT)";
				VERSIONING_SYSTEM = "apple-generic";
			};
			name = Debug;
		};
		8B46A58E2530CE760084E52D /* Release */ = {
			isa = XCBuildConfiguration;
			buildSettings = {
				ALWAYS_EMBED_SWIFT_STANDARD_LIBRARIES = YES;
				ASSETCATALOG_COMPILER_APPICON_NAME = AppIcon;
				ASSETCATALOG_COMPILER_GLOBAL_ACCENT_COLOR_NAME = AccentColor;
				CODE_SIGN_ENTITLEMENTS = Norminal/Norminal.entitlements;
				CODE_SIGN_STYLE = Automatic;
				CURRENT_PROJECT_VERSION = 149;
				DEVELOPMENT_ASSET_PATHS = "";
				DEVELOPMENT_TEAM = BZTVD28H6K;
				ENABLE_PREVIEWS = YES;
				INFOPLIST_FILE = Norminal/Info.plist;
				IPHONEOS_DEPLOYMENT_TARGET = 14.3;
				LD_RUNPATH_SEARCH_PATHS = (
					"$(inherited)",
					"@executable_path/Frameworks",
				);
				MARKETING_VERSION = 1.1;
				OTHER_LDFLAGS = "-ObjC";
				PRODUCT_BUNDLE_IDENTIFIER = com.persello.norminal;
				PRODUCT_NAME = "$(TARGET_NAME)";
				SUPPORTS_MACCATALYST = NO;
				SUPPORTS_MAC_DESIGNED_FOR_IPHONE_IPAD = NO;
				SWIFT_VERSION = 5.0;
				TARGETED_DEVICE_FAMILY = "1,2";
				USER_HEADER_SEARCH_PATHS = "$(SRCROOT)";
				VERSIONING_SYSTEM = "apple-generic";
			};
			name = Release;
		};
		8BE2683F26109FB8003B0C62 /* Debug */ = {
			isa = XCBuildConfiguration;
			buildSettings = {
				ALWAYS_SEARCH_USER_PATHS = NO;
				ASSETCATALOG_COMPILER_APPICON_NAME = AppIcon;
				ASSETCATALOG_COMPILER_GLOBAL_ACCENT_COLOR_NAME = AccentColor;
				CODE_SIGN_ENTITLEMENTS = NorminalMac/NorminalMac.entitlements;
				CODE_SIGN_IDENTITY = "-";
				CODE_SIGN_STYLE = Automatic;
				COMBINE_HIDPI_IMAGES = YES;
				DEVELOPMENT_ASSET_PATHS = "";
				DEVELOPMENT_TEAM = BZTVD28H6K;
				ENABLE_HARDENED_RUNTIME = YES;
				ENABLE_PREVIEWS = YES;
				INFOPLIST_FILE = NorminalMac/Info.plist;
				LD_RUNPATH_SEARCH_PATHS = (
					"$(inherited)",
					"@executable_path/../Frameworks",
				);
				MACOSX_DEPLOYMENT_TARGET = 11.3;
				MARKETING_VERSION = 1..1;
				PRODUCT_BUNDLE_IDENTIFIER = com.persello.norminal.mac;
				PRODUCT_NAME = "$(TARGET_NAME)";
				SDKROOT = macosx;
				SWIFT_VERSION = 5.0;
			};
			name = Debug;
		};
		8BE2684026109FB8003B0C62 /* Release */ = {
			isa = XCBuildConfiguration;
			buildSettings = {
				ALWAYS_SEARCH_USER_PATHS = NO;
				ASSETCATALOG_COMPILER_APPICON_NAME = AppIcon;
				ASSETCATALOG_COMPILER_GLOBAL_ACCENT_COLOR_NAME = AccentColor;
				CODE_SIGN_ENTITLEMENTS = NorminalMac/NorminalMac.entitlements;
				CODE_SIGN_IDENTITY = "-";
				CODE_SIGN_STYLE = Automatic;
				COMBINE_HIDPI_IMAGES = YES;
				DEVELOPMENT_ASSET_PATHS = "";
				DEVELOPMENT_TEAM = BZTVD28H6K;
				ENABLE_HARDENED_RUNTIME = YES;
				ENABLE_PREVIEWS = YES;
				INFOPLIST_FILE = NorminalMac/Info.plist;
				LD_RUNPATH_SEARCH_PATHS = (
					"$(inherited)",
					"@executable_path/../Frameworks",
				);
				MACOSX_DEPLOYMENT_TARGET = 11.3;
				MARKETING_VERSION = 1..1;
				PRODUCT_BUNDLE_IDENTIFIER = com.persello.norminal.mac;
				PRODUCT_NAME = "$(TARGET_NAME)";
				SDKROOT = macosx;
				SWIFT_VERSION = 5.0;
			};
			name = Release;
		};
/* End XCBuildConfiguration section */

/* Begin XCConfigurationList section */
		8B46A5782530CE740084E52D /* Build configuration list for PBXProject "Norminal" */ = {
			isa = XCConfigurationList;
			buildConfigurations = (
				8B46A58A2530CE760084E52D /* Debug */,
				8B46A58B2530CE760084E52D /* Release */,
			);
			defaultConfigurationIsVisible = 0;
			defaultConfigurationName = Release;
		};
		8B46A58C2530CE760084E52D /* Build configuration list for PBXNativeTarget "Norminal" */ = {
			isa = XCConfigurationList;
			buildConfigurations = (
				8B46A58D2530CE760084E52D /* Debug */,
				8B46A58E2530CE760084E52D /* Release */,
			);
			defaultConfigurationIsVisible = 0;
			defaultConfigurationName = Release;
		};
		8BE2684126109FB8003B0C62 /* Build configuration list for PBXNativeTarget "Norminal for Mac" */ = {
			isa = XCConfigurationList;
			buildConfigurations = (
				8BE2683F26109FB8003B0C62 /* Debug */,
				8BE2684026109FB8003B0C62 /* Release */,
			);
			defaultConfigurationIsVisible = 0;
			defaultConfigurationName = Release;
		};
/* End XCConfigurationList section */

/* Begin XCRemoteSwiftPackageReference section */
		8B0D1D6D253351EA0056FACA /* XCRemoteSwiftPackageReference "VisualEffects" */ = {
			isa = XCRemoteSwiftPackageReference;
			repositoryURL = "https://github.com/twostraws/VisualEffects";
			requirement = {
				kind = upToNextMajorVersion;
				minimumVersion = 1.0.3;
			};
		};
		8B44B2AE265A4D310047DD49 /* XCRemoteSwiftPackageReference "XCDYouTubeKit" */ = {
			isa = XCRemoteSwiftPackageReference;
			repositoryURL = "https://github.com/persello/XCDYouTubeKit";
			requirement = {
				branch = master;
				kind = branch;
			};
		};
		8B4AEFF826571E0200675E88 /* XCRemoteSwiftPackageReference "BottomSheet" */ = {
			isa = XCRemoteSwiftPackageReference;
			repositoryURL = "https://github.com/LucasMucGH/BottomSheet";
			requirement = {
				kind = upToNextMajorVersion;
				minimumVersion = 1.0.7;
			};
		};
		8B692556253205E800D61C3F /* XCRemoteSwiftPackageReference "NavigationSearchBar" */ = {
			isa = XCRemoteSwiftPackageReference;
			repositoryURL = "https://github.com/markvanwijnen/NavigationSearchBar.git";
			requirement = {
				kind = upToNextMajorVersion;
				minimumVersion = 1.0.0;
			};
		};
		8B76C244268C735C00C121EF /* XCRemoteSwiftPackageReference "firebase-ios-sdk" */ = {
			isa = XCRemoteSwiftPackageReference;
			repositoryURL = "https://github.com/firebase/firebase-ios-sdk.git";
			requirement = {
				kind = upToNextMajorVersion;
				minimumVersion = 8.2.0;
			};
		};
		8B83E8A725375B10002AE62B /* XCRemoteSwiftPackageReference "SatelliteKit" */ = {
			isa = XCRemoteSwiftPackageReference;
			repositoryURL = "https://github.com/gavineadie/SatelliteKit.git";
			requirement = {
				kind = upToNextMajorVersion;
				minimumVersion = 1.0.25;
			};
		};
		8B9524C2265D073000816574 /* XCRemoteSwiftPackageReference "Alamofire" */ = {
			isa = XCRemoteSwiftPackageReference;
			repositoryURL = "https://github.com/Alamofire/Alamofire.git";
			requirement = {
				kind = upToNextMajorVersion;
				minimumVersion = 5.4.3;
			};
		};
		8BD13FB425FF762C003AB69C /* XCRemoteSwiftPackageReference "telescope" */ = {
			isa = XCRemoteSwiftPackageReference;
			repositoryURL = "https://github.com/persello/telescope";
			requirement = {
				branch = develop;
				kind = branch;
			};
		};
/* End XCRemoteSwiftPackageReference section */

/* Begin XCSwiftPackageProductDependency section */
		8B0D1D6E253351EA0056FACA /* VisualEffects */ = {
			isa = XCSwiftPackageProductDependency;
			package = 8B0D1D6D253351EA0056FACA /* XCRemoteSwiftPackageReference "VisualEffects" */;
			productName = VisualEffects;
		};
		8B29D0A92610B84800FBA0C5 /* SatelliteKit */ = {
			isa = XCSwiftPackageProductDependency;
			package = 8B83E8A725375B10002AE62B /* XCRemoteSwiftPackageReference "SatelliteKit" */;
			productName = SatelliteKit;
		};
		8B29D0AD2610B84800FBA0C5 /* Telescope */ = {
			isa = XCSwiftPackageProductDependency;
			package = 8BD13FB425FF762C003AB69C /* XCRemoteSwiftPackageReference "telescope" */;
			productName = Telescope;
		};
		8B44B2AF265A4D310047DD49 /* XCDYouTubeKit */ = {
			isa = XCSwiftPackageProductDependency;
			package = 8B44B2AE265A4D310047DD49 /* XCRemoteSwiftPackageReference "XCDYouTubeKit" */;
			productName = XCDYouTubeKit;
		};
		8B4AEFF926571E0300675E88 /* BottomSheet */ = {
			isa = XCSwiftPackageProductDependency;
			package = 8B4AEFF826571E0200675E88 /* XCRemoteSwiftPackageReference "BottomSheet" */;
			productName = BottomSheet;
		};
		8B692557253205E800D61C3F /* NavigationSearchBar */ = {
			isa = XCSwiftPackageProductDependency;
			package = 8B692556253205E800D61C3F /* XCRemoteSwiftPackageReference "NavigationSearchBar" */;
			productName = NavigationSearchBar;
		};
		8B76C256268CD2B500C121EF /* FirebaseCrashlytics */ = {
			isa = XCSwiftPackageProductDependency;
			package = 8B76C244268C735C00C121EF /* XCRemoteSwiftPackageReference "firebase-ios-sdk" */;
			productName = FirebaseCrashlytics;
		};
		8B83E8A825375B10002AE62B /* SatelliteKit */ = {
			isa = XCSwiftPackageProductDependency;
			package = 8B83E8A725375B10002AE62B /* XCRemoteSwiftPackageReference "SatelliteKit" */;
			productName = SatelliteKit;
		};
		8B9524C3265D073000816574 /* Alamofire */ = {
			isa = XCSwiftPackageProductDependency;
			package = 8B9524C2265D073000816574 /* XCRemoteSwiftPackageReference "Alamofire" */;
			productName = Alamofire;
		};
		8BD13FB525FF762C003AB69C /* Telescope */ = {
			isa = XCSwiftPackageProductDependency;
			package = 8BD13FB425FF762C003AB69C /* XCRemoteSwiftPackageReference "telescope" */;
			productName = Telescope;
		};
/* End XCSwiftPackageProductDependency section */
	};
	rootObject = 8B46A5752530CE740084E52D /* Project object */;
}
