// !$*UTF8*$!
{
	archiveVersion = 1;
	classes = {
	};
	objectVersion = 52;
	objects = {

/* Begin PBXBuildFile section */
		8B07905225F2FC41006CD9BE /* PayloadCard.swift in Sources */ = {isa = PBXBuildFile; fileRef = 8B07905125F2FC41006CD9BE /* PayloadCard.swift */; };
		8B0B4DC325EE511500F1C068 /* LaunchCountdownView.swift in Sources */ = {isa = PBXBuildFile; fileRef = 8B0B4DC225EE511500F1C068 /* LaunchCountdownView.swift */; };
		8B0C25732593C38B00C169E2 /* GoogleService-Info.plist in Resources */ = {isa = PBXBuildFile; fileRef = 8B0C25722593C38B00C169E2 /* GoogleService-Info.plist */; };
		8B0C25742593C38B00C169E2 /* GoogleService-Info.plist in Resources */ = {isa = PBXBuildFile; fileRef = 8B0C25722593C38B00C169E2 /* GoogleService-Info.plist */; };
		8B0D1D6F253351EA0056FACA /* VisualEffects in Frameworks */ = {isa = PBXBuildFile; productRef = 8B0D1D6E253351EA0056FACA /* VisualEffects */; };
		8B0D1D76253363BF0056FACA /* MissionRecapCard.swift in Sources */ = {isa = PBXBuildFile; fileRef = 8B0D1D75253363BF0056FACA /* MissionRecapCard.swift */; };
		8B0D1D79253365660056FACA /* Card.swift in Sources */ = {isa = PBXBuildFile; fileRef = 8B0D1D78253365660056FACA /* Card.swift */; };
		8B208B88258EBC6A009107EC /* WidgetKit.framework in Frameworks */ = {isa = PBXBuildFile; fileRef = 8B208B87258EBC6A009107EC /* WidgetKit.framework */; };
		8B208B8A258EBC6A009107EC /* SwiftUI.framework in Frameworks */ = {isa = PBXBuildFile; fileRef = 8B208B89258EBC6A009107EC /* SwiftUI.framework */; };
		8B208B8D258EBC6A009107EC /* NextLaunches.swift in Sources */ = {isa = PBXBuildFile; fileRef = 8B208B8C258EBC6A009107EC /* NextLaunches.swift */; };
		8B208B93258EBC6C009107EC /* NorminalWidget.appex in Embed App Extensions */ = {isa = PBXBuildFile; fileRef = 8B208B85258EBC6A009107EC /* NorminalWidget.appex */; settings = {ATTRIBUTES = (RemoveHeadersOnCopy, ); }; };
		8B208B9A258ECBDB009107EC /* FakeData.swift in Sources */ = {isa = PBXBuildFile; fileRef = 8B46A59F253118160084E52D /* FakeData.swift */; };
		8B46A5812530CE740084E52D /* NorminalApp.swift in Sources */ = {isa = PBXBuildFile; fileRef = 8B46A5802530CE740084E52D /* NorminalApp.swift */; };
		8B46A5832530CE740084E52D /* MainView.swift in Sources */ = {isa = PBXBuildFile; fileRef = 8B46A5822530CE740084E52D /* MainView.swift */; };
		8B46A5852530CE760084E52D /* Assets.xcassets in Resources */ = {isa = PBXBuildFile; fileRef = 8B46A5842530CE760084E52D /* Assets.xcassets */; };
		8B46A5922530CF4D0084E52D /* LaunchListView.swift in Sources */ = {isa = PBXBuildFile; fileRef = 8B46A5912530CF4D0084E52D /* LaunchListView.swift */; };
		8B46A59B2530D87F0084E52D /* LaunchListTile.swift in Sources */ = {isa = PBXBuildFile; fileRef = 8B46A59A2530D87F0084E52D /* LaunchListTile.swift */; };
		8B46A5A0253118160084E52D /* FakeData.swift in Sources */ = {isa = PBXBuildFile; fileRef = 8B46A59F253118160084E52D /* FakeData.swift */; };
		8B4E95ED259671F000F9668E /* nanopb.xcframework in Frameworks */ = {isa = PBXBuildFile; fileRef = 8B4E95E4259671F000F9668E /* nanopb.xcframework */; };
		8B4E95EF259671F000F9668E /* PromisesObjC.xcframework in Frameworks */ = {isa = PBXBuildFile; fileRef = 8B4E95E5259671F000F9668E /* PromisesObjC.xcframework */; };
		8B4E95F1259671F000F9668E /* FirebaseAnalytics.xcframework in Frameworks */ = {isa = PBXBuildFile; fileRef = 8B4E95E6259671F000F9668E /* FirebaseAnalytics.xcframework */; };
		8B4E95F3259671F000F9668E /* FirebaseCoreDiagnostics.xcframework in Frameworks */ = {isa = PBXBuildFile; fileRef = 8B4E95E7259671F000F9668E /* FirebaseCoreDiagnostics.xcframework */; };
		8B4E95F5259671F000F9668E /* FirebaseInstallations.xcframework in Frameworks */ = {isa = PBXBuildFile; fileRef = 8B4E95E8259671F000F9668E /* FirebaseInstallations.xcframework */; };
		8B4E95F7259671F000F9668E /* FirebaseCore.xcframework in Frameworks */ = {isa = PBXBuildFile; fileRef = 8B4E95E9259671F000F9668E /* FirebaseCore.xcframework */; };
		8B4E95F9259671F000F9668E /* GoogleDataTransport.xcframework in Frameworks */ = {isa = PBXBuildFile; fileRef = 8B4E95EA259671F000F9668E /* GoogleDataTransport.xcframework */; };
		8B4E95FB259671F000F9668E /* GoogleAppMeasurement.xcframework in Frameworks */ = {isa = PBXBuildFile; fileRef = 8B4E95EB259671F000F9668E /* GoogleAppMeasurement.xcframework */; };
		8B4E95FD259671F000F9668E /* GoogleUtilities.xcframework in Frameworks */ = {isa = PBXBuildFile; fileRef = 8B4E95EC259671F000F9668E /* GoogleUtilities.xcframework */; };
		8B4E9605259671FD00F9668E /* FirebaseCrashlytics.xcframework in Frameworks */ = {isa = PBXBuildFile; fileRef = 8B4E9602259671FD00F9668E /* FirebaseCrashlytics.xcframework */; };
		8B511098257ED4950097BC0D /* GallerySheet.swift in Sources */ = {isa = PBXBuildFile; fileRef = 8B511097257ED4950097BC0D /* GallerySheet.swift */; };
		8B692558253205E800D61C3F /* NavigationSearchBar in Frameworks */ = {isa = PBXBuildFile; productRef = 8B692557253205E800D61C3F /* NavigationSearchBar */; };
		8B69255B253206E900D61C3F /* LaunchDetailView.swift in Sources */ = {isa = PBXBuildFile; fileRef = 8B69255A253206E900D61C3F /* LaunchDetailView.swift */; };
		8B83E8A925375B10002AE62B /* SatelliteKit in Frameworks */ = {isa = PBXBuildFile; productRef = 8B83E8A825375B10002AE62B /* SatelliteKit */; };
		8B83E8B125376A5D002AE62B /* WebcastCard.swift in Sources */ = {isa = PBXBuildFile; fileRef = 8B83E8B025376A5D002AE62B /* WebcastCard.swift */; };
		8B83E8B425377270002AE62B /* RoundedButtonStyle.swift in Sources */ = {isa = PBXBuildFile; fileRef = 8B83E8B325377270002AE62B /* RoundedButtonStyle.swift */; };
		8B83E8BE25379B60002AE62B /* AstronautPicture.swift in Sources */ = {isa = PBXBuildFile; fileRef = 8B83E8BD25379B60002AE62B /* AstronautPicture.swift */; };
		8B919AE025F13CF2007D992E /* FirebaseAnalytics.xcframework in Frameworks */ = {isa = PBXBuildFile; fileRef = 8B4E95E6259671F000F9668E /* FirebaseAnalytics.xcframework */; };
		8B919AE225F13CF2007D992E /* FirebaseCore.xcframework in Frameworks */ = {isa = PBXBuildFile; fileRef = 8B4E95E9259671F000F9668E /* FirebaseCore.xcframework */; };
		8B919AE425F13CF2007D992E /* FirebaseCoreDiagnostics.xcframework in Frameworks */ = {isa = PBXBuildFile; fileRef = 8B4E95E7259671F000F9668E /* FirebaseCoreDiagnostics.xcframework */; };
		8B919AE625F13CF2007D992E /* FirebaseCrashlytics.xcframework in Frameworks */ = {isa = PBXBuildFile; fileRef = 8B4E9602259671FD00F9668E /* FirebaseCrashlytics.xcframework */; };
		8B919AE825F13CF2007D992E /* FirebaseInstallations.xcframework in Frameworks */ = {isa = PBXBuildFile; fileRef = 8B4E95E8259671F000F9668E /* FirebaseInstallations.xcframework */; };
		8B919AEA25F13CF2007D992E /* GoogleAppMeasurement.xcframework in Frameworks */ = {isa = PBXBuildFile; fileRef = 8B4E95EB259671F000F9668E /* GoogleAppMeasurement.xcframework */; };
		8B919AEC25F13CF2007D992E /* GoogleDataTransport.xcframework in Frameworks */ = {isa = PBXBuildFile; fileRef = 8B4E95EA259671F000F9668E /* GoogleDataTransport.xcframework */; };
		8B919AEE25F13CF2007D992E /* GoogleUtilities.xcframework in Frameworks */ = {isa = PBXBuildFile; fileRef = 8B4E95EC259671F000F9668E /* GoogleUtilities.xcframework */; };
		8B919AF025F13CF2007D992E /* nanopb.xcframework in Frameworks */ = {isa = PBXBuildFile; fileRef = 8B4E95E4259671F000F9668E /* nanopb.xcframework */; };
		8B919AF225F13CF2007D992E /* PromisesObjC.xcframework in Frameworks */ = {isa = PBXBuildFile; fileRef = 8B4E95E5259671F000F9668E /* PromisesObjC.xcframework */; };
		8B919B0625F14F27007D992E /* MissionDetailsCard.swift in Sources */ = {isa = PBXBuildFile; fileRef = 8B919B0525F14F27007D992E /* MissionDetailsCard.swift */; };
		8B9255B225F2DA810059CB2E /* RocketCard.swift in Sources */ = {isa = PBXBuildFile; fileRef = 8B9255B125F2DA810059CB2E /* RocketCard.swift */; };
		8B9255B825F2DB4E0059CB2E /* Rocket.swift in Sources */ = {isa = PBXBuildFile; fileRef = 8B9255B725F2DB4E0059CB2E /* Rocket.swift */; };
		8BA90E13257D9AA200168722 /* GalleryCard.swift in Sources */ = {isa = PBXBuildFile; fileRef = 8BA90E12257D9AA200168722 /* GalleryCard.swift */; };
		8BB5231825478833006A9511 /* CrewCard.swift in Sources */ = {isa = PBXBuildFile; fileRef = 8BB5231725478833006A9511 /* CrewCard.swift */; };
		8BB5232B254A009B006A9511 /* CardOverlay.swift in Sources */ = {isa = PBXBuildFile; fileRef = 8BB5232A254A009B006A9511 /* CardOverlay.swift */; };
		8BBEEBCE257FFDEF00EA168A /* PhotoSheet.swift in Sources */ = {isa = PBXBuildFile; fileRef = 8BBEEBCD257FFDEF00EA168A /* PhotoSheet.swift */; };
		8BBEEBE3258009EC00EA168A /* PinchToZoom.swift in Sources */ = {isa = PBXBuildFile; fileRef = 8BBEEBE2258009EC00EA168A /* PinchToZoom.swift */; };
		8BC7E6CA256728FA005E4304 /* XCDYouTubeKit in Frameworks */ = {isa = PBXBuildFile; productRef = 8BC7E6C9256728FA005E4304 /* XCDYouTubeKit */; };
		8BC7E6CD25672966005E4304 /* WebcastSheet.swift in Sources */ = {isa = PBXBuildFile; fileRef = 8BC7E6CC25672966005E4304 /* WebcastSheet.swift */; };
		8BD13FB625FF762C003AB69C /* Telescope in Frameworks */ = {isa = PBXBuildFile; productRef = 8BD13FB525FF762C003AB69C /* Telescope */; };
		8BD13FBC25FF79CD003AB69C /* Telescope in Frameworks */ = {isa = PBXBuildFile; productRef = 8BD13FBB25FF79CD003AB69C /* Telescope */; };
		8BEB85F92562FE07006144ED /* CrewSheet.swift in Sources */ = {isa = PBXBuildFile; fileRef = 8BEB85F82562FE07006144ED /* CrewSheet.swift */; };
		8BEB85FD25631B56006144ED /* AstronautSheet.swift in Sources */ = {isa = PBXBuildFile; fileRef = 8BEB85FC25631B56006144ED /* AstronautSheet.swift */; };
		8BF143E525F10C370045B95D /* Secrets.plist in Resources */ = {isa = PBXBuildFile; fileRef = 8BF143D925F10C370045B95D /* Secrets.plist */; };
		8BF143E625F10C370045B95D /* Secrets.plist in Resources */ = {isa = PBXBuildFile; fileRef = 8BF143D925F10C370045B95D /* Secrets.plist */; };
		8BF143E725F10C370045B95D /* Secrets.swift in Sources */ = {isa = PBXBuildFile; fileRef = 8BF143DA25F10C370045B95D /* Secrets.swift */; };
		8BF143E825F10C370045B95D /* Secrets.swift in Sources */ = {isa = PBXBuildFile; fileRef = 8BF143DA25F10C370045B95D /* Secrets.swift */; };
		8BF143E925F10C370045B95D /* WeatherAPI.swift in Sources */ = {isa = PBXBuildFile; fileRef = 8BF143DC25F10C370045B95D /* WeatherAPI.swift */; };
		8BF143EA25F10C370045B95D /* WeatherAPI.swift in Sources */ = {isa = PBXBuildFile; fileRef = 8BF143DC25F10C370045B95D /* WeatherAPI.swift */; };
		8BF143EB25F10C370045B95D /* Launchpad.swift in Sources */ = {isa = PBXBuildFile; fileRef = 8BF143DE25F10C370045B95D /* Launchpad.swift */; };
		8BF143EC25F10C370045B95D /* Launchpad.swift in Sources */ = {isa = PBXBuildFile; fileRef = 8BF143DE25F10C370045B95D /* Launchpad.swift */; };
		8BF143ED25F10C370045B95D /* Launch.swift in Sources */ = {isa = PBXBuildFile; fileRef = 8BF143DF25F10C370045B95D /* Launch.swift */; };
		8BF143EE25F10C370045B95D /* Launch.swift in Sources */ = {isa = PBXBuildFile; fileRef = 8BF143DF25F10C370045B95D /* Launch.swift */; };
		8BF143EF25F10C370045B95D /* Landpad.swift in Sources */ = {isa = PBXBuildFile; fileRef = 8BF143E025F10C370045B95D /* Landpad.swift */; };
		8BF143F025F10C370045B95D /* Landpad.swift in Sources */ = {isa = PBXBuildFile; fileRef = 8BF143E025F10C370045B95D /* Landpad.swift */; };
		8BF143F125F10C370045B95D /* SpaceXData.swift in Sources */ = {isa = PBXBuildFile; fileRef = 8BF143E125F10C370045B95D /* SpaceXData.swift */; };
		8BF143F225F10C370045B95D /* SpaceXData.swift in Sources */ = {isa = PBXBuildFile; fileRef = 8BF143E125F10C370045B95D /* SpaceXData.swift */; };
		8BF143F325F10C370045B95D /* Astronaut.swift in Sources */ = {isa = PBXBuildFile; fileRef = 8BF143E225F10C370045B95D /* Astronaut.swift */; };
		8BF143F425F10C370045B95D /* Astronaut.swift in Sources */ = {isa = PBXBuildFile; fileRef = 8BF143E225F10C370045B95D /* Astronaut.swift */; };
/* End PBXBuildFile section */

/* Begin PBXContainerItemProxy section */
		8B208B91258EBC6C009107EC /* PBXContainerItemProxy */ = {
			isa = PBXContainerItemProxy;
			containerPortal = 8B46A5752530CE740084E52D /* Project object */;
			proxyType = 1;
			remoteGlobalIDString = 8B208B84258EBC6A009107EC;
			remoteInfo = nextlaunchesExtension;
		};
/* End PBXContainerItemProxy section */

/* Begin PBXCopyFilesBuildPhase section */
		8B208B94258EBC6C009107EC /* Embed App Extensions */ = {
			isa = PBXCopyFilesBuildPhase;
			buildActionMask = 2147483647;
			dstPath = "";
			dstSubfolderSpec = 13;
			files = (
				8B208B93258EBC6C009107EC /* NorminalWidget.appex in Embed App Extensions */,
			);
			name = "Embed App Extensions";
			runOnlyForDeploymentPostprocessing = 0;
		};
/* End PBXCopyFilesBuildPhase section */

/* Begin PBXFileReference section */
		8B07905125F2FC41006CD9BE /* PayloadCard.swift */ = {isa = PBXFileReference; lastKnownFileType = sourcecode.swift; path = PayloadCard.swift; sourceTree = "<group>"; };
		8B0B4DC225EE511500F1C068 /* LaunchCountdownView.swift */ = {isa = PBXFileReference; lastKnownFileType = sourcecode.swift; path = LaunchCountdownView.swift; sourceTree = "<group>"; };
		8B0C25722593C38B00C169E2 /* GoogleService-Info.plist */ = {isa = PBXFileReference; fileEncoding = 4; lastKnownFileType = text.plist.xml; path = "GoogleService-Info.plist"; sourceTree = "<group>"; };
		8B0D1D75253363BF0056FACA /* MissionRecapCard.swift */ = {isa = PBXFileReference; lastKnownFileType = sourcecode.swift; path = MissionRecapCard.swift; sourceTree = "<group>"; };
		8B0D1D78253365660056FACA /* Card.swift */ = {isa = PBXFileReference; lastKnownFileType = sourcecode.swift; path = Card.swift; sourceTree = "<group>"; };
		8B17527525EDA8A300A760C5 /* Norminal.entitlements */ = {isa = PBXFileReference; lastKnownFileType = text.plist.entitlements; path = Norminal.entitlements; sourceTree = "<group>"; };
		8B17527625EDA8A300A760C5 /* NorminalWidget.entitlements */ = {isa = PBXFileReference; lastKnownFileType = text.plist.entitlements; name = NorminalWidget.entitlements; path = ../NorminalWidget.entitlements; sourceTree = "<group>"; };
		8B208B85258EBC6A009107EC /* NorminalWidget.appex */ = {isa = PBXFileReference; explicitFileType = "wrapper.app-extension"; includeInIndex = 0; path = NorminalWidget.appex; sourceTree = BUILT_PRODUCTS_DIR; };
		8B208B87258EBC6A009107EC /* WidgetKit.framework */ = {isa = PBXFileReference; lastKnownFileType = wrapper.framework; name = WidgetKit.framework; path = System/Library/Frameworks/WidgetKit.framework; sourceTree = SDKROOT; };
		8B208B89258EBC6A009107EC /* SwiftUI.framework */ = {isa = PBXFileReference; lastKnownFileType = wrapper.framework; name = SwiftUI.framework; path = System/Library/Frameworks/SwiftUI.framework; sourceTree = SDKROOT; };
		8B208B8C258EBC6A009107EC /* NextLaunches.swift */ = {isa = PBXFileReference; lastKnownFileType = sourcecode.swift; path = NextLaunches.swift; sourceTree = "<group>"; };
		8B208B90258EBC6C009107EC /* Info.plist */ = {isa = PBXFileReference; lastKnownFileType = text.plist.xml; path = Info.plist; sourceTree = "<group>"; };
		8B46A57D2530CE740084E52D /* Norminal.app */ = {isa = PBXFileReference; explicitFileType = wrapper.application; includeInIndex = 0; path = Norminal.app; sourceTree = BUILT_PRODUCTS_DIR; };
		8B46A5802530CE740084E52D /* NorminalApp.swift */ = {isa = PBXFileReference; lastKnownFileType = sourcecode.swift; path = NorminalApp.swift; sourceTree = "<group>"; };
		8B46A5822530CE740084E52D /* MainView.swift */ = {isa = PBXFileReference; lastKnownFileType = sourcecode.swift; path = MainView.swift; sourceTree = "<group>"; };
		8B46A5842530CE760084E52D /* Assets.xcassets */ = {isa = PBXFileReference; lastKnownFileType = folder.assetcatalog; path = Assets.xcassets; sourceTree = "<group>"; };
		8B46A5892530CE760084E52D /* Info.plist */ = {isa = PBXFileReference; lastKnownFileType = text.plist.xml; path = Info.plist; sourceTree = "<group>"; };
		8B46A5912530CF4D0084E52D /* LaunchListView.swift */ = {isa = PBXFileReference; lastKnownFileType = sourcecode.swift; path = LaunchListView.swift; sourceTree = "<group>"; };
		8B46A59A2530D87F0084E52D /* LaunchListTile.swift */ = {isa = PBXFileReference; lastKnownFileType = sourcecode.swift; path = LaunchListTile.swift; sourceTree = "<group>"; };
		8B46A59F253118160084E52D /* FakeData.swift */ = {isa = PBXFileReference; lastKnownFileType = sourcecode.swift; path = FakeData.swift; sourceTree = "<group>"; };
		8B4E95BD25966B8C00F9668E /* run */ = {isa = PBXFileReference; lastKnownFileType = text.script.sh; path = run; sourceTree = "<group>"; };
		8B4E95BE25966B8C00F9668E /* upload-symbols */ = {isa = PBXFileReference; lastKnownFileType = "compiled.mach-o.executable"; path = "upload-symbols"; sourceTree = "<group>"; };
		8B4E95C325966CED00F9668E /* Firebase.h */ = {isa = PBXFileReference; fileEncoding = 4; lastKnownFileType = sourcecode.c.h; path = Firebase.h; sourceTree = "<group>"; };
		8B4E95C425966CED00F9668E /* module.modulemap */ = {isa = PBXFileReference; fileEncoding = 4; lastKnownFileType = "sourcecode.module-map"; path = module.modulemap; sourceTree = "<group>"; };
		8B4E95E4259671F000F9668E /* nanopb.xcframework */ = {isa = PBXFileReference; lastKnownFileType = wrapper.xcframework; path = nanopb.xcframework; sourceTree = "<group>"; };
		8B4E95E5259671F000F9668E /* PromisesObjC.xcframework */ = {isa = PBXFileReference; lastKnownFileType = wrapper.xcframework; path = PromisesObjC.xcframework; sourceTree = "<group>"; };
		8B4E95E6259671F000F9668E /* FirebaseAnalytics.xcframework */ = {isa = PBXFileReference; lastKnownFileType = wrapper.xcframework; path = FirebaseAnalytics.xcframework; sourceTree = "<group>"; };
		8B4E95E7259671F000F9668E /* FirebaseCoreDiagnostics.xcframework */ = {isa = PBXFileReference; lastKnownFileType = wrapper.xcframework; path = FirebaseCoreDiagnostics.xcframework; sourceTree = "<group>"; };
		8B4E95E8259671F000F9668E /* FirebaseInstallations.xcframework */ = {isa = PBXFileReference; lastKnownFileType = wrapper.xcframework; path = FirebaseInstallations.xcframework; sourceTree = "<group>"; };
		8B4E95E9259671F000F9668E /* FirebaseCore.xcframework */ = {isa = PBXFileReference; lastKnownFileType = wrapper.xcframework; path = FirebaseCore.xcframework; sourceTree = "<group>"; };
		8B4E95EA259671F000F9668E /* GoogleDataTransport.xcframework */ = {isa = PBXFileReference; lastKnownFileType = wrapper.xcframework; path = GoogleDataTransport.xcframework; sourceTree = "<group>"; };
		8B4E95EB259671F000F9668E /* GoogleAppMeasurement.xcframework */ = {isa = PBXFileReference; lastKnownFileType = wrapper.xcframework; path = GoogleAppMeasurement.xcframework; sourceTree = "<group>"; };
		8B4E95EC259671F000F9668E /* GoogleUtilities.xcframework */ = {isa = PBXFileReference; lastKnownFileType = wrapper.xcframework; path = GoogleUtilities.xcframework; sourceTree = "<group>"; };
		8B4E9602259671FD00F9668E /* FirebaseCrashlytics.xcframework */ = {isa = PBXFileReference; lastKnownFileType = wrapper.xcframework; path = FirebaseCrashlytics.xcframework; sourceTree = "<group>"; };
		8B511097257ED4950097BC0D /* GallerySheet.swift */ = {isa = PBXFileReference; lastKnownFileType = sourcecode.swift; path = GallerySheet.swift; sourceTree = "<group>"; };
		8B69255A253206E900D61C3F /* LaunchDetailView.swift */ = {isa = PBXFileReference; lastKnownFileType = sourcecode.swift; path = LaunchDetailView.swift; sourceTree = "<group>"; };
		8B83E8B025376A5D002AE62B /* WebcastCard.swift */ = {isa = PBXFileReference; lastKnownFileType = sourcecode.swift; path = WebcastCard.swift; sourceTree = "<group>"; };
		8B83E8B325377270002AE62B /* RoundedButtonStyle.swift */ = {isa = PBXFileReference; lastKnownFileType = sourcecode.swift; path = RoundedButtonStyle.swift; sourceTree = "<group>"; };
		8B83E8BD25379B60002AE62B /* AstronautPicture.swift */ = {isa = PBXFileReference; lastKnownFileType = sourcecode.swift; path = AstronautPicture.swift; sourceTree = "<group>"; };
		8B919B0525F14F27007D992E /* MissionDetailsCard.swift */ = {isa = PBXFileReference; lastKnownFileType = sourcecode.swift; path = MissionDetailsCard.swift; sourceTree = "<group>"; };
		8B9255B125F2DA810059CB2E /* RocketCard.swift */ = {isa = PBXFileReference; lastKnownFileType = sourcecode.swift; path = RocketCard.swift; sourceTree = "<group>"; };
		8B9255B725F2DB4E0059CB2E /* Rocket.swift */ = {isa = PBXFileReference; lastKnownFileType = sourcecode.swift; path = Rocket.swift; sourceTree = "<group>"; };
		8BA90E12257D9AA200168722 /* GalleryCard.swift */ = {isa = PBXFileReference; lastKnownFileType = sourcecode.swift; path = GalleryCard.swift; sourceTree = "<group>"; };
		8BB5231725478833006A9511 /* CrewCard.swift */ = {isa = PBXFileReference; lastKnownFileType = sourcecode.swift; path = CrewCard.swift; sourceTree = "<group>"; };
		8BB5232025489817006A9511 /* README.md */ = {isa = PBXFileReference; lastKnownFileType = net.daringfireball.markdown; path = README.md; sourceTree = "<group>"; };
		8BB5232225489842006A9511 /* logo.png */ = {isa = PBXFileReference; lastKnownFileType = image.png; path = logo.png; sourceTree = "<group>"; };
		8BB5232A254A009B006A9511 /* CardOverlay.swift */ = {isa = PBXFileReference; lastKnownFileType = sourcecode.swift; path = CardOverlay.swift; sourceTree = "<group>"; };
		8BBEEBCD257FFDEF00EA168A /* PhotoSheet.swift */ = {isa = PBXFileReference; lastKnownFileType = sourcecode.swift; path = PhotoSheet.swift; sourceTree = "<group>"; };
		8BBEEBE2258009EC00EA168A /* PinchToZoom.swift */ = {isa = PBXFileReference; lastKnownFileType = sourcecode.swift; path = PinchToZoom.swift; sourceTree = "<group>"; };
		8BC7E6CC25672966005E4304 /* WebcastSheet.swift */ = {isa = PBXFileReference; lastKnownFileType = sourcecode.swift; path = WebcastSheet.swift; sourceTree = "<group>"; };
		8BEB85F82562FE07006144ED /* CrewSheet.swift */ = {isa = PBXFileReference; lastKnownFileType = sourcecode.swift; path = CrewSheet.swift; sourceTree = "<group>"; };
		8BEB85FC25631B56006144ED /* AstronautSheet.swift */ = {isa = PBXFileReference; lastKnownFileType = sourcecode.swift; path = AstronautSheet.swift; sourceTree = "<group>"; };
		8BF143D925F10C370045B95D /* Secrets.plist */ = {isa = PBXFileReference; fileEncoding = 4; lastKnownFileType = text.plist.xml; path = Secrets.plist; sourceTree = "<group>"; };
		8BF143DA25F10C370045B95D /* Secrets.swift */ = {isa = PBXFileReference; fileEncoding = 4; lastKnownFileType = sourcecode.swift; path = Secrets.swift; sourceTree = "<group>"; };
		8BF143DC25F10C370045B95D /* WeatherAPI.swift */ = {isa = PBXFileReference; fileEncoding = 4; lastKnownFileType = sourcecode.swift; path = WeatherAPI.swift; sourceTree = "<group>"; };
		8BF143DE25F10C370045B95D /* Launchpad.swift */ = {isa = PBXFileReference; fileEncoding = 4; lastKnownFileType = sourcecode.swift; path = Launchpad.swift; sourceTree = "<group>"; };
		8BF143DF25F10C370045B95D /* Launch.swift */ = {isa = PBXFileReference; fileEncoding = 4; lastKnownFileType = sourcecode.swift; path = Launch.swift; sourceTree = "<group>"; };
		8BF143E025F10C370045B95D /* Landpad.swift */ = {isa = PBXFileReference; fileEncoding = 4; lastKnownFileType = sourcecode.swift; path = Landpad.swift; sourceTree = "<group>"; };
		8BF143E125F10C370045B95D /* SpaceXData.swift */ = {isa = PBXFileReference; fileEncoding = 4; lastKnownFileType = sourcecode.swift; path = SpaceXData.swift; sourceTree = "<group>"; };
		8BF143E225F10C370045B95D /* Astronaut.swift */ = {isa = PBXFileReference; fileEncoding = 4; lastKnownFileType = sourcecode.swift; path = Astronaut.swift; sourceTree = "<group>"; };
/* End PBXFileReference section */

/* Begin PBXFrameworksBuildPhase section */
		8B208B82258EBC6A009107EC /* Frameworks */ = {
			isa = PBXFrameworksBuildPhase;
			buildActionMask = 2147483647;
			files = (
				8B919AE625F13CF2007D992E /* FirebaseCrashlytics.xcframework in Frameworks */,
				8B919AE025F13CF2007D992E /* FirebaseAnalytics.xcframework in Frameworks */,
				8B919AEC25F13CF2007D992E /* GoogleDataTransport.xcframework in Frameworks */,
				8B919AF225F13CF2007D992E /* PromisesObjC.xcframework in Frameworks */,
				8B919AE225F13CF2007D992E /* FirebaseCore.xcframework in Frameworks */,
				8B919AF025F13CF2007D992E /* nanopb.xcframework in Frameworks */,
				8B208B8A258EBC6A009107EC /* SwiftUI.framework in Frameworks */,
				8B919AEA25F13CF2007D992E /* GoogleAppMeasurement.xcframework in Frameworks */,
				8B919AE425F13CF2007D992E /* FirebaseCoreDiagnostics.xcframework in Frameworks */,
				8BD13FBC25FF79CD003AB69C /* Telescope in Frameworks */,
				8B208B88258EBC6A009107EC /* WidgetKit.framework in Frameworks */,
				8B919AE825F13CF2007D992E /* FirebaseInstallations.xcframework in Frameworks */,
				8B919AEE25F13CF2007D992E /* GoogleUtilities.xcframework in Frameworks */,
			);
			runOnlyForDeploymentPostprocessing = 0;
		};
		8B46A57A2530CE740084E52D /* Frameworks */ = {
			isa = PBXFrameworksBuildPhase;
			buildActionMask = 2147483647;
			files = (
				8B0D1D6F253351EA0056FACA /* VisualEffects in Frameworks */,
				8B4E95F7259671F000F9668E /* FirebaseCore.xcframework in Frameworks */,
				8B4E95F3259671F000F9668E /* FirebaseCoreDiagnostics.xcframework in Frameworks */,
				8B4E95FB259671F000F9668E /* GoogleAppMeasurement.xcframework in Frameworks */,
				8BC7E6CA256728FA005E4304 /* XCDYouTubeKit in Frameworks */,
				8B4E95EF259671F000F9668E /* PromisesObjC.xcframework in Frameworks */,
				8B4E95F9259671F000F9668E /* GoogleDataTransport.xcframework in Frameworks */,
				8B4E95ED259671F000F9668E /* nanopb.xcframework in Frameworks */,
				8B4E95FD259671F000F9668E /* GoogleUtilities.xcframework in Frameworks */,
				8BD13FB625FF762C003AB69C /* Telescope in Frameworks */,
				8B4E95F5259671F000F9668E /* FirebaseInstallations.xcframework in Frameworks */,
				8B4E9605259671FD00F9668E /* FirebaseCrashlytics.xcframework in Frameworks */,
				8B4E95F1259671F000F9668E /* FirebaseAnalytics.xcframework in Frameworks */,
				8B692558253205E800D61C3F /* NavigationSearchBar in Frameworks */,
				8B83E8A925375B10002AE62B /* SatelliteKit in Frameworks */,
			);
			runOnlyForDeploymentPostprocessing = 0;
		};
/* End PBXFrameworksBuildPhase section */

/* Begin PBXGroup section */
		8B208B86258EBC6A009107EC /* Frameworks */ = {
			isa = PBXGroup;
			children = (
				8B4E9601259671FD00F9668E /* FirebaseCrashlytics */,
				8B4E95E3259671F000F9668E /* FirebaseAnalytics */,
				8B4E95C325966CED00F9668E /* Firebase.h */,
				8B4E95C425966CED00F9668E /* module.modulemap */,
				8B208B87258EBC6A009107EC /* WidgetKit.framework */,
				8B208B89258EBC6A009107EC /* SwiftUI.framework */,
			);
			name = Frameworks;
			sourceTree = "<group>";
		};
		8B208B8B258EBC6A009107EC /* Widget */ = {
			isa = PBXGroup;
			children = (
				8B17527625EDA8A300A760C5 /* NorminalWidget.entitlements */,
				8B208B8C258EBC6A009107EC /* NextLaunches.swift */,
				8B208B90258EBC6C009107EC /* Info.plist */,
			);
			path = Widget;
			sourceTree = "<group>";
		};
		8B46A5742530CE740084E52D = {
			isa = PBXGroup;
			children = (
				8BF143D725F10C370045B95D /* Data */,
				8B4E96472597F06600F9668E /* Support Views */,
				8B46A57F2530CE740084E52D /* Norminal */,
				8BB5232125489827006A9511 /* res */,
				8B208B8B258EBC6A009107EC /* Widget */,
				8B208B86258EBC6A009107EC /* Frameworks */,
				8B46A5842530CE760084E52D /* Assets.xcassets */,
				8BB5232025489817006A9511 /* README.md */,
				8B0C25722593C38B00C169E2 /* GoogleService-Info.plist */,
			);
			sourceTree = "<group>";
		};
		8B46A57E2530CE740084E52D /* Products */ = {
			isa = PBXGroup;
			children = (
				8B46A57D2530CE740084E52D /* Norminal.app */,
				8B208B85258EBC6A009107EC /* NorminalWidget.appex */,
			);
			name = Products;
			path = ..;
			sourceTree = "<group>";
		};
		8B46A57F2530CE740084E52D /* Norminal */ = {
			isa = PBXGroup;
			children = (
				8B83E8AC253769BD002AE62B /* Views */,
				8B46A57E2530CE740084E52D /* Products */,
				8B46A5802530CE740084E52D /* NorminalApp.swift */,
				8B46A59F253118160084E52D /* FakeData.swift */,
				8B46A5892530CE760084E52D /* Info.plist */,
				8B17527525EDA8A300A760C5 /* Norminal.entitlements */,
			);
			path = Norminal;
			sourceTree = "<group>";
		};
		8B4E95BF25966BC200F9668E /* Crashlytics */ = {
			isa = PBXGroup;
			children = (
				8B4E95BD25966B8C00F9668E /* run */,
				8B4E95BE25966B8C00F9668E /* upload-symbols */,
			);
			path = Crashlytics;
			sourceTree = "<group>";
		};
		8B4E95E3259671F000F9668E /* FirebaseAnalytics */ = {
			isa = PBXGroup;
			children = (
				8B4E95E4259671F000F9668E /* nanopb.xcframework */,
				8B4E95E5259671F000F9668E /* PromisesObjC.xcframework */,
				8B4E95E6259671F000F9668E /* FirebaseAnalytics.xcframework */,
				8B4E95E7259671F000F9668E /* FirebaseCoreDiagnostics.xcframework */,
				8B4E95E8259671F000F9668E /* FirebaseInstallations.xcframework */,
				8B4E95E9259671F000F9668E /* FirebaseCore.xcframework */,
				8B4E95EA259671F000F9668E /* GoogleDataTransport.xcframework */,
				8B4E95EB259671F000F9668E /* GoogleAppMeasurement.xcframework */,
				8B4E95EC259671F000F9668E /* GoogleUtilities.xcframework */,
			);
			path = FirebaseAnalytics;
			sourceTree = "<group>";
		};
		8B4E9601259671FD00F9668E /* FirebaseCrashlytics */ = {
			isa = PBXGroup;
			children = (
				8B4E9602259671FD00F9668E /* FirebaseCrashlytics.xcframework */,
			);
			path = FirebaseCrashlytics;
			sourceTree = "<group>";
		};
		8B4E96472597F06600F9668E /* Support Views */ = {
			isa = PBXGroup;
			children = (
				8B83E8AB253769AE002AE62B /* Cards */,
				8BB5232A254A009B006A9511 /* CardOverlay.swift */,
				8B83E8BD25379B60002AE62B /* AstronautPicture.swift */,
				8B0B4DC225EE511500F1C068 /* LaunchCountdownView.swift */,
				8B0D1D75253363BF0056FACA /* MissionRecapCard.swift */,
				8BBEEBE2258009EC00EA168A /* PinchToZoom.swift */,
				8B83E8B325377270002AE62B /* RoundedButtonStyle.swift */,
				8B0D1D78253365660056FACA /* Card.swift */,
			);
			path = "Support Views";
			sourceTree = "<group>";
		};
		8B83E8AB253769AE002AE62B /* Cards */ = {
			isa = PBXGroup;
			children = (
				8B83E8B025376A5D002AE62B /* WebcastCard.swift */,
				8BB5231725478833006A9511 /* CrewCard.swift */,
				8BA90E12257D9AA200168722 /* GalleryCard.swift */,
				8B919B0525F14F27007D992E /* MissionDetailsCard.swift */,
				8B9255B125F2DA810059CB2E /* RocketCard.swift */,
				8B07905125F2FC41006CD9BE /* PayloadCard.swift */,
			);
			path = Cards;
			sourceTree = "<group>";
		};
		8B83E8AC253769BD002AE62B /* Views */ = {
			isa = PBXGroup;
			children = (
				8B46A5822530CE740084E52D /* MainView.swift */,
				8B83E8AD253769F4002AE62B /* Launch List */,
				8B83E8AE25376A07002AE62B /* Launch Detail */,
			);
			path = Views;
			sourceTree = "<group>";
		};
		8B83E8AD253769F4002AE62B /* Launch List */ = {
			isa = PBXGroup;
			children = (
				8B46A5912530CF4D0084E52D /* LaunchListView.swift */,
				8B46A59A2530D87F0084E52D /* LaunchListTile.swift */,
			);
			path = "Launch List";
			sourceTree = "<group>";
		};
		8B83E8AE25376A07002AE62B /* Launch Detail */ = {
			isa = PBXGroup;
			children = (
				8BEB85F72562FDE7006144ED /* Sheets */,
				8B69255A253206E900D61C3F /* LaunchDetailView.swift */,
			);
			path = "Launch Detail";
			sourceTree = "<group>";
		};
		8BB5232125489827006A9511 /* res */ = {
			isa = PBXGroup;
			children = (
				8B4E95BF25966BC200F9668E /* Crashlytics */,
				8BB5232225489842006A9511 /* logo.png */,
			);
			path = res;
			sourceTree = "<group>";
		};
		8BEB85F72562FDE7006144ED /* Sheets */ = {
			isa = PBXGroup;
			children = (
				8BEB85F82562FE07006144ED /* CrewSheet.swift */,
				8BEB85FC25631B56006144ED /* AstronautSheet.swift */,
				8BC7E6CC25672966005E4304 /* WebcastSheet.swift */,
				8B511097257ED4950097BC0D /* GallerySheet.swift */,
				8BBEEBCD257FFDEF00EA168A /* PhotoSheet.swift */,
			);
			path = Sheets;
			sourceTree = "<group>";
		};
		8BF143D725F10C370045B95D /* Data */ = {
			isa = PBXGroup;
			children = (
				8BF143D925F10C370045B95D /* Secrets.plist */,
				8BF143DA25F10C370045B95D /* Secrets.swift */,
				8BF143DB25F10C370045B95D /* Weather */,
				8BF143DD25F10C370045B95D /* SpaceX */,
			);
			path = Data;
			sourceTree = "<group>";
		};
		8BF143DB25F10C370045B95D /* Weather */ = {
			isa = PBXGroup;
			children = (
				8BF143DC25F10C370045B95D /* WeatherAPI.swift */,
			);
			path = Weather;
			sourceTree = "<group>";
		};
		8BF143DD25F10C370045B95D /* SpaceX */ = {
			isa = PBXGroup;
			children = (
				8BF143DE25F10C370045B95D /* Launchpad.swift */,
				8BF143DF25F10C370045B95D /* Launch.swift */,
				8BF143E025F10C370045B95D /* Landpad.swift */,
				8BF143E125F10C370045B95D /* SpaceXData.swift */,
				8BF143E225F10C370045B95D /* Astronaut.swift */,
				8B9255B725F2DB4E0059CB2E /* Rocket.swift */,
			);
			path = SpaceX;
			sourceTree = "<group>";
		};
/* End PBXGroup section */

/* Begin PBXNativeTarget section */
		8B208B84258EBC6A009107EC /* NorminalWidget */ = {
			isa = PBXNativeTarget;
			buildConfigurationList = 8B208B97258EBC6C009107EC /* Build configuration list for PBXNativeTarget "NorminalWidget" */;
			buildPhases = (
				8B208B81258EBC6A009107EC /* Sources */,
				8B208B82258EBC6A009107EC /* Frameworks */,
				8B208B83258EBC6A009107EC /* Resources */,
			);
			buildRules = (
			);
			dependencies = (
			);
			name = NorminalWidget;
			packageProductDependencies = (
				8BD13FBB25FF79CD003AB69C /* Telescope */,
			);
			productName = nextlaunchesExtension;
			productReference = 8B208B85258EBC6A009107EC /* NorminalWidget.appex */;
			productType = "com.apple.product-type.app-extension";
		};
		8B46A57C2530CE740084E52D /* Norminal */ = {
			isa = PBXNativeTarget;
			buildConfigurationList = 8B46A58C2530CE760084E52D /* Build configuration list for PBXNativeTarget "Norminal" */;
			buildPhases = (
				8B46A5792530CE740084E52D /* Sources */,
				8B46A57A2530CE740084E52D /* Frameworks */,
				8B46A57B2530CE740084E52D /* Resources */,
				8B208B94258EBC6C009107EC /* Embed App Extensions */,
				8B0C25772593CB1E00C169E2 /* Crashlytics */,
			);
			buildRules = (
			);
			dependencies = (
				8B208B92258EBC6C009107EC /* PBXTargetDependency */,
			);
			name = Norminal;
			packageProductDependencies = (
				8B692557253205E800D61C3F /* NavigationSearchBar */,
				8B0D1D6E253351EA0056FACA /* VisualEffects */,
				8B83E8A825375B10002AE62B /* SatelliteKit */,
				8BC7E6C9256728FA005E4304 /* XCDYouTubeKit */,
				8BD13FB525FF762C003AB69C /* Telescope */,
			);
			productName = Norminal;
			productReference = 8B46A57D2530CE740084E52D /* Norminal.app */;
			productType = "com.apple.product-type.application";
		};
/* End PBXNativeTarget section */

/* Begin PBXProject section */
		8B46A5752530CE740084E52D /* Project object */ = {
			isa = PBXProject;
			attributes = {
				LastSwiftUpdateCheck = 1230;
				LastUpgradeCheck = 1200;
				TargetAttributes = {
					8B208B84258EBC6A009107EC = {
						CreatedOnToolsVersion = 12.3;
					};
					8B46A57C2530CE740084E52D = {
						CreatedOnToolsVersion = 12.0.1;
					};
				};
			};
			buildConfigurationList = 8B46A5782530CE740084E52D /* Build configuration list for PBXProject "Norminal" */;
			compatibilityVersion = "Xcode 9.3";
			developmentRegion = en;
			hasScannedForEncodings = 0;
			knownRegions = (
				en,
				Base,
			);
			mainGroup = 8B46A5742530CE740084E52D;
			packageReferences = (
				8B692556253205E800D61C3F /* XCRemoteSwiftPackageReference "NavigationSearchBar" */,
				8B0D1D6D253351EA0056FACA /* XCRemoteSwiftPackageReference "VisualEffects" */,
				8B83E8A725375B10002AE62B /* XCRemoteSwiftPackageReference "SatelliteKit" */,
				8BC7E6C8256728FA005E4304 /* XCRemoteSwiftPackageReference "XCDYouTubeKit" */,
				8BD13FB425FF762C003AB69C /* XCRemoteSwiftPackageReference "telescope" */,
			);
			productRefGroup = 8B46A57E2530CE740084E52D /* Products */;
			projectDirPath = "";
			projectRoot = "";
			targets = (
				8B46A57C2530CE740084E52D /* Norminal */,
				8B208B84258EBC6A009107EC /* NorminalWidget */,
			);
		};
/* End PBXProject section */

/* Begin PBXResourcesBuildPhase section */
		8B208B83258EBC6A009107EC /* Resources */ = {
			isa = PBXResourcesBuildPhase;
			buildActionMask = 2147483647;
			files = (
				8BF143E625F10C370045B95D /* Secrets.plist in Resources */,
				8B0C25742593C38B00C169E2 /* GoogleService-Info.plist in Resources */,
			);
			runOnlyForDeploymentPostprocessing = 0;
		};
		8B46A57B2530CE740084E52D /* Resources */ = {
			isa = PBXResourcesBuildPhase;
			buildActionMask = 2147483647;
			files = (
				8BF143E525F10C370045B95D /* Secrets.plist in Resources */,
				8B46A5852530CE760084E52D /* Assets.xcassets in Resources */,
				8B0C25732593C38B00C169E2 /* GoogleService-Info.plist in Resources */,
			);
			runOnlyForDeploymentPostprocessing = 0;
		};
/* End PBXResourcesBuildPhase section */

/* Begin PBXShellScriptBuildPhase section */
		8B0C25772593CB1E00C169E2 /* Crashlytics */ = {
			isa = PBXShellScriptBuildPhase;
			buildActionMask = 12;
			files = (
			);
			inputFileListPaths = (
			);
			inputPaths = (
			);
			name = Crashlytics;
			outputFileListPaths = (
			);
			outputPaths = (
			);
			runOnlyForDeploymentPostprocessing = 0;
			shellPath = /bin/sh;
			shellScript = "\"${SRCROOT}/res/Crashlytics/upload-symbols\" -gsp ${SRCROOT}/GoogleService-Info.plist -p ios ${SRCROOT}/Norminal.app.dSYM.zip\n";
		};
/* End PBXShellScriptBuildPhase section */

/* Begin PBXSourcesBuildPhase section */
		8B208B81258EBC6A009107EC /* Sources */ = {
			isa = PBXSourcesBuildPhase;
			buildActionMask = 2147483647;
			files = (
				8BF143EC25F10C370045B95D /* Launchpad.swift in Sources */,
				8BF143F225F10C370045B95D /* SpaceXData.swift in Sources */,
				8BF143E825F10C370045B95D /* Secrets.swift in Sources */,
				8BF143EA25F10C370045B95D /* WeatherAPI.swift in Sources */,
				8BF143F025F10C370045B95D /* Landpad.swift in Sources */,
				8BF143EE25F10C370045B95D /* Launch.swift in Sources */,
				8BF143F425F10C370045B95D /* Astronaut.swift in Sources */,
				8B208B9A258ECBDB009107EC /* FakeData.swift in Sources */,
				8B208B8D258EBC6A009107EC /* NextLaunches.swift in Sources */,
			);
			runOnlyForDeploymentPostprocessing = 0;
		};
		8B46A5792530CE740084E52D /* Sources */ = {
			isa = PBXSourcesBuildPhase;
			buildActionMask = 2147483647;
			files = (
				8BF143F325F10C370045B95D /* Astronaut.swift in Sources */,
				8B919B0625F14F27007D992E /* MissionDetailsCard.swift in Sources */,
				8B46A5832530CE740084E52D /* MainView.swift in Sources */,
				8BEB85FD25631B56006144ED /* AstronautSheet.swift in Sources */,
				8BB5231825478833006A9511 /* CrewCard.swift in Sources */,
				8B69255B253206E900D61C3F /* LaunchDetailView.swift in Sources */,
				8BBEEBE3258009EC00EA168A /* PinchToZoom.swift in Sources */,
				8BBEEBCE257FFDEF00EA168A /* PhotoSheet.swift in Sources */,
				8B46A5922530CF4D0084E52D /* LaunchListView.swift in Sources */,
				8B83E8B425377270002AE62B /* RoundedButtonStyle.swift in Sources */,
				8B07905225F2FC41006CD9BE /* PayloadCard.swift in Sources */,
				8B9255B225F2DA810059CB2E /* RocketCard.swift in Sources */,
				8B83E8BE25379B60002AE62B /* AstronautPicture.swift in Sources */,
				8BF143ED25F10C370045B95D /* Launch.swift in Sources */,
				8B511098257ED4950097BC0D /* GallerySheet.swift in Sources */,
				8B9255B825F2DB4E0059CB2E /* Rocket.swift in Sources */,
				8B0B4DC325EE511500F1C068 /* LaunchCountdownView.swift in Sources */,
				8BF143F125F10C370045B95D /* SpaceXData.swift in Sources */,
				8B46A5A0253118160084E52D /* FakeData.swift in Sources */,
				8BC7E6CD25672966005E4304 /* WebcastSheet.swift in Sources */,
				8BEB85F92562FE07006144ED /* CrewSheet.swift in Sources */,
				8BA90E13257D9AA200168722 /* GalleryCard.swift in Sources */,
				8B83E8B125376A5D002AE62B /* WebcastCard.swift in Sources */,
				8B46A5812530CE740084E52D /* NorminalApp.swift in Sources */,
				8BF143EB25F10C370045B95D /* Launchpad.swift in Sources */,
				8B0D1D79253365660056FACA /* Card.swift in Sources */,
				8B0D1D76253363BF0056FACA /* MissionRecapCard.swift in Sources */,
				8BF143E725F10C370045B95D /* Secrets.swift in Sources */,
				8BF143E925F10C370045B95D /* WeatherAPI.swift in Sources */,
				8BF143EF25F10C370045B95D /* Landpad.swift in Sources */,
				8B46A59B2530D87F0084E52D /* LaunchListTile.swift in Sources */,
				8BB5232B254A009B006A9511 /* CardOverlay.swift in Sources */,
			);
			runOnlyForDeploymentPostprocessing = 0;
		};
/* End PBXSourcesBuildPhase section */

/* Begin PBXTargetDependency section */
		8B208B92258EBC6C009107EC /* PBXTargetDependency */ = {
			isa = PBXTargetDependency;
			target = 8B208B84258EBC6A009107EC /* NorminalWidget */;
			targetProxy = 8B208B91258EBC6C009107EC /* PBXContainerItemProxy */;
		};
/* End PBXTargetDependency section */

/* Begin XCBuildConfiguration section */
		8B208B95258EBC6C009107EC /* Debug */ = {
			isa = XCBuildConfiguration;
			buildSettings = {
				ASSETCATALOG_COMPILER_GLOBAL_ACCENT_COLOR_NAME = AccentColor;
				ASSETCATALOG_COMPILER_WIDGET_BACKGROUND_COLOR_NAME = WidgetBackground;
				CODE_SIGN_ENTITLEMENTS = NorminalWidget.entitlements;
				CODE_SIGN_IDENTITY = "Apple Development";
				CODE_SIGN_STYLE = Automatic;
				CURRENT_PROJECT_VERSION = 130;
				DEBUG_INFORMATION_FORMAT = "dwarf-with-dsym";
				DEVELOPMENT_TEAM = BZTVD28H6K;
				INFOPLIST_FILE = Widget/Info.plist;
				IPHONEOS_DEPLOYMENT_TARGET = 14.3;
				LD_RUNPATH_SEARCH_PATHS = (
					"$(inherited)",
					"@executable_path/Frameworks",
					"@executable_path/../../Frameworks",
				);
				OTHER_LDFLAGS = "-ObjC";
				PRODUCT_BUNDLE_IDENTIFIER = com.persello.norminal.widget;
				PRODUCT_NAME = "$(TARGET_NAME)";
				PROVISIONING_PROFILE_SPECIFIER = "";
				SKIP_INSTALL = YES;
				SUPPORTS_MACCATALYST = NO;
				SUPPORTS_MAC_DESIGNED_FOR_IPHONE_IPAD = NO;
				SWIFT_VERSION = 5.0;
				TARGETED_DEVICE_FAMILY = "1,2";
				USER_HEADER_SEARCH_PATHS = "$(SRCROOT)";
			};
			name = Debug;
		};
		8B208B96258EBC6C009107EC /* Release */ = {
			isa = XCBuildConfiguration;
			buildSettings = {
				ASSETCATALOG_COMPILER_GLOBAL_ACCENT_COLOR_NAME = AccentColor;
				ASSETCATALOG_COMPILER_WIDGET_BACKGROUND_COLOR_NAME = WidgetBackground;
				CODE_SIGN_ENTITLEMENTS = NorminalWidget.entitlements;
				CODE_SIGN_IDENTITY = "Apple Development";
				CODE_SIGN_STYLE = Automatic;
				CURRENT_PROJECT_VERSION = 130;
				DEVELOPMENT_TEAM = BZTVD28H6K;
				INFOPLIST_FILE = Widget/Info.plist;
				IPHONEOS_DEPLOYMENT_TARGET = 14.3;
				LD_RUNPATH_SEARCH_PATHS = (
					"$(inherited)",
					"@executable_path/Frameworks",
					"@executable_path/../../Frameworks",
				);
				OTHER_LDFLAGS = "-ObjC";
				PRODUCT_BUNDLE_IDENTIFIER = com.persello.norminal.widget;
				PRODUCT_NAME = "$(TARGET_NAME)";
				PROVISIONING_PROFILE_SPECIFIER = "";
				SKIP_INSTALL = YES;
				SUPPORTS_MACCATALYST = NO;
				SUPPORTS_MAC_DESIGNED_FOR_IPHONE_IPAD = NO;
				SWIFT_VERSION = 5.0;
				TARGETED_DEVICE_FAMILY = "1,2";
				USER_HEADER_SEARCH_PATHS = "$(SRCROOT)";
			};
			name = Release;
		};
		8B46A58A2530CE760084E52D /* Debug */ = {
			isa = XCBuildConfiguration;
			buildSettings = {
				ALWAYS_SEARCH_USER_PATHS = YES;
				CLANG_ANALYZER_NONNULL = YES;
				CLANG_ANALYZER_NUMBER_OBJECT_CONVERSION = YES_AGGRESSIVE;
				CLANG_CXX_LANGUAGE_STANDARD = "gnu++14";
				CLANG_CXX_LIBRARY = "libc++";
				CLANG_ENABLE_MODULES = YES;
				CLANG_ENABLE_OBJC_ARC = YES;
				CLANG_ENABLE_OBJC_WEAK = YES;
				CLANG_WARN_BLOCK_CAPTURE_AUTORELEASING = YES;
				CLANG_WARN_BOOL_CONVERSION = YES;
				CLANG_WARN_COMMA = YES;
				CLANG_WARN_CONSTANT_CONVERSION = YES;
				CLANG_WARN_DEPRECATED_OBJC_IMPLEMENTATIONS = YES;
				CLANG_WARN_DIRECT_OBJC_ISA_USAGE = YES_ERROR;
				CLANG_WARN_DOCUMENTATION_COMMENTS = YES;
				CLANG_WARN_EMPTY_BODY = YES;
				CLANG_WARN_ENUM_CONVERSION = YES;
				CLANG_WARN_INFINITE_RECURSION = YES;
				CLANG_WARN_INT_CONVERSION = YES;
				CLANG_WARN_NON_LITERAL_NULL_CONVERSION = YES;
				CLANG_WARN_OBJC_IMPLICIT_RETAIN_SELF = YES;
				CLANG_WARN_OBJC_LITERAL_CONVERSION = YES;
				CLANG_WARN_OBJC_ROOT_CLASS = YES_ERROR;
				CLANG_WARN_QUOTED_INCLUDE_IN_FRAMEWORK_HEADER = YES;
				CLANG_WARN_RANGE_LOOP_ANALYSIS = YES;
				CLANG_WARN_STRICT_PROTOTYPES = YES;
				CLANG_WARN_SUSPICIOUS_MOVE = YES;
				CLANG_WARN_UNGUARDED_AVAILABILITY = YES_AGGRESSIVE;
				CLANG_WARN_UNREACHABLE_CODE = YES;
				CLANG_WARN__DUPLICATE_METHOD_MATCH = YES;
				COPY_PHASE_STRIP = NO;
				DEBUG_INFORMATION_FORMAT = dwarf;
				ENABLE_STRICT_OBJC_MSGSEND = YES;
				ENABLE_TESTABILITY = YES;
				FRAMEWORK_SEARCH_PATHS = "$(inherited)";
				GCC_C_LANGUAGE_STANDARD = gnu11;
				GCC_DYNAMIC_NO_PIC = NO;
				GCC_NO_COMMON_BLOCKS = YES;
				GCC_OPTIMIZATION_LEVEL = 0;
				GCC_PREPROCESSOR_DEFINITIONS = (
					"DEBUG=1",
					"$(inherited)",
				);
				GCC_WARN_64_TO_32_BIT_CONVERSION = YES;
				GCC_WARN_ABOUT_RETURN_TYPE = YES_ERROR;
				GCC_WARN_UNDECLARED_SELECTOR = YES;
				GCC_WARN_UNINITIALIZED_AUTOS = YES_AGGRESSIVE;
				GCC_WARN_UNUSED_FUNCTION = YES;
				GCC_WARN_UNUSED_VARIABLE = YES;
				IPHONEOS_DEPLOYMENT_TARGET = 14.0;
				MTL_ENABLE_DEBUG_INFO = INCLUDE_SOURCE;
				MTL_FAST_MATH = YES;
				ONLY_ACTIVE_ARCH = YES;
				OTHER_LDFLAGS = "-ObjC";
				SDKROOT = iphoneos;
				SWIFT_ACTIVE_COMPILATION_CONDITIONS = DEBUG;
				SWIFT_OPTIMIZATION_LEVEL = "-Onone";
				USER_HEADER_SEARCH_PATHS = "$(SRCROOT)";
			};
			name = Debug;
		};
		8B46A58B2530CE760084E52D /* Release */ = {
			isa = XCBuildConfiguration;
			buildSettings = {
				ALWAYS_SEARCH_USER_PATHS = YES;
				CLANG_ANALYZER_NONNULL = YES;
				CLANG_ANALYZER_NUMBER_OBJECT_CONVERSION = YES_AGGRESSIVE;
				CLANG_CXX_LANGUAGE_STANDARD = "gnu++14";
				CLANG_CXX_LIBRARY = "libc++";
				CLANG_ENABLE_MODULES = YES;
				CLANG_ENABLE_OBJC_ARC = YES;
				CLANG_ENABLE_OBJC_WEAK = YES;
				CLANG_WARN_BLOCK_CAPTURE_AUTORELEASING = YES;
				CLANG_WARN_BOOL_CONVERSION = YES;
				CLANG_WARN_COMMA = YES;
				CLANG_WARN_CONSTANT_CONVERSION = YES;
				CLANG_WARN_DEPRECATED_OBJC_IMPLEMENTATIONS = YES;
				CLANG_WARN_DIRECT_OBJC_ISA_USAGE = YES_ERROR;
				CLANG_WARN_DOCUMENTATION_COMMENTS = YES;
				CLANG_WARN_EMPTY_BODY = YES;
				CLANG_WARN_ENUM_CONVERSION = YES;
				CLANG_WARN_INFINITE_RECURSION = YES;
				CLANG_WARN_INT_CONVERSION = YES;
				CLANG_WARN_NON_LITERAL_NULL_CONVERSION = YES;
				CLANG_WARN_OBJC_IMPLICIT_RETAIN_SELF = YES;
				CLANG_WARN_OBJC_LITERAL_CONVERSION = YES;
				CLANG_WARN_OBJC_ROOT_CLASS = YES_ERROR;
				CLANG_WARN_QUOTED_INCLUDE_IN_FRAMEWORK_HEADER = YES;
				CLANG_WARN_RANGE_LOOP_ANALYSIS = YES;
				CLANG_WARN_STRICT_PROTOTYPES = YES;
				CLANG_WARN_SUSPICIOUS_MOVE = YES;
				CLANG_WARN_UNGUARDED_AVAILABILITY = YES_AGGRESSIVE;
				CLANG_WARN_UNREACHABLE_CODE = YES;
				CLANG_WARN__DUPLICATE_METHOD_MATCH = YES;
				COPY_PHASE_STRIP = NO;
				DEBUG_INFORMATION_FORMAT = "dwarf-with-dsym";
				ENABLE_NS_ASSERTIONS = NO;
				ENABLE_STRICT_OBJC_MSGSEND = YES;
				FRAMEWORK_SEARCH_PATHS = "$(inherited)";
				GCC_C_LANGUAGE_STANDARD = gnu11;
				GCC_NO_COMMON_BLOCKS = YES;
				GCC_WARN_64_TO_32_BIT_CONVERSION = YES;
				GCC_WARN_ABOUT_RETURN_TYPE = YES_ERROR;
				GCC_WARN_UNDECLARED_SELECTOR = YES;
				GCC_WARN_UNINITIALIZED_AUTOS = YES_AGGRESSIVE;
				GCC_WARN_UNUSED_FUNCTION = YES;
				GCC_WARN_UNUSED_VARIABLE = YES;
				IPHONEOS_DEPLOYMENT_TARGET = 14.0;
				MTL_ENABLE_DEBUG_INFO = NO;
				MTL_FAST_MATH = YES;
				OTHER_LDFLAGS = "-ObjC";
				SDKROOT = iphoneos;
				SWIFT_COMPILATION_MODE = wholemodule;
				SWIFT_OPTIMIZATION_LEVEL = "-O";
				USER_HEADER_SEARCH_PATHS = "$(SRCROOT)";
				VALIDATE_PRODUCT = YES;
			};
			name = Release;
		};
		8B46A58D2530CE760084E52D /* Debug */ = {
			isa = XCBuildConfiguration;
			buildSettings = {
				ALWAYS_EMBED_SWIFT_STANDARD_LIBRARIES = YES;
				ASSETCATALOG_COMPILER_APPICON_NAME = AppIcon;
				ASSETCATALOG_COMPILER_GLOBAL_ACCENT_COLOR_NAME = AccentColor;
				CODE_SIGN_ENTITLEMENTS = Norminal/Norminal.entitlements;
				CODE_SIGN_STYLE = Automatic;
				CURRENT_PROJECT_VERSION = 130;
				DEBUG_INFORMATION_FORMAT = "dwarf-with-dsym";
				DEVELOPMENT_ASSET_PATHS = "";
				DEVELOPMENT_TEAM = BZTVD28H6K;
				ENABLE_PREVIEWS = YES;
				INFOPLIST_FILE = Norminal/Info.plist;
				IPHONEOS_DEPLOYMENT_TARGET = 14.3;
				LD_RUNPATH_SEARCH_PATHS = (
					"$(inherited)",
					"@executable_path/Frameworks",
				);
				OTHER_LDFLAGS = "-ObjC";
				PRODUCT_BUNDLE_IDENTIFIER = com.persello.norminal;
				PRODUCT_NAME = "$(TARGET_NAME)";
				SUPPORTS_MACCATALYST = NO;
				SUPPORTS_MAC_DESIGNED_FOR_IPHONE_IPAD = NO;
				SWIFT_VERSION = 5.0;
				TARGETED_DEVICE_FAMILY = "1,2";
				USER_HEADER_SEARCH_PATHS = "$(SRCROOT)";
				VERSIONING_SYSTEM = "apple-generic";
			};
			name = Debug;
		};
		8B46A58E2530CE760084E52D /* Release */ = {
			isa = XCBuildConfiguration;
			buildSettings = {
				ALWAYS_EMBED_SWIFT_STANDARD_LIBRARIES = YES;
				ASSETCATALOG_COMPILER_APPICON_NAME = AppIcon;
				ASSETCATALOG_COMPILER_GLOBAL_ACCENT_COLOR_NAME = AccentColor;
				CODE_SIGN_ENTITLEMENTS = Norminal/Norminal.entitlements;
				CODE_SIGN_STYLE = Automatic;
				CURRENT_PROJECT_VERSION = 130;
				DEVELOPMENT_ASSET_PATHS = "";
				DEVELOPMENT_TEAM = BZTVD28H6K;
				ENABLE_PREVIEWS = YES;
				INFOPLIST_FILE = Norminal/Info.plist;
				IPHONEOS_DEPLOYMENT_TARGET = 14.3;
				LD_RUNPATH_SEARCH_PATHS = (
					"$(inherited)",
					"@executable_path/Frameworks",
				);
				OTHER_LDFLAGS = "-ObjC";
				PRODUCT_BUNDLE_IDENTIFIER = com.persello.norminal;
				PRODUCT_NAME = "$(TARGET_NAME)";
				SUPPORTS_MACCATALYST = NO;
				SUPPORTS_MAC_DESIGNED_FOR_IPHONE_IPAD = NO;
				SWIFT_VERSION = 5.0;
				TARGETED_DEVICE_FAMILY = "1,2";
				USER_HEADER_SEARCH_PATHS = "$(SRCROOT)";
				VERSIONING_SYSTEM = "apple-generic";
			};
			name = Release;
		};
/* End XCBuildConfiguration section */

/* Begin XCConfigurationList section */
		8B208B97258EBC6C009107EC /* Build configuration list for PBXNativeTarget "NorminalWidget" */ = {
			isa = XCConfigurationList;
			buildConfigurations = (
				8B208B95258EBC6C009107EC /* Debug */,
				8B208B96258EBC6C009107EC /* Release */,
			);
			defaultConfigurationIsVisible = 0;
			defaultConfigurationName = Release;
		};
		8B46A5782530CE740084E52D /* Build configuration list for PBXProject "Norminal" */ = {
			isa = XCConfigurationList;
			buildConfigurations = (
				8B46A58A2530CE760084E52D /* Debug */,
				8B46A58B2530CE760084E52D /* Release */,
			);
			defaultConfigurationIsVisible = 0;
			defaultConfigurationName = Release;
		};
		8B46A58C2530CE760084E52D /* Build configuration list for PBXNativeTarget "Norminal" */ = {
			isa = XCConfigurationList;
			buildConfigurations = (
				8B46A58D2530CE760084E52D /* Debug */,
				8B46A58E2530CE760084E52D /* Release */,
			);
			defaultConfigurationIsVisible = 0;
			defaultConfigurationName = Release;
		};
/* End XCConfigurationList section */

/* Begin XCRemoteSwiftPackageReference section */
		8B0D1D6D253351EA0056FACA /* XCRemoteSwiftPackageReference "VisualEffects" */ = {
			isa = XCRemoteSwiftPackageReference;
			repositoryURL = "https://github.com/twostraws/VisualEffects";
			requirement = {
				kind = upToNextMajorVersion;
				minimumVersion = 1.0.3;
			};
		};
		8B692556253205E800D61C3F /* XCRemoteSwiftPackageReference "NavigationSearchBar" */ = {
			isa = XCRemoteSwiftPackageReference;
			repositoryURL = "https://github.com/markvanwijnen/NavigationSearchBar.git";
			requirement = {
				kind = upToNextMajorVersion;
				minimumVersion = 1.0.0;
			};
		};
		8B83E8A725375B10002AE62B /* XCRemoteSwiftPackageReference "SatelliteKit" */ = {
			isa = XCRemoteSwiftPackageReference;
			repositoryURL = "https://github.com/gavineadie/SatelliteKit.git";
			requirement = {
				kind = upToNextMajorVersion;
				minimumVersion = 1.0.25;
			};
		};
		8BC7E6C8256728FA005E4304 /* XCRemoteSwiftPackageReference "XCDYouTubeKit" */ = {
			isa = XCRemoteSwiftPackageReference;
			repositoryURL = "https://github.com/0xced/XCDYouTubeKit.git";
			requirement = {
				kind = upToNextMajorVersion;
				minimumVersion = 2.15.0;
			};
		};
		8BD13FB425FF762C003AB69C /* XCRemoteSwiftPackageReference "telescope" */ = {
			isa = XCRemoteSwiftPackageReference;
			repositoryURL = "https://github.com/persello/telescope";
			requirement = {
				branch = develop;
				kind = branch;
			};
		};
/* End XCRemoteSwiftPackageReference section */

/* Begin XCSwiftPackageProductDependency section */
		8B0D1D6E253351EA0056FACA /* VisualEffects */ = {
			isa = XCSwiftPackageProductDependency;
			package = 8B0D1D6D253351EA0056FACA /* XCRemoteSwiftPackageReference "VisualEffects" */;
			productName = VisualEffects;
		};
		8B692557253205E800D61C3F /* NavigationSearchBar */ = {
			isa = XCSwiftPackageProductDependency;
			package = 8B692556253205E800D61C3F /* XCRemoteSwiftPackageReference "NavigationSearchBar" */;
			productName = NavigationSearchBar;
		};
		8B83E8A825375B10002AE62B /* SatelliteKit */ = {
			isa = XCSwiftPackageProductDependency;
			package = 8B83E8A725375B10002AE62B /* XCRemoteSwiftPackageReference "SatelliteKit" */;
			productName = SatelliteKit;
		};
		8BC7E6C9256728FA005E4304 /* XCDYouTubeKit */ = {
			isa = XCSwiftPackageProductDependency;
			package = 8BC7E6C8256728FA005E4304 /* XCRemoteSwiftPackageReference "XCDYouTubeKit" */;
			productName = XCDYouTubeKit;
		};
		8BD13FB525FF762C003AB69C /* Telescope */ = {
			isa = XCSwiftPackageProductDependency;
			package = 8BD13FB425FF762C003AB69C /* XCRemoteSwiftPackageReference "telescope" */;
			productName = Telescope;
		};
		8BD13FBB25FF79CD003AB69C /* Telescope */ = {
			isa = XCSwiftPackageProductDependency;
			package = 8BD13FB425FF762C003AB69C /* XCRemoteSwiftPackageReference "telescope" */;
			productName = Telescope;
		};
/* End XCSwiftPackageProductDependency section */
	};
	rootObject = 8B46A5752530CE740084E52D /* Project object */;
}
