{
  "object": {
    "pins": [
      {
        "package": "NavigationSearchBar",
        "repositoryURL": "https://github.com/markvanwijnen/NavigationSearchBar.git",
        "state": {
          "branch": null,
          "revision": "592c422c9e6b86ed50ed6d2844e0b1068032fb81",
          "version": "1.1.0"
        }
      },
      {
        "package": "SatelliteKit",
        "repositoryURL": "https://github.com/gavineadie/SatelliteKit.git",
        "state": {
          "branch": null,
          "revision": "af37b2c5c05365e0749681f3ce99a0f028be9468",
          "version": "1.0.27"
        }
      },
      {
        "package": "Telescope",
        "repositoryURL": "https://github.com/persello/telescope",
        "state": {
          "branch": null,
          "revision": "5e89fd9858d0e028b2bba41c9abdd5fb6d70b8b6",
          "version": "1.1.3"
        }
      },
      {
        "package": "VisualEffects",
        "repositoryURL": "https://github.com/twostraws/VisualEffects",
        "state": {
          "branch": null,
          "revision": "8ff7f90f9650d9db5774275d0b1f07ef642ecf4d",
          "version": "1.0.3"
        }
      },
      {
        "package": "XCDYouTubeKit",
        "repositoryURL": "https://github.com/0xced/XCDYouTubeKit.git",
        "state": {
          "branch": null,
          "revision": "23f765941b36d6d28215ab81a37af1039d29138b",
          "version": "2.15.2"
        }
      }
    ]
  },
  "version": 1
}
